{
  "version": 4,
  "terraform_version": "1.13.5",
  "serial": 550,
  "lineage": "88009a2e-9086-6e11-5b13-94b1177a1235",
  "outputs": {
    "alb_dns_name": {
      "value": "sonarqube-alb-internet-1872327913.us-east-1.elb.amazonaws.com",
      "type": "string"
    },
    "aws_private_instance_ip": {
      "value": [
        "10.0.4.140",
        "10.0.3.235"
      ],
      "type": [
        "tuple",
        [
          "string",
          "string"
        ]
      ]
    },
    "public_ip_of_bastion": {
      "value": "54.85.8.53",
      "type": "string"
    },
    "user": {
      "value": [
        "ubuntu",
        "ubuntu"
      ],
      "type": [
        "tuple",
        [
          "string",
          "string"
        ]
      ]
    },
    "vpc_id": {
      "value": "vpc-04d1233a819e0e5e2",
      "type": "string"
    }
  },
  "resources": [
    {
      "mode": "data",
      "type": "aws_route_tables",
      "name": "existing_vpc_rts",
      "provider": "provider[\"registry.terraform.io/hashicorp/aws\"]",
      "instances": [
        {
          "schema_version": 0,
          "attributes": {
            "filter": null,
            "id": "us-east-1",
            "ids": [
              "rtb-01e58b2f25c2da6aa",
              "rtb-03740b0772a667c35",
              "rtb-04152d1c7b3c2ff52",
              "rtb-04556671853ad6709"
            ],
            "region": "us-east-1",
            "tags": null,
            "timeouts": null,
            "vpc_id": "vpc-00f02dc789ed26995"
          },
          "sensitive_attributes": [],
          "identity_schema_version": 0
        }
      ]
    },
    {
      "mode": "data",
      "type": "aws_vpc",
      "name": "existing_vpc",
      "provider": "provider[\"registry.terraform.io/hashicorp/aws\"]",
      "instances": [
        {
          "schema_version": 0,
          "attributes": {
            "arn": "arn:aws:ec2:us-east-1:258675983086:vpc/vpc-00f02dc789ed26995",
            "cidr_block": "173.0.0.0/16",
            "cidr_block_associations": [
              {
                "association_id": "vpc-cidr-assoc-0359fa0037bab6de8",
                "cidr_block": "173.0.0.0/16",
                "state": "associated"
              }
            ],
            "default": false,
            "dhcp_options_id": "dopt-01b58f3750b963cc1",
            "enable_dns_hostnames": true,
            "enable_dns_support": true,
            "enable_network_address_usage_metrics": false,
            "filter": [
              {
                "name": "tag:Name",
                "values": [
                  "project-vpc"
                ]
              }
            ],
            "id": "vpc-00f02dc789ed26995",
            "instance_tenancy": "default",
            "ipv6_association_id": "",
            "ipv6_cidr_block": "",
            "main_route_table_id": "rtb-01e58b2f25c2da6aa",
            "owner_id": "258675983086",
            "region": "us-east-1",
            "state": null,
            "tags": {
              "Name": "project-vpc",
              "access": "public",
              "connection": "peering_connection_giver",
              "created_by": "mukesh"
            },
            "timeouts": null
          },
          "sensitive_attributes": [],
          "identity_schema_version": 0
        }
      ]
    },
    {
      "module": "module.alb",
      "mode": "managed",
      "type": "aws_lb",
      "name": "alb",
      "provider": "provider[\"registry.terraform.io/hashicorp/aws\"]",
      "instances": [
        {
          "schema_version": 0,
          "attributes": {
            "access_logs": [
              {
                "bucket": "",
                "enabled": false,
                "prefix": ""
              }
            ],
            "arn": "arn:aws:elasticloadbalancing:us-east-1:258675983086:loadbalancer/app/sonarqube-alb-internet/1e1e3531add71b53",
            "arn_suffix": "app/sonarqube-alb-internet/1e1e3531add71b53",
            "client_keep_alive": 3600,
            "connection_logs": [
              {
                "bucket": "",
                "enabled": false,
                "prefix": ""
              }
            ],
            "customer_owned_ipv4_pool": "",
            "desync_mitigation_mode": "defensive",
            "dns_name": "sonarqube-alb-internet-1872327913.us-east-1.elb.amazonaws.com",
            "dns_record_client_routing_policy": null,
            "drop_invalid_header_fields": false,
            "enable_cross_zone_load_balancing": true,
            "enable_deletion_protection": false,
            "enable_http2": true,
            "enable_tls_version_and_cipher_suite_headers": false,
            "enable_waf_fail_open": false,
            "enable_xff_client_port": false,
            "enable_zonal_shift": false,
            "enforce_security_group_inbound_rules_on_private_link_traffic": "",
            "id": "arn:aws:elasticloadbalancing:us-east-1:258675983086:loadbalancer/app/sonarqube-alb-internet/1e1e3531add71b53",
            "idle_timeout": 60,
            "internal": false,
            "ip_address_type": "ipv4",
            "ipam_pools": [],
            "load_balancer_type": "application",
            "minimum_load_balancer_capacity": [],
            "name": "sonarqube-alb-internet",
            "name_prefix": "",
            "preserve_host_header": false,
            "region": "us-east-1",
            "secondary_ips_auto_assigned_per_subnet": null,
            "security_groups": [
              "sg-0aeb62b7925ad25f5"
            ],
            "subnet_mapping": [
              {
                "allocation_id": "",
                "ipv6_address": "",
                "outpost_id": "",
                "private_ipv4_address": "",
                "subnet_id": "subnet-035873b8d3d902b6b"
              },
              {
                "allocation_id": "",
                "ipv6_address": "",
                "outpost_id": "",
                "private_ipv4_address": "",
                "subnet_id": "subnet-0542cab357678e3c6"
              }
            ],
            "subnets": [
              "subnet-035873b8d3d902b6b",
              "subnet-0542cab357678e3c6"
            ],
            "tags": {
              "Name": "sonarqube-alb-intenet-facing",
              "type": "load balancer"
            },
            "tags_all": {
              "Name": "sonarqube-alb-intenet-facing",
              "type": "load balancer"
            },
            "timeouts": null,
            "vpc_id": "vpc-04d1233a819e0e5e2",
            "xff_header_processing_mode": "append",
            "zone_id": "Z35SXDOTRQ7X7K"
          },
          "sensitive_attributes": [],
          "identity_schema_version": 0,
          "identity": {
            "arn": "arn:aws:elasticloadbalancing:us-east-1:258675983086:loadbalancer/app/sonarqube-alb-internet/1e1e3531add71b53"
          },
          "private": "eyJlMmJmYjczMC1lY2FhLTExZTYtOGY4OC0zNDM2M2JjN2M0YzAiOnsiY3JlYXRlIjo2MDAwMDAwMDAwMDAsImRlbGV0ZSI6NjAwMDAwMDAwMDAwLCJ1cGRhdGUiOjYwMDAwMDAwMDAwMH19",
          "dependencies": [
            "module.security.aws_security_group.public_sg",
            "module.vpc.aws_subnet.public_a",
            "module.vpc.aws_subnet.public_b",
            "module.vpc.aws_vpc.sonarqube_vpc"
          ]
        }
      ]
    },
    {
      "module": "module.alb",
      "mode": "managed",
      "type": "aws_lb_listener",
      "name": "listener",
      "provider": "provider[\"registry.terraform.io/hashicorp/aws\"]",
      "instances": [
        {
          "schema_version": 0,
          "attributes": {
            "alpn_policy": null,
            "arn": "arn:aws:elasticloadbalancing:us-east-1:258675983086:listener/app/sonarqube-alb-internet/1e1e3531add71b53/c2d1588f41765590",
            "certificate_arn": null,
            "default_action": [
              {
                "authenticate_cognito": [],
                "authenticate_oidc": [],
                "fixed_response": [],
                "forward": [],
                "order": 1,
                "redirect": [],
                "target_group_arn": "arn:aws:elasticloadbalancing:us-east-1:258675983086:targetgroup/sonarqube-tg/2011cf1d5948376e",
                "type": "forward"
              }
            ],
            "id": "arn:aws:elasticloadbalancing:us-east-1:258675983086:listener/app/sonarqube-alb-internet/1e1e3531add71b53/c2d1588f41765590",
            "load_balancer_arn": "arn:aws:elasticloadbalancing:us-east-1:258675983086:loadbalancer/app/sonarqube-alb-internet/1e1e3531add71b53",
            "mutual_authentication": [],
            "port": 80,
            "protocol": "HTTP",
            "region": "us-east-1",
            "routing_http_request_x_amzn_mtls_clientcert_header_name": null,
            "routing_http_request_x_amzn_mtls_clientcert_issuer_header_name": null,
            "routing_http_request_x_amzn_mtls_clientcert_leaf_header_name": null,
            "routing_http_request_x_amzn_mtls_clientcert_serial_number_header_name": null,
            "routing_http_request_x_amzn_mtls_clientcert_subject_header_name": null,
            "routing_http_request_x_amzn_mtls_clientcert_validity_header_name": null,
            "routing_http_request_x_amzn_tls_cipher_suite_header_name": null,
            "routing_http_request_x_amzn_tls_version_header_name": null,
            "routing_http_response_access_control_allow_credentials_header_value": "",
            "routing_http_response_access_control_allow_headers_header_value": "",
            "routing_http_response_access_control_allow_methods_header_value": "",
            "routing_http_response_access_control_allow_origin_header_value": "",
            "routing_http_response_access_control_expose_headers_header_value": "",
            "routing_http_response_access_control_max_age_header_value": "",
            "routing_http_response_content_security_policy_header_value": "",
            "routing_http_response_server_enabled": true,
            "routing_http_response_strict_transport_security_header_value": "",
            "routing_http_response_x_content_type_options_header_value": "",
            "routing_http_response_x_frame_options_header_value": "",
            "ssl_policy": "",
            "tags": {},
            "tags_all": {},
            "tcp_idle_timeout_seconds": null,
            "timeouts": null
          },
          "sensitive_attributes": [],
          "identity_schema_version": 0,
          "identity": {
            "arn": "arn:aws:elasticloadbalancing:us-east-1:258675983086:listener/app/sonarqube-alb-internet/1e1e3531add71b53/c2d1588f41765590"
          },
          "private": "eyJlMmJmYjczMC1lY2FhLTExZTYtOGY4OC0zNDM2M2JjN2M0YzAiOnsiY3JlYXRlIjozMDAwMDAwMDAwMDAsInVwZGF0ZSI6MzAwMDAwMDAwMDAwfX0=",
          "dependencies": [
            "module.alb.aws_lb.alb",
            "module.alb.aws_lb_target_group.tg",
            "module.security.aws_security_group.public_sg",
            "module.vpc.aws_subnet.public_a",
            "module.vpc.aws_subnet.public_b",
            "module.vpc.aws_vpc.sonarqube_vpc"
          ]
        }
      ]
    },
    {
      "module": "module.alb",
      "mode": "managed",
      "type": "aws_lb_target_group",
      "name": "tg",
      "provider": "provider[\"registry.terraform.io/hashicorp/aws\"]",
      "instances": [
        {
          "schema_version": 0,
          "attributes": {
            "arn": "arn:aws:elasticloadbalancing:us-east-1:258675983086:targetgroup/sonarqube-tg/2011cf1d5948376e",
            "arn_suffix": "targetgroup/sonarqube-tg/2011cf1d5948376e",
            "connection_termination": null,
            "deregistration_delay": "300",
            "health_check": [
              {
                "enabled": true,
                "healthy_threshold": 3,
                "interval": 30,
                "matcher": "200",
                "path": "/",
                "port": "9000",
                "protocol": "HTTP",
                "timeout": 5,
                "unhealthy_threshold": 3
              }
            ],
            "id": "arn:aws:elasticloadbalancing:us-east-1:258675983086:targetgroup/sonarqube-tg/2011cf1d5948376e",
            "ip_address_type": "ipv4",
            "lambda_multi_value_headers_enabled": false,
            "load_balancer_arns": [
              "arn:aws:elasticloadbalancing:us-east-1:258675983086:loadbalancer/app/sonarqube-alb-internet/1e1e3531add71b53"
            ],
            "load_balancing_algorithm_type": "round_robin",
            "load_balancing_anomaly_mitigation": "off",
            "load_balancing_cross_zone_enabled": "use_load_balancer_configuration",
            "name": "sonarqube-tg",
            "name_prefix": "",
            "port": 9000,
            "preserve_client_ip": null,
            "protocol": "HTTP",
            "protocol_version": "HTTP1",
            "proxy_protocol_v2": false,
            "region": "us-east-1",
            "slow_start": 0,
            "stickiness": [
              {
                "cookie_duration": 86400,
                "cookie_name": "",
                "enabled": false,
                "type": "lb_cookie"
              }
            ],
            "tags": {
              "access": "through alb",
              "open_port": "9000 and 5432",
              "subnet": "private"
            },
            "tags_all": {
              "access": "through alb",
              "open_port": "9000 and 5432",
              "subnet": "private"
            },
            "target_failover": [
              {
                "on_deregistration": null,
                "on_unhealthy": null
              }
            ],
            "target_group_health": [
              {
                "dns_failover": [
                  {
                    "minimum_healthy_targets_count": "1",
                    "minimum_healthy_targets_percentage": "off"
                  }
                ],
                "unhealthy_state_routing": [
                  {
                    "minimum_healthy_targets_count": 1,
                    "minimum_healthy_targets_percentage": "off"
                  }
                ]
              }
            ],
            "target_health_state": [
              {
                "enable_unhealthy_connection_termination": null,
                "unhealthy_draining_interval": null
              }
            ],
            "target_type": "instance",
            "vpc_id": "vpc-04d1233a819e0e5e2"
          },
          "sensitive_attributes": [],
          "identity_schema_version": 0,
          "identity": {
            "arn": "arn:aws:elasticloadbalancing:us-east-1:258675983086:targetgroup/sonarqube-tg/2011cf1d5948376e"
          },
          "private": "bnVsbA==",
          "dependencies": [
            "module.vpc.aws_vpc.sonarqube_vpc"
          ]
        }
      ]
    },
    {
      "module": "module.compute",
      "mode": "data",
      "type": "aws_ami",
      "name": "ubuntu",
      "provider": "provider[\"registry.terraform.io/hashicorp/aws\"]",
      "instances": [
        {
          "schema_version": 0,
          "attributes": {
            "allow_unsafe_filter": null,
            "architecture": "x86_64",
            "arn": "arn:aws:ec2:us-east-1::image/ami-00b13f11600160c10",
            "block_device_mappings": [
              {
                "device_name": "/dev/sda1",
                "ebs": {
                  "delete_on_termination": "true",
                  "encrypted": "false",
                  "iops": "0",
                  "snapshot_id": "snap-083ad679757e9dbbd",
                  "throughput": "0",
                  "volume_initialization_rate": "0",
                  "volume_size": "8",
                  "volume_type": "gp2"
                },
                "no_device": "",
                "virtual_name": ""
              },
              {
                "device_name": "/dev/sdb",
                "ebs": {},
                "no_device": "",
                "virtual_name": "ephemeral0"
              },
              {
                "device_name": "/dev/sdc",
                "ebs": {},
                "no_device": "",
                "virtual_name": "ephemeral1"
              }
            ],
            "boot_mode": "uefi-preferred",
            "creation_date": "2025-11-11T07:04:04.000Z",
            "deprecation_time": "2027-11-11T07:04:04.000Z",
            "description": "Canonical, Ubuntu, 22.04, amd64 jammy image",
            "ena_support": true,
            "executable_users": null,
            "filter": [
              {
                "name": "name",
                "values": [
                  "ubuntu/images/hvm-ssd/ubuntu-jammy-22.04-amd64-server-*"
                ]
              }
            ],
            "hypervisor": "xen",
            "id": "ami-00b13f11600160c10",
            "image_id": "ami-00b13f11600160c10",
            "image_location": "amazon/ubuntu/images/hvm-ssd/ubuntu-jammy-22.04-amd64-server-20251111",
            "image_owner_alias": "amazon",
            "image_type": "machine",
            "imds_support": "",
            "include_deprecated": false,
            "kernel_id": "",
            "last_launched_time": "",
            "most_recent": true,
            "name": "ubuntu/images/hvm-ssd/ubuntu-jammy-22.04-amd64-server-20251111",
            "name_regex": null,
            "owner_id": "099720109477",
            "owners": [
              "099720109477"
            ],
            "platform": "",
            "platform_details": "Linux/UNIX",
            "product_codes": [],
            "public": true,
            "ramdisk_id": "",
            "region": "us-east-1",
            "root_device_name": "/dev/sda1",
            "root_device_type": "ebs",
            "root_snapshot_id": "snap-083ad679757e9dbbd",
            "sriov_net_support": "simple",
            "state": "available",
            "state_reason": {
              "code": "UNSET",
              "message": "UNSET"
            },
            "tags": {},
            "timeouts": null,
            "tpm_support": "",
            "uefi_data": null,
            "usage_operation": "RunInstances",
            "virtualization_type": "hvm"
          },
          "sensitive_attributes": [],
          "identity_schema_version": 0
        }
      ]
    },
    {
      "module": "module.compute",
      "mode": "managed",
      "type": "aws_instance",
      "name": "private_server_a",
      "provider": "provider[\"registry.terraform.io/hashicorp/aws\"]",
      "instances": [
        {
          "schema_version": 2,
          "attributes": {
            "ami": "ami-00b13f11600160c10",
            "arn": "arn:aws:ec2:us-east-1:258675983086:instance/i-0a801e32d4d9287fd",
            "associate_public_ip_address": false,
            "availability_zone": "us-east-1a",
            "capacity_reservation_specification": [
              {
                "capacity_reservation_preference": "open",
                "capacity_reservation_target": []
              }
            ],
            "cpu_options": [
              {
                "amd_sev_snp": "",
                "core_count": 1,
                "threads_per_core": 2
              }
            ],
            "credit_specification": [
              {
                "cpu_credits": "unlimited"
              }
            ],
            "disable_api_stop": false,
            "disable_api_termination": false,
            "ebs_block_device": [],
            "ebs_optimized": false,
            "enable_primary_ipv6": null,
            "enclave_options": [
              {
                "enabled": false
              }
            ],
            "ephemeral_block_device": [],
            "force_destroy": false,
            "get_password_data": false,
            "hibernation": false,
            "host_id": "",
            "host_resource_group_arn": null,
            "iam_instance_profile": "",
            "id": "i-0a801e32d4d9287fd",
            "instance_initiated_shutdown_behavior": "stop",
            "instance_lifecycle": "",
            "instance_market_options": [],
            "instance_state": "running",
            "instance_type": "t3.large",
            "ipv6_address_count": 0,
            "ipv6_addresses": [],
            "key_name": "sonarqube-key",
            "launch_template": [],
            "maintenance_options": [
              {
                "auto_recovery": "default"
              }
            ],
            "metadata_options": [
              {
                "http_endpoint": "enabled",
                "http_protocol_ipv6": "disabled",
                "http_put_response_hop_limit": 1,
                "http_tokens": "optional",
                "instance_metadata_tags": "disabled"
              }
            ],
            "monitoring": false,
            "network_interface": [],
            "outpost_arn": "",
            "password_data": "",
            "placement_group": "",
            "placement_group_id": "",
            "placement_partition_number": 0,
            "primary_network_interface": [
              {
                "delete_on_termination": true,
                "network_interface_id": "eni-0597d010c9c0a2bb8"
              }
            ],
            "primary_network_interface_id": "eni-0597d010c9c0a2bb8",
            "private_dns": "ip-10-0-3-235.ec2.internal",
            "private_dns_name_options": [
              {
                "enable_resource_name_dns_a_record": false,
                "enable_resource_name_dns_aaaa_record": false,
                "hostname_type": "ip-name"
              }
            ],
            "private_ip": "10.0.3.235",
            "public_dns": "",
            "public_ip": "",
            "region": "us-east-1",
            "root_block_device": [
              {
                "delete_on_termination": true,
                "device_name": "/dev/sda1",
                "encrypted": false,
                "iops": 100,
                "kms_key_id": "",
                "tags": {},
                "tags_all": {},
                "throughput": 0,
                "volume_id": "vol-053a58ba5f05a58b3",
                "volume_size": 8,
                "volume_type": "gp2"
              }
            ],
            "secondary_private_ips": [],
            "security_groups": [],
            "source_dest_check": true,
            "spot_instance_request_id": "",
            "subnet_id": "subnet-01eaf7a295641392b",
            "tags": {
              "Name": "private-server-1a",
              "az": "1a"
            },
            "tags_all": {
              "Name": "private-server-1a",
              "az": "1a"
            },
            "tenancy": "default",
            "timeouts": null,
            "user_data": null,
            "user_data_base64": null,
            "user_data_replace_on_change": false,
            "volume_tags": null,
            "vpc_security_group_ids": [
              "sg-03f07a1c8e9bdca98",
              "sg-0aab7837f8e3d52a9"
            ]
          },
          "sensitive_attributes": [],
          "identity_schema_version": 0,
          "identity": {
            "account_id": "258675983086",
            "id": "i-0a801e32d4d9287fd",
            "region": "us-east-1"
          },
          "private": "eyJlMmJmYjczMC1lY2FhLTExZTYtOGY4OC0zNDM2M2JjN2M0YzAiOnsiY3JlYXRlIjo2MDAwMDAwMDAwMDAsImRlbGV0ZSI6MTIwMDAwMDAwMDAwMCwicmVhZCI6OTAwMDAwMDAwMDAwLCJ1cGRhdGUiOjYwMDAwMDAwMDAwMH0sInNjaGVtYV92ZXJzaW9uIjoiMiJ9",
          "dependencies": [
            "module.compute.data.aws_ami.ubuntu",
            "module.keypair.aws_key_pair.key",
            "module.keypair.tls_private_key.key",
            "module.security.aws_security_group.postgres_sg",
            "module.security.aws_security_group.private_sg",
            "module.security.aws_security_group.public_sg",
            "module.vpc.aws_subnet.private_a",
            "module.vpc.aws_subnet.private_b",
            "module.vpc.aws_vpc.sonarqube_vpc"
          ]
        }
      ]
    },
    {
      "module": "module.compute",
      "mode": "managed",
      "type": "aws_instance",
      "name": "private_server_b",
      "provider": "provider[\"registry.terraform.io/hashicorp/aws\"]",
      "instances": [
        {
          "schema_version": 2,
          "attributes": {
            "ami": "ami-00b13f11600160c10",
            "arn": "arn:aws:ec2:us-east-1:258675983086:instance/i-0597d48d8ea27f82d",
            "associate_public_ip_address": false,
            "availability_zone": "us-east-1b",
            "capacity_reservation_specification": [
              {
                "capacity_reservation_preference": "open",
                "capacity_reservation_target": []
              }
            ],
            "cpu_options": [
              {
                "amd_sev_snp": "",
                "core_count": 1,
                "threads_per_core": 2
              }
            ],
            "credit_specification": [
              {
                "cpu_credits": "unlimited"
              }
            ],
            "disable_api_stop": false,
            "disable_api_termination": false,
            "ebs_block_device": [],
            "ebs_optimized": false,
            "enable_primary_ipv6": null,
            "enclave_options": [
              {
                "enabled": false
              }
            ],
            "ephemeral_block_device": [],
            "force_destroy": false,
            "get_password_data": false,
            "hibernation": false,
            "host_id": "",
            "host_resource_group_arn": null,
            "iam_instance_profile": "",
            "id": "i-0597d48d8ea27f82d",
            "instance_initiated_shutdown_behavior": "stop",
            "instance_lifecycle": "",
            "instance_market_options": [],
            "instance_state": "running",
            "instance_type": "t3.large",
            "ipv6_address_count": 0,
            "ipv6_addresses": [],
            "key_name": "sonarqube-key",
            "launch_template": [],
            "maintenance_options": [
              {
                "auto_recovery": "default"
              }
            ],
            "metadata_options": [
              {
                "http_endpoint": "enabled",
                "http_protocol_ipv6": "disabled",
                "http_put_response_hop_limit": 1,
                "http_tokens": "optional",
                "instance_metadata_tags": "disabled"
              }
            ],
            "monitoring": false,
            "network_interface": [],
            "outpost_arn": "",
            "password_data": "",
            "placement_group": "",
            "placement_group_id": "",
            "placement_partition_number": 0,
            "primary_network_interface": [
              {
                "delete_on_termination": true,
                "network_interface_id": "eni-014d19ff7b2d72aae"
              }
            ],
            "primary_network_interface_id": "eni-014d19ff7b2d72aae",
            "private_dns": "ip-10-0-4-140.ec2.internal",
            "private_dns_name_options": [
              {
                "enable_resource_name_dns_a_record": false,
                "enable_resource_name_dns_aaaa_record": false,
                "hostname_type": "ip-name"
              }
            ],
            "private_ip": "10.0.4.140",
            "public_dns": "",
            "public_ip": "",
            "region": "us-east-1",
            "root_block_device": [
              {
                "delete_on_termination": true,
                "device_name": "/dev/sda1",
                "encrypted": false,
                "iops": 100,
                "kms_key_id": "",
                "tags": {},
                "tags_all": {},
                "throughput": 0,
                "volume_id": "vol-0b2b2adb85f59b554",
                "volume_size": 8,
                "volume_type": "gp2"
              }
            ],
            "secondary_private_ips": [],
            "security_groups": [],
            "source_dest_check": true,
            "spot_instance_request_id": "",
            "subnet_id": "subnet-0f662c33fcc66c815",
            "tags": {
              "Name": "private-server-1b",
              "az": "1b"
            },
            "tags_all": {
              "Name": "private-server-1b",
              "az": "1b"
            },
            "tenancy": "default",
            "timeouts": null,
            "user_data": "",
            "user_data_base64": null,
            "user_data_replace_on_change": false,
            "volume_tags": null,
            "vpc_security_group_ids": [
              "sg-03f07a1c8e9bdca98",
              "sg-0aab7837f8e3d52a9"
            ]
          },
          "sensitive_attributes": [],
          "identity_schema_version": 0,
          "identity": {
            "account_id": "258675983086",
            "id": "i-0597d48d8ea27f82d",
            "region": "us-east-1"
          },
          "private": "eyJlMmJmYjczMC1lY2FhLTExZTYtOGY4OC0zNDM2M2JjN2M0YzAiOnsiY3JlYXRlIjo2MDAwMDAwMDAwMDAsImRlbGV0ZSI6MTIwMDAwMDAwMDAwMCwicmVhZCI6OTAwMDAwMDAwMDAwLCJ1cGRhdGUiOjYwMDAwMDAwMDAwMH0sInNjaGVtYV92ZXJzaW9uIjoiMiJ9",
          "dependencies": [
            "module.compute.data.aws_ami.ubuntu",
            "module.keypair.aws_key_pair.key",
            "module.keypair.tls_private_key.key",
            "module.security.aws_security_group.postgres_sg",
            "module.security.aws_security_group.private_sg",
            "module.security.aws_security_group.public_sg",
            "module.vpc.aws_subnet.private_a",
            "module.vpc.aws_subnet.private_b",
            "module.vpc.aws_vpc.sonarqube_vpc"
          ]
        }
      ]
    },
    {
      "module": "module.compute",
      "mode": "managed",
      "type": "aws_instance",
      "name": "public_ec2",
      "provider": "provider[\"registry.terraform.io/hashicorp/aws\"]",
      "instances": [
        {
          "schema_version": 2,
          "attributes": {
            "ami": "ami-00b13f11600160c10",
            "arn": "arn:aws:ec2:us-east-1:258675983086:instance/i-0d10193ac0496b53f",
            "associate_public_ip_address": true,
            "availability_zone": "us-east-1a",
            "capacity_reservation_specification": [
              {
                "capacity_reservation_preference": "open",
                "capacity_reservation_target": []
              }
            ],
            "cpu_options": [
              {
                "amd_sev_snp": "",
                "core_count": 1,
                "threads_per_core": 1
              }
            ],
            "credit_specification": [
              {
                "cpu_credits": "standard"
              }
            ],
            "disable_api_stop": false,
            "disable_api_termination": false,
            "ebs_block_device": [],
            "ebs_optimized": false,
            "enable_primary_ipv6": null,
            "enclave_options": [
              {
                "enabled": false
              }
            ],
            "ephemeral_block_device": [],
            "force_destroy": false,
            "get_password_data": false,
            "hibernation": false,
            "host_id": "",
            "host_resource_group_arn": null,
            "iam_instance_profile": "",
            "id": "i-0d10193ac0496b53f",
            "instance_initiated_shutdown_behavior": "stop",
            "instance_lifecycle": "",
            "instance_market_options": [],
            "instance_state": "running",
            "instance_type": "t2.micro",
            "ipv6_address_count": 0,
            "ipv6_addresses": [],
            "key_name": "sonarqube-key",
            "launch_template": [],
            "maintenance_options": [
              {
                "auto_recovery": "default"
              }
            ],
            "metadata_options": [
              {
                "http_endpoint": "enabled",
                "http_protocol_ipv6": "disabled",
                "http_put_response_hop_limit": 1,
                "http_tokens": "optional",
                "instance_metadata_tags": "disabled"
              }
            ],
            "monitoring": false,
            "network_interface": [],
            "outpost_arn": "",
            "password_data": "",
            "placement_group": "",
            "placement_group_id": "",
            "placement_partition_number": 0,
            "primary_network_interface": [
              {
                "delete_on_termination": true,
                "network_interface_id": "eni-0a018e5e14de37c1a"
              }
            ],
            "primary_network_interface_id": "eni-0a018e5e14de37c1a",
            "private_dns": "ip-10-0-1-22.ec2.internal",
            "private_dns_name_options": [
              {
                "enable_resource_name_dns_a_record": false,
                "enable_resource_name_dns_aaaa_record": false,
                "hostname_type": "ip-name"
              }
            ],
            "private_ip": "10.0.1.22",
            "public_dns": "ec2-54-85-8-53.compute-1.amazonaws.com",
            "public_ip": "54.85.8.53",
            "region": "us-east-1",
            "root_block_device": [
              {
                "delete_on_termination": true,
                "device_name": "/dev/sda1",
                "encrypted": false,
                "iops": 100,
                "kms_key_id": "",
                "tags": {},
                "tags_all": {},
                "throughput": 0,
                "volume_id": "vol-0c150f16fe20a8b17",
                "volume_size": 8,
                "volume_type": "gp2"
              }
            ],
            "secondary_private_ips": [],
            "security_groups": [],
            "source_dest_check": true,
            "spot_instance_request_id": "",
            "subnet_id": "subnet-0542cab357678e3c6",
            "tags": {
              "Name": "public-ec2-instance",
              "type": "bastion host"
            },
            "tags_all": {
              "Name": "public-ec2-instance",
              "type": "bastion host"
            },
            "tenancy": "default",
            "timeouts": null,
            "user_data": null,
            "user_data_base64": null,
            "user_data_replace_on_change": false,
            "volume_tags": null,
            "vpc_security_group_ids": [
              "sg-0aeb62b7925ad25f5"
            ]
          },
          "sensitive_attributes": [],
          "identity_schema_version": 0,
          "identity": {
            "account_id": "258675983086",
            "id": "i-0d10193ac0496b53f",
            "region": "us-east-1"
          },
          "private": "eyJlMmJmYjczMC1lY2FhLTExZTYtOGY4OC0zNDM2M2JjN2M0YzAiOnsiY3JlYXRlIjo2MDAwMDAwMDAwMDAsImRlbGV0ZSI6MTIwMDAwMDAwMDAwMCwicmVhZCI6OTAwMDAwMDAwMDAwLCJ1cGRhdGUiOjYwMDAwMDAwMDAwMH0sInNjaGVtYV92ZXJzaW9uIjoiMiJ9",
          "dependencies": [
            "module.compute.data.aws_ami.ubuntu",
            "module.keypair.aws_key_pair.key",
            "module.keypair.tls_private_key.key",
            "module.security.aws_security_group.public_sg",
            "module.vpc.aws_subnet.public_a",
            "module.vpc.aws_subnet.public_b",
            "module.vpc.aws_vpc.sonarqube_vpc"
          ]
        }
      ]
    },
    {
      "module": "module.compute",
      "mode": "managed",
      "type": "aws_launch_template",
      "name": "lt",
      "provider": "provider[\"registry.terraform.io/hashicorp/aws\"]",
      "instances": [
        {
          "schema_version": 1,
          "attributes": {
            "arn": "arn:aws:ec2:us-east-1:258675983086:launch-template/lt-096c5950409de1353",
            "block_device_mappings": [],
            "capacity_reservation_specification": [],
            "cpu_options": [],
            "credit_specification": [],
            "default_version": 1,
            "description": "",
            "disable_api_stop": false,
            "disable_api_termination": false,
            "ebs_optimized": "",
            "enclave_options": [],
            "hibernation_options": [],
            "iam_instance_profile": [],
            "id": "lt-096c5950409de1353",
            "image_id": "ami-00b13f11600160c10",
            "instance_initiated_shutdown_behavior": "",
            "instance_market_options": [],
            "instance_requirements": [],
            "instance_type": "t3.medium",
            "kernel_id": "",
            "key_name": "sonarqube-key",
            "latest_version": 1,
            "license_specification": [],
            "maintenance_options": [],
            "metadata_options": [],
            "monitoring": [],
            "name": "sonarqube-lt-20251121084231302200000002",
            "name_prefix": "sonarqube-lt-",
            "network_interfaces": [],
            "placement": [],
            "private_dns_name_options": [],
            "ram_disk_id": "",
            "region": "us-east-1",
            "security_group_names": [],
            "tag_specifications": [],
            "tags": {
              "Name": "private-server-1a",
              "az": "1a"
            },
            "tags_all": {
              "Name": "private-server-1a",
              "az": "1a"
            },
            "update_default_version": null,
            "user_data": "",
            "vpc_security_group_ids": [
              "sg-03f07a1c8e9bdca98",
              "sg-0aab7837f8e3d52a9"
            ]
          },
          "sensitive_attributes": [],
          "identity_schema_version": 0,
          "private": "eyJzY2hlbWFfdmVyc2lvbiI6IjEifQ==",
          "dependencies": [
            "module.compute.data.aws_ami.ubuntu",
            "module.keypair.aws_key_pair.key",
            "module.keypair.tls_private_key.key",
            "module.security.aws_security_group.postgres_sg",
            "module.security.aws_security_group.private_sg",
            "module.security.aws_security_group.public_sg",
            "module.vpc.aws_vpc.sonarqube_vpc"
          ]
        }
      ]
    },
    {
      "module": "module.compute",
      "mode": "managed",
      "type": "aws_launch_template",
      "name": "sonarqube_lt",
      "provider": "provider[\"registry.terraform.io/hashicorp/aws\"]",
      "instances": [
        {
          "schema_version": 1,
          "attributes": {
            "arn": "arn:aws:ec2:us-east-1:258675983086:launch-template/lt-013f54c83a0845e2c",
            "block_device_mappings": [],
            "capacity_reservation_specification": [],
            "cpu_options": [],
            "credit_specification": [],
            "default_version": 1,
            "description": "",
            "disable_api_stop": false,
            "disable_api_termination": false,
            "ebs_optimized": "",
            "enclave_options": [],
            "hibernation_options": [],
            "iam_instance_profile": [],
            "id": "lt-013f54c83a0845e2c",
            "image_id": "ami-00b13f11600160c10",
            "instance_initiated_shutdown_behavior": "",
            "instance_market_options": [],
            "instance_requirements": [],
            "instance_type": "t3.large",
            "kernel_id": "",
            "key_name": "sonarqube-key",
            "latest_version": 1,
            "license_specification": [],
            "maintenance_options": [],
            "metadata_options": [],
            "monitoring": [],
            "name": "sonarqube-lt-",
            "name_prefix": "",
            "network_interfaces": [],
            "placement": [],
            "private_dns_name_options": [],
            "ram_disk_id": "",
            "region": "us-east-1",
            "security_group_names": [],
            "tag_specifications": [],
            "tags": {
              "launch_template": "sonarqube-launch-template",
              "sec_grp": "private and postgres",
              "situated_in": "private subnet"
            },
            "tags_all": {
              "launch_template": "sonarqube-launch-template",
              "sec_grp": "private and postgres",
              "situated_in": "private subnet"
            },
            "update_default_version": null,
            "user_data": "",
            "vpc_security_group_ids": [
              "sg-0aeb62b7925ad25f5"
            ]
          },
          "sensitive_attributes": [],
          "identity_schema_version": 0,
          "private": "eyJzY2hlbWFfdmVyc2lvbiI6IjEifQ==",
          "dependencies": [
            "module.compute.data.aws_ami.ubuntu",
            "module.keypair.aws_key_pair.key",
            "module.keypair.tls_private_key.key",
            "module.security.aws_security_group.public_sg",
            "module.vpc.aws_vpc.sonarqube_vpc"
          ]
        }
      ]
    },
    {
      "module": "module.compute",
      "mode": "managed",
      "type": "aws_lb_target_group_attachment",
      "name": "private_a_attachment",
      "provider": "provider[\"registry.terraform.io/hashicorp/aws\"]",
      "instances": [
        {
          "schema_version": 0,
          "attributes": {
            "availability_zone": null,
            "id": "arn:aws:elasticloadbalancing:us-east-1:258675983086:targetgroup/sonarqube-tg/2011cf1d5948376e-20251121083955022700000008",
            "port": 9000,
            "region": "us-east-1",
            "target_group_arn": "arn:aws:elasticloadbalancing:us-east-1:258675983086:targetgroup/sonarqube-tg/2011cf1d5948376e",
            "target_id": "i-0a801e32d4d9287fd"
          },
          "sensitive_attributes": [],
          "identity_schema_version": 0,
          "private": "bnVsbA==",
          "dependencies": [
            "module.alb.aws_lb_target_group.tg",
            "module.compute.aws_instance.private_server_a",
            "module.compute.data.aws_ami.ubuntu",
            "module.keypair.aws_key_pair.key",
            "module.keypair.tls_private_key.key",
            "module.security.aws_security_group.postgres_sg",
            "module.security.aws_security_group.private_sg",
            "module.security.aws_security_group.public_sg",
            "module.vpc.aws_subnet.private_a",
            "module.vpc.aws_subnet.private_b",
            "module.vpc.aws_vpc.sonarqube_vpc"
          ]
        }
      ]
    },
    {
      "module": "module.compute",
      "mode": "managed",
      "type": "aws_lb_target_group_attachment",
      "name": "private_b_attachment",
      "provider": "provider[\"registry.terraform.io/hashicorp/aws\"]",
      "instances": [
        {
          "schema_version": 0,
          "attributes": {
            "availability_zone": null,
            "id": "arn:aws:elasticloadbalancing:us-east-1:258675983086:targetgroup/sonarqube-tg/2011cf1d5948376e-20251121083954795900000007",
            "port": 9000,
            "region": "us-east-1",
            "target_group_arn": "arn:aws:elasticloadbalancing:us-east-1:258675983086:targetgroup/sonarqube-tg/2011cf1d5948376e",
            "target_id": "i-0597d48d8ea27f82d"
          },
          "sensitive_attributes": [],
          "identity_schema_version": 0,
          "private": "bnVsbA==",
          "dependencies": [
            "module.alb.aws_lb_target_group.tg",
            "module.compute.aws_instance.private_server_b",
            "module.compute.data.aws_ami.ubuntu",
            "module.keypair.aws_key_pair.key",
            "module.keypair.tls_private_key.key",
            "module.security.aws_security_group.postgres_sg",
            "module.security.aws_security_group.private_sg",
            "module.security.aws_security_group.public_sg",
            "module.vpc.aws_subnet.private_a",
            "module.vpc.aws_subnet.private_b",
            "module.vpc.aws_vpc.sonarqube_vpc"
          ]
        }
      ]
    },
    {
      "module": "module.keypair",
      "mode": "managed",
      "type": "aws_key_pair",
      "name": "key",
      "provider": "provider[\"registry.terraform.io/hashicorp/aws\"]",
      "instances": [
        {
          "schema_version": 1,
          "attributes": {
            "arn": "arn:aws:ec2:us-east-1:258675983086:key-pair/sonarqube-key",
            "fingerprint": "d6:a0:7b:c6:40:33:65:7a:d3:3b:a1:4a:f4:0f:fa:b8",
            "id": "sonarqube-key",
            "key_name": "sonarqube-key",
            "key_name_prefix": "",
            "key_pair_id": "key-0368d659d46ad3523",
            "key_type": "rsa",
            "public_key": "ssh-rsa AAAAB3NzaC1yc2EAAAADAQABAAACAQDea7W1/pkIBzNKdsVc6n+8qpP1JUNNgLvQ/R+18Eb0vkg9I0Kktm2vftCFuJSkvucaW16CbvN7Vr+TxE9I+ldYl0DxSNg75e3xmhBXiowc1/OfJnFOeA8UrPVivAryh/khJnBQD9cN2z6yEwjDfk9rtGVpc59TNg7pAcJ1ngQtfcRM7KL2OPaBoXyf+rCvHkXjsq9202A9X6k4bGpsXwBUniJLy/S7HESIWE6k8JYZJL3j29JLzToo2myQ0RpnEKZ2K8kjTH7il5Qk/oLTSEkMGc0Xds/aE510rbkmF+XXgg5ydjl25xU+wT3gnyfsB/lYHheO61aPJd7GIaF5+3pZNpReNvFZaqdjuovV5yBMynISaCC9DOvpMo+SyGjbc2d0vLOn4IFV1WeLm8H0IoL5LJnFIPutu8coFO4Mtoe/HVVc9kQBOZbmXf+ZMQmP0UCdFZ3PR+Zl/sECqQGT6O9yIlTfzPiatl2A7M9TduQByJfxo3mPfQNqg2WGt1yPXASyuIGSKpzcGy+rhFocXe6Auv2gMmAtcCmFu2SgeybCC8a6pkbQaJWR/jTvv6pVrHJYzEqV+eklB/J5ovl9MyfAMia8/zxpDgZYibpY+c5+LmLUoHPwk+3yHvtyGe7JutlqVtrHlHkO7z4BEGIA4wNVPuG45vMtABULgB9VuHVs0w==",
            "region": "us-east-1",
            "tags": {},
            "tags_all": {}
          },
          "sensitive_attributes": [],
          "identity_schema_version": 0,
          "private": "eyJzY2hlbWFfdmVyc2lvbiI6IjEifQ==",
          "dependencies": [
            "module.keypair.tls_private_key.key"
          ]
        }
      ]
    },
    {
      "module": "module.keypair",
      "mode": "managed",
      "type": "local_file",
      "name": "private_key",
      "provider": "provider[\"registry.terraform.io/hashicorp/local\"]",
      "instances": [
        {
          "schema_version": 0,
          "attributes": {
            "content": "-----BEGIN RSA PRIVATE KEY-----\nMIIJKAIBAAKCAgEA3mu1tf6ZCAczSnbFXOp/vKqT9SVDTYC70P0ftfBG9L5IPSNC\npLZtr37QhbiUpL7nGltegm7ze1a/k8RPSPpXWJdA8UjYO+Xt8ZoQV4qMHNfznyZx\nTngPFKz1YrwK8of5ISZwUA/XDds+shMIw35Pa7RlaXOfUzYO6QHCdZ4ELX3ETOyi\n9jj2gaF8n/qwrx5F47KvdtNgPV+pOGxqbF8AVJ4iS8v0uxxEiFhOpPCWGSS949vS\nS806KNpskNEaZxCmdivJI0x+4peUJP6C00hJDBnNF3bP2hOddK25Jhfl14IOcnY5\nducVPsE94J8n7Af5WB4XjutWjyXexiGheft6WTaUXjbxWWqnY7qL1ecgTMpyEmgg\nvQzr6TKPksho23NndLyzp+CBVdVni5vB9CKC+SyZxSD7rbvHKBTuDLaHvx1VXPZE\nATmW5l3/mTEJj9FAnRWdz0fmZf7BAqkBk+jvciJU38z4mrZdgOzPU3bkAciX8aN5\nj30DaoNlhrdcj1wEsriBkiqc3Bsvq4RaHF3ugLr9oDJgLXAphbtkoHsmwgvGuqZG\n0GiVkf4077+qVaxyWMxKlfnpJQfyeaL5fTMnwDImvP88aQ4GWIm6WPnOfi5i1KBz\n8JPt8h77chnuybrZalbax5R5Du8+ARBiAOMDVT7huObzLQAVC4AfVbh1bNMCAwEA\nAQKCAgAXwpfZxkXgxqwjA0cYIvDcXbiKkp169QqbS78Md4uM75rV9SNUZyyWd8yc\nzFgMtVwIw8P32RRnk5/JkEoL+LpF+3pzjB2VYH2ntpaSU3meRy9+S+QExuyNf+CC\n2KWuvPnPIcUTuG13zHkJGuFvyNmBHvdKaZCWmgrDt21nlSbLGUlUEl9iQDmNJYwj\npusi+e/rYBZAclowlDyGi4Ze51Motu/g+vu81Us46X4VPqI6M2OZqMzxTg4teQ/p\n9HyGkA/IRespuy0+1YR84zdkjK9I/KSdIhMYL8o9QaWqvRjPidQzRA/ldNAfMROE\nIFxqaXuofyZzHQ7VIe2HauZOGqA6HnoTvvYJonXQLmOqxeKMeLFD3RM3cp5Vnvao\nXUCBaexNfanwm/qoEvZ269pmFJ/vVDKK/tXWcpXXR/zxsY2dpee3H1pe3v4zZI9e\nYZfzuCLljU430VoAQwPKaUpYbz521JXeZqdBG8Jhn2lGsMoZRmV5eg57Caeozn0c\nY+yTjFwkkAlcGEtW5FJeamDFRZ+V/qF1QCcTfP473Crt+qJNQh3Ca9x6rO1rotgd\nfBtr4NfiZC1IDVivtN2XOKI48i2SkzVYNI2LAAPcOp3yF7w5jNrWOtB6gDROEvjK\nAUnLBWGZCgLrc+QUEaIUOS/gOX8E5Vv9DPT9gdbNQlzQ5nryGQKCAQEA/OLW/sqY\nbAmXJg1aMcS2FauIUMIYKeF7ywImczlkpLLuWCwL17Iaq7sG9CPS9bcRzWNt0rOg\nJ/mc/T9RAnKPARVQR3gj0veHaNCckgc4auDKlAJa536wb12wkTJIn3BGGMqUiwB9\nSLJPRNhXtIpQiXmCvtyWhIYF6Gd/kd31FQIOylJxdoNjGqdRQv+mGcPRrMBznzAn\nJHvJW8YQb8thfkbKPAWbDdyzjlnqovuZpSgassGtXqmkbJcFt3wwB9DuMrRrnuLd\nGPMbZdxRRby148hMZd0nroyv3mQCJO9QAVAnhWwOEFz75ITdztgcfa3hGPY6PjXl\nBByNfYSCbRKiBQKCAQEA4SjV6I3+vJkYX9gjPA5Pr45j1KIpqjAxBdZcW0v2HYQF\n5nhjUryUlMGxurGMdZloVgnxTw4x6KA+IHyc0sl9ECuI7qjTg8Nf4XJOrVS2sC3P\npY9reFzTnfB8ueqn2eaBYYeNUFDVUcA0oCSv/dntfVPAV9W4R7QK5zMESwM/YEny\ngS7d8j8E9A3ULSAdeBiPmcutTV7qZKCBFcNqgb9/1o7yu4uHI1t+qQ3fHJOHnpK1\nTadSxZCRVYFCU/FgwQ8MxIqVLIIUEqmNtu4hPP+P3eorlTXyJ3+r9ICVlLCgn/Qq\nS+TtHi4jugQj54urOrBObz1HQ2m13zfk+X8+rbfS9wKCAQEAx/3JU4T7V+2ZuIE0\nxEkySx711hA5td1Z3mmb6OIJwuqy7c4fq3xx9UAatrciHiqijJDGiKx/yz1vtyP8\nt/fLOmsVqv/LLQuO7giU2jOVnYibDMR0CcG6XMh2W82te1H6TZ7gLLG9YuGJKQQD\nEIeWO7J6AOFItBOd1ncLf1tOeEfBVKYwjy5HEQwjit3NCXFAf+NPTSRywDqZOtf/\npbntJ0VqqF8yiZrx8XEQy8Y4c1GtE5NxvXxhyXMCFWLERVopFrZyqhv2CMYx87Ny\nHrmoCzUbni9xM2yVpUXoIDeWSQOPzcdvs+clWkrtc6ibl5UMgIYx94L90+uUxiAm\nWYYz1QKCAQALz8aY8ooAfs+Gh6IhjmajwQZ/qxogcXLA6aPirjN1DO36Typ2tqnc\nu+SE9Ld3m9qbWN4t1YLMv0tDDQZ1EFjdNktyqaye5urqusJh2WXUDDMubj2nDMeV\nK35/ik3P4oW7Bg9lvTfTmA+qrwIEgSAySOh4Mx/9svY3dres77itZnOwTzMZeDDc\nVLViwKKLIE64NLUcr/P/32OmLqAxukgMi2c0a3dlZXFZkP65Uwv0R6H3NuXis1jM\ncYF3QdxfhFiZHuQAd7px2C80/30C5C056QTsSO4xIEN3Ch/Osw1aFsb5QEMoKCd7\npKf1h6At7f3PXBmW8b62vQnoBMLW/iO1AoIBAEEehwAp6i0Ei9CPp4slc212/JDW\nmlGNkNF3qLT9/xDmXfiiV5TuHk2OJG9IdTAVU4tCVWyR0kCaALhrIW4AEg9vGtTa\nGFeERjFHujtrx1kdX0uYxZuRMHRZsEH9vJsS8CRX2YusAGdI3DOoEFkd6qTqcK2u\nykJQHmcAtw4pQTINPUxfwrdWfDmZGoJEUD8q6gsq13f/qG/lmh2G0iUC8v2Q7oMb\n2XAOf01S/jHGQpWkDOIPP/lUGCRRxUSoxHpv339Zxa7yLDKepNwG5sjK92lN4Ezj\nIrJ9NoaFah+Z3H+3m3BMXqd05ES30ZkbjMqnugKWkzSno3xR42bHPEjV4rQ=\n-----END RSA PRIVATE KEY-----\n",
            "content_base64": null,
            "content_base64sha256": "mqI7jNGAx4sfV6apMwnF6C1W4GXKl5Gmy+SCdqVntTs=",
            "content_base64sha512": "mwBDQN78omoOdcVb9gk/JVPQKZCtqQ4FyVi3NB8kSiHnV+Bms1TTtsJ9GL/ZYYuqaLiQzfHIHP3E4ZWalt8BDA==",
            "content_md5": "b5825317bd04477f77b3b3940acad1c3",
            "content_sha1": "12c16154916873263afa32aa4d909c1fef57d51d",
            "content_sha256": "9aa23b8cd180c78b1f57a6a93309c5e82d56e065ca9791a6cbe48276a567b53b",
            "content_sha512": "9b004340defca26a0e75c55bf6093f2553d02990ada90e05c958b7341f244a21e757e066b354d3b6c27d18bfd9618baa68b890cdf1c81cfdc4e1959a96df010c",
            "directory_permission": "0777",
            "file_permission": "0400",
            "filename": ".ssh/sonarqube-key.pem",
            "id": "12c16154916873263afa32aa4d909c1fef57d51d",
            "sensitive_content": null,
            "source": null
          },
          "sensitive_attributes": [
            [
              {
                "type": "get_attr",
                "value": "content"
              }
            ],
            [
              {
                "type": "get_attr",
                "value": "sensitive_content"
              }
            ]
          ],
          "identity_schema_version": 0,
          "dependencies": [
            "module.keypair.tls_private_key.key"
          ]
        }
      ]
    },
    {
      "module": "module.keypair",
      "mode": "managed",
      "type": "tls_private_key",
      "name": "key",
      "provider": "provider[\"registry.terraform.io/hashicorp/tls\"]",
      "instances": [
        {
          "schema_version": 1,
          "attributes": {
            "algorithm": "RSA",
            "ecdsa_curve": "P224",
            "id": "bef7ce93fb7499859123065ac98c83580cc621c3",
            "private_key_openssh": "-----BEGIN OPENSSH PRIVATE KEY-----\nb3BlbnNzaC1rZXktdjEAAAAABG5vbmUAAAAEbm9uZQAAAAAAAAABAAACFwAAAAdz\nc2gtcnNhAAAAAwEAAQAAAgEA3mu1tf6ZCAczSnbFXOp/vKqT9SVDTYC70P0ftfBG\n9L5IPSNCpLZtr37QhbiUpL7nGltegm7ze1a/k8RPSPpXWJdA8UjYO+Xt8ZoQV4qM\nHNfznyZxTngPFKz1YrwK8of5ISZwUA/XDds+shMIw35Pa7RlaXOfUzYO6QHCdZ4E\nLX3ETOyi9jj2gaF8n/qwrx5F47KvdtNgPV+pOGxqbF8AVJ4iS8v0uxxEiFhOpPCW\nGSS949vSS806KNpskNEaZxCmdivJI0x+4peUJP6C00hJDBnNF3bP2hOddK25Jhfl\n14IOcnY5ducVPsE94J8n7Af5WB4XjutWjyXexiGheft6WTaUXjbxWWqnY7qL1ecg\nTMpyEmggvQzr6TKPksho23NndLyzp+CBVdVni5vB9CKC+SyZxSD7rbvHKBTuDLaH\nvx1VXPZEATmW5l3/mTEJj9FAnRWdz0fmZf7BAqkBk+jvciJU38z4mrZdgOzPU3bk\nAciX8aN5j30DaoNlhrdcj1wEsriBkiqc3Bsvq4RaHF3ugLr9oDJgLXAphbtkoHsm\nwgvGuqZG0GiVkf4077+qVaxyWMxKlfnpJQfyeaL5fTMnwDImvP88aQ4GWIm6WPnO\nfi5i1KBz8JPt8h77chnuybrZalbax5R5Du8+ARBiAOMDVT7huObzLQAVC4AfVbh1\nbNMAAAc4M3186jN9fOoAAAAHc3NoLXJzYQAAAgEA3mu1tf6ZCAczSnbFXOp/vKqT\n9SVDTYC70P0ftfBG9L5IPSNCpLZtr37QhbiUpL7nGltegm7ze1a/k8RPSPpXWJdA\n8UjYO+Xt8ZoQV4qMHNfznyZxTngPFKz1YrwK8of5ISZwUA/XDds+shMIw35Pa7Rl\naXOfUzYO6QHCdZ4ELX3ETOyi9jj2gaF8n/qwrx5F47KvdtNgPV+pOGxqbF8AVJ4i\nS8v0uxxEiFhOpPCWGSS949vSS806KNpskNEaZxCmdivJI0x+4peUJP6C00hJDBnN\nF3bP2hOddK25Jhfl14IOcnY5ducVPsE94J8n7Af5WB4XjutWjyXexiGheft6WTaU\nXjbxWWqnY7qL1ecgTMpyEmggvQzr6TKPksho23NndLyzp+CBVdVni5vB9CKC+SyZ\nxSD7rbvHKBTuDLaHvx1VXPZEATmW5l3/mTEJj9FAnRWdz0fmZf7BAqkBk+jvciJU\n38z4mrZdgOzPU3bkAciX8aN5j30DaoNlhrdcj1wEsriBkiqc3Bsvq4RaHF3ugLr9\noDJgLXAphbtkoHsmwgvGuqZG0GiVkf4077+qVaxyWMxKlfnpJQfyeaL5fTMnwDIm\nvP88aQ4GWIm6WPnOfi5i1KBz8JPt8h77chnuybrZalbax5R5Du8+ARBiAOMDVT7h\nuObzLQAVC4AfVbh1bNMAAAADAQABAAACABfCl9nGReDGrCMDRxgi8NxduIqSnXr1\nCptLvwx3i4zvmtX1I1RnLJZ3zJzMWAy1XAjDw/fZFGeTn8mQSgv4ukX7enOMHZVg\nfae2lpJTeZ5HL35L5ATG7I1/4ILYpa68+c8hxRO4bXfMeQka4W/I2YEe90ppkJaa\nCsO3bWeVJssZSVQSX2JAOY0ljCOm6yL57+tgFkByWjCUPIaLhl7nUyi27+D6+7zV\nSzjpfhU+ojozY5mozPFODi15D+n0fIaQD8hF6ym7LT7VhHzjN2SMr0j8pJ0iExgv\nyj1Bpaq9GM+J1DNED+V00B8xE4QgXGppe6h/JnMdDtUh7Ydq5k4aoDoeehO+9gmi\nddAuY6rF4ox4sUPdEzdynlWe9qhdQIFp7E19qfCb+qgS9nbr2mYUn+9UMor+1dZy\nlddH/PGxjZ2l57cfWl7e/jNkj15hl/O4IuWNTjfRWgBDA8ppSlhvPnbUld5mp0Eb\nwmGfaUawyhlGZXl6DnsJp6jOfRxj7JOMXCSQCVwYS1bkUl5qYMVFn5X+oXVAJxN8\n/jvcKu36ok1CHcJr3Hqs7Wui2B18G2vg1+JkLUgNWK+03Zc4ojjyLZKTNVg0jYsA\nA9w6nfIXvDmM2tY60HqANE4S+MoBScsFYZkKAutz5BQRohQ5L+A5fwTlW/0M9P2B\n1s1CXNDmevIZAAABAEEehwAp6i0Ei9CPp4slc212/JDWmlGNkNF3qLT9/xDmXfii\nV5TuHk2OJG9IdTAVU4tCVWyR0kCaALhrIW4AEg9vGtTaGFeERjFHujtrx1kdX0uY\nxZuRMHRZsEH9vJsS8CRX2YusAGdI3DOoEFkd6qTqcK2uykJQHmcAtw4pQTINPUxf\nwrdWfDmZGoJEUD8q6gsq13f/qG/lmh2G0iUC8v2Q7oMb2XAOf01S/jHGQpWkDOIP\nP/lUGCRRxUSoxHpv339Zxa7yLDKepNwG5sjK92lN4EzjIrJ9NoaFah+Z3H+3m3BM\nXqd05ES30ZkbjMqnugKWkzSno3xR42bHPEjV4rQAAAEBAPzi1v7KmGwJlyYNWjHE\nthWriFDCGCnhe8sCJnM5ZKSy7lgsC9eyGqu7BvQj0vW3Ec1jbdKzoCf5nP0/UQJy\njwEVUEd4I9L3h2jQnJIHOGrgypQCWud+sG9dsJEySJ9wRhjKlIsAfUiyT0TYV7SK\nUIl5gr7cloSGBehnf5Hd9RUCDspScXaDYxqnUUL/phnD0azAc58wJyR7yVvGEG/L\nYX5GyjwFmw3cs45Z6qL7maUoGrLBrV6ppGyXBbd8MAfQ7jK0a57i3RjzG2XcUUW8\ntePITGXdJ66Mr95kAiTvUAFQJ4VsDhBc++SE3c7YHH2t4Rj2Oj415QQcjX2Egm0S\nogUAAAEBAOEo1eiN/ryZGF/YIzwOT6+OY9SiKaowMQXWXFtL9h2EBeZ4Y1K8lJTB\nsbqxjHWZaFYJ8U8OMeigPiB8nNLJfRAriO6o04PDX+FyTq1UtrAtz6WPa3hc053w\nfLnqp9nmgWGHjVBQ1VHANKAkr/3Z7X1TwFfVuEe0CuczBEsDP2BJ8oEu3fI/BPQN\n1C0gHXgYj5nLrU1e6mSggRXDaoG/f9aO8ruLhyNbfqkN3xyTh56StU2nUsWQkVWB\nQlPxYMEPDMSKlSyCFBKpjbbuITz/j93qK5U18id/q/SAlZSwoJ/0Kkvk7R4uI7oE\nI+eLqzqwTm89R0Nptd835Pl/Pq230vcAAAAAAQID\n-----END OPENSSH PRIVATE KEY-----\n",
            "private_key_pem": "-----BEGIN RSA PRIVATE KEY-----\nMIIJKAIBAAKCAgEA3mu1tf6ZCAczSnbFXOp/vKqT9SVDTYC70P0ftfBG9L5IPSNC\npLZtr37QhbiUpL7nGltegm7ze1a/k8RPSPpXWJdA8UjYO+Xt8ZoQV4qMHNfznyZx\nTngPFKz1YrwK8of5ISZwUA/XDds+shMIw35Pa7RlaXOfUzYO6QHCdZ4ELX3ETOyi\n9jj2gaF8n/qwrx5F47KvdtNgPV+pOGxqbF8AVJ4iS8v0uxxEiFhOpPCWGSS949vS\nS806KNpskNEaZxCmdivJI0x+4peUJP6C00hJDBnNF3bP2hOddK25Jhfl14IOcnY5\nducVPsE94J8n7Af5WB4XjutWjyXexiGheft6WTaUXjbxWWqnY7qL1ecgTMpyEmgg\nvQzr6TKPksho23NndLyzp+CBVdVni5vB9CKC+SyZxSD7rbvHKBTuDLaHvx1VXPZE\nATmW5l3/mTEJj9FAnRWdz0fmZf7BAqkBk+jvciJU38z4mrZdgOzPU3bkAciX8aN5\nj30DaoNlhrdcj1wEsriBkiqc3Bsvq4RaHF3ugLr9oDJgLXAphbtkoHsmwgvGuqZG\n0GiVkf4077+qVaxyWMxKlfnpJQfyeaL5fTMnwDImvP88aQ4GWIm6WPnOfi5i1KBz\n8JPt8h77chnuybrZalbax5R5Du8+ARBiAOMDVT7huObzLQAVC4AfVbh1bNMCAwEA\nAQKCAgAXwpfZxkXgxqwjA0cYIvDcXbiKkp169QqbS78Md4uM75rV9SNUZyyWd8yc\nzFgMtVwIw8P32RRnk5/JkEoL+LpF+3pzjB2VYH2ntpaSU3meRy9+S+QExuyNf+CC\n2KWuvPnPIcUTuG13zHkJGuFvyNmBHvdKaZCWmgrDt21nlSbLGUlUEl9iQDmNJYwj\npusi+e/rYBZAclowlDyGi4Ze51Motu/g+vu81Us46X4VPqI6M2OZqMzxTg4teQ/p\n9HyGkA/IRespuy0+1YR84zdkjK9I/KSdIhMYL8o9QaWqvRjPidQzRA/ldNAfMROE\nIFxqaXuofyZzHQ7VIe2HauZOGqA6HnoTvvYJonXQLmOqxeKMeLFD3RM3cp5Vnvao\nXUCBaexNfanwm/qoEvZ269pmFJ/vVDKK/tXWcpXXR/zxsY2dpee3H1pe3v4zZI9e\nYZfzuCLljU430VoAQwPKaUpYbz521JXeZqdBG8Jhn2lGsMoZRmV5eg57Caeozn0c\nY+yTjFwkkAlcGEtW5FJeamDFRZ+V/qF1QCcTfP473Crt+qJNQh3Ca9x6rO1rotgd\nfBtr4NfiZC1IDVivtN2XOKI48i2SkzVYNI2LAAPcOp3yF7w5jNrWOtB6gDROEvjK\nAUnLBWGZCgLrc+QUEaIUOS/gOX8E5Vv9DPT9gdbNQlzQ5nryGQKCAQEA/OLW/sqY\nbAmXJg1aMcS2FauIUMIYKeF7ywImczlkpLLuWCwL17Iaq7sG9CPS9bcRzWNt0rOg\nJ/mc/T9RAnKPARVQR3gj0veHaNCckgc4auDKlAJa536wb12wkTJIn3BGGMqUiwB9\nSLJPRNhXtIpQiXmCvtyWhIYF6Gd/kd31FQIOylJxdoNjGqdRQv+mGcPRrMBznzAn\nJHvJW8YQb8thfkbKPAWbDdyzjlnqovuZpSgassGtXqmkbJcFt3wwB9DuMrRrnuLd\nGPMbZdxRRby148hMZd0nroyv3mQCJO9QAVAnhWwOEFz75ITdztgcfa3hGPY6PjXl\nBByNfYSCbRKiBQKCAQEA4SjV6I3+vJkYX9gjPA5Pr45j1KIpqjAxBdZcW0v2HYQF\n5nhjUryUlMGxurGMdZloVgnxTw4x6KA+IHyc0sl9ECuI7qjTg8Nf4XJOrVS2sC3P\npY9reFzTnfB8ueqn2eaBYYeNUFDVUcA0oCSv/dntfVPAV9W4R7QK5zMESwM/YEny\ngS7d8j8E9A3ULSAdeBiPmcutTV7qZKCBFcNqgb9/1o7yu4uHI1t+qQ3fHJOHnpK1\nTadSxZCRVYFCU/FgwQ8MxIqVLIIUEqmNtu4hPP+P3eorlTXyJ3+r9ICVlLCgn/Qq\nS+TtHi4jugQj54urOrBObz1HQ2m13zfk+X8+rbfS9wKCAQEAx/3JU4T7V+2ZuIE0\nxEkySx711hA5td1Z3mmb6OIJwuqy7c4fq3xx9UAatrciHiqijJDGiKx/yz1vtyP8\nt/fLOmsVqv/LLQuO7giU2jOVnYibDMR0CcG6XMh2W82te1H6TZ7gLLG9YuGJKQQD\nEIeWO7J6AOFItBOd1ncLf1tOeEfBVKYwjy5HEQwjit3NCXFAf+NPTSRywDqZOtf/\npbntJ0VqqF8yiZrx8XEQy8Y4c1GtE5NxvXxhyXMCFWLERVopFrZyqhv2CMYx87Ny\nHrmoCzUbni9xM2yVpUXoIDeWSQOPzcdvs+clWkrtc6ibl5UMgIYx94L90+uUxiAm\nWYYz1QKCAQALz8aY8ooAfs+Gh6IhjmajwQZ/qxogcXLA6aPirjN1DO36Typ2tqnc\nu+SE9Ld3m9qbWN4t1YLMv0tDDQZ1EFjdNktyqaye5urqusJh2WXUDDMubj2nDMeV\nK35/ik3P4oW7Bg9lvTfTmA+qrwIEgSAySOh4Mx/9svY3dres77itZnOwTzMZeDDc\nVLViwKKLIE64NLUcr/P/32OmLqAxukgMi2c0a3dlZXFZkP65Uwv0R6H3NuXis1jM\ncYF3QdxfhFiZHuQAd7px2C80/30C5C056QTsSO4xIEN3Ch/Osw1aFsb5QEMoKCd7\npKf1h6At7f3PXBmW8b62vQnoBMLW/iO1AoIBAEEehwAp6i0Ei9CPp4slc212/JDW\nmlGNkNF3qLT9/xDmXfiiV5TuHk2OJG9IdTAVU4tCVWyR0kCaALhrIW4AEg9vGtTa\nGFeERjFHujtrx1kdX0uYxZuRMHRZsEH9vJsS8CRX2YusAGdI3DOoEFkd6qTqcK2u\nykJQHmcAtw4pQTINPUxfwrdWfDmZGoJEUD8q6gsq13f/qG/lmh2G0iUC8v2Q7oMb\n2XAOf01S/jHGQpWkDOIPP/lUGCRRxUSoxHpv339Zxa7yLDKepNwG5sjK92lN4Ezj\nIrJ9NoaFah+Z3H+3m3BMXqd05ES30ZkbjMqnugKWkzSno3xR42bHPEjV4rQ=\n-----END RSA PRIVATE KEY-----\n",
            "private_key_pem_pkcs8": "-----BEGIN PRIVATE KEY-----\nMIIJQgIBADANBgkqhkiG9w0BAQEFAASCCSwwggkoAgEAAoICAQDea7W1/pkIBzNK\ndsVc6n+8qpP1JUNNgLvQ/R+18Eb0vkg9I0Kktm2vftCFuJSkvucaW16CbvN7Vr+T\nxE9I+ldYl0DxSNg75e3xmhBXiowc1/OfJnFOeA8UrPVivAryh/khJnBQD9cN2z6y\nEwjDfk9rtGVpc59TNg7pAcJ1ngQtfcRM7KL2OPaBoXyf+rCvHkXjsq9202A9X6k4\nbGpsXwBUniJLy/S7HESIWE6k8JYZJL3j29JLzToo2myQ0RpnEKZ2K8kjTH7il5Qk\n/oLTSEkMGc0Xds/aE510rbkmF+XXgg5ydjl25xU+wT3gnyfsB/lYHheO61aPJd7G\nIaF5+3pZNpReNvFZaqdjuovV5yBMynISaCC9DOvpMo+SyGjbc2d0vLOn4IFV1WeL\nm8H0IoL5LJnFIPutu8coFO4Mtoe/HVVc9kQBOZbmXf+ZMQmP0UCdFZ3PR+Zl/sEC\nqQGT6O9yIlTfzPiatl2A7M9TduQByJfxo3mPfQNqg2WGt1yPXASyuIGSKpzcGy+r\nhFocXe6Auv2gMmAtcCmFu2SgeybCC8a6pkbQaJWR/jTvv6pVrHJYzEqV+eklB/J5\novl9MyfAMia8/zxpDgZYibpY+c5+LmLUoHPwk+3yHvtyGe7JutlqVtrHlHkO7z4B\nEGIA4wNVPuG45vMtABULgB9VuHVs0wIDAQABAoICABfCl9nGReDGrCMDRxgi8Nxd\nuIqSnXr1CptLvwx3i4zvmtX1I1RnLJZ3zJzMWAy1XAjDw/fZFGeTn8mQSgv4ukX7\nenOMHZVgfae2lpJTeZ5HL35L5ATG7I1/4ILYpa68+c8hxRO4bXfMeQka4W/I2YEe\n90ppkJaaCsO3bWeVJssZSVQSX2JAOY0ljCOm6yL57+tgFkByWjCUPIaLhl7nUyi2\n7+D6+7zVSzjpfhU+ojozY5mozPFODi15D+n0fIaQD8hF6ym7LT7VhHzjN2SMr0j8\npJ0iExgvyj1Bpaq9GM+J1DNED+V00B8xE4QgXGppe6h/JnMdDtUh7Ydq5k4aoDoe\nehO+9gmiddAuY6rF4ox4sUPdEzdynlWe9qhdQIFp7E19qfCb+qgS9nbr2mYUn+9U\nMor+1dZylddH/PGxjZ2l57cfWl7e/jNkj15hl/O4IuWNTjfRWgBDA8ppSlhvPnbU\nld5mp0EbwmGfaUawyhlGZXl6DnsJp6jOfRxj7JOMXCSQCVwYS1bkUl5qYMVFn5X+\noXVAJxN8/jvcKu36ok1CHcJr3Hqs7Wui2B18G2vg1+JkLUgNWK+03Zc4ojjyLZKT\nNVg0jYsAA9w6nfIXvDmM2tY60HqANE4S+MoBScsFYZkKAutz5BQRohQ5L+A5fwTl\nW/0M9P2B1s1CXNDmevIZAoIBAQD84tb+yphsCZcmDVoxxLYVq4hQwhgp4XvLAiZz\nOWSksu5YLAvXshqruwb0I9L1txHNY23Ss6An+Zz9P1ECco8BFVBHeCPS94do0JyS\nBzhq4MqUAlrnfrBvXbCRMkifcEYYypSLAH1Isk9E2Fe0ilCJeYK+3JaEhgXoZ3+R\n3fUVAg7KUnF2g2Map1FC/6YZw9GswHOfMCcke8lbxhBvy2F+Rso8BZsN3LOOWeqi\n+5mlKBqywa1eqaRslwW3fDAH0O4ytGue4t0Y8xtl3FFFvLXjyExl3SeujK/eZAIk\n71ABUCeFbA4QXPvkhN3O2Bx9reEY9jo+NeUEHI19hIJtEqIFAoIBAQDhKNXojf68\nmRhf2CM8Dk+vjmPUoimqMDEF1lxbS/YdhAXmeGNSvJSUwbG6sYx1mWhWCfFPDjHo\noD4gfJzSyX0QK4juqNODw1/hck6tVLawLc+lj2t4XNOd8Hy56qfZ5oFhh41QUNVR\nwDSgJK/92e19U8BX1bhHtArnMwRLAz9gSfKBLt3yPwT0DdQtIB14GI+Zy61NXupk\noIEVw2qBv3/WjvK7i4cjW36pDd8ck4eekrVNp1LFkJFVgUJT8WDBDwzEipUsghQS\nqY227iE8/4/d6iuVNfInf6v0gJWUsKCf9CpL5O0eLiO6BCPni6s6sE5vPUdDabXf\nN+T5fz6tt9L3AoIBAQDH/clThPtX7Zm4gTTESTJLHvXWEDm13VneaZvo4gnC6rLt\nzh+rfHH1QBq2tyIeKqKMkMaIrH/LPW+3I/y398s6axWq/8stC47uCJTaM5WdiJsM\nxHQJwbpcyHZbza17UfpNnuAssb1i4YkpBAMQh5Y7snoA4Ui0E53Wdwt/W054R8FU\npjCPLkcRDCOK3c0JcUB/409NJHLAOpk61/+lue0nRWqoXzKJmvHxcRDLxjhzUa0T\nk3G9fGHJcwIVYsRFWikWtnKqG/YIxjHzs3IeuagLNRueL3EzbJWlReggN5ZJA4/N\nx2+z5yVaSu1zqJuXlQyAhjH3gv3T65TGICZZhjPVAoIBAAvPxpjyigB+z4aHoiGO\nZqPBBn+rGiBxcsDpo+KuM3UM7fpPKna2qdy75IT0t3eb2ptY3i3Vgsy/S0MNBnUQ\nWN02S3KprJ7m6uq6wmHZZdQMMy5uPacMx5Urfn+KTc/ihbsGD2W9N9OYD6qvAgSB\nIDJI6HgzH/2y9jd2t6zvuK1mc7BPMxl4MNxUtWLAoosgTrg0tRyv8//fY6YuoDG6\nSAyLZzRrd2VlcVmQ/rlTC/RHofc25eKzWMxxgXdB3F+EWJke5AB3unHYLzT/fQLk\nLTnpBOxI7jEgQ3cKH86zDVoWxvlAQygoJ3ukp/WHoC3t/c9cGZbxvra9CegEwtb+\nI7UCggEAQR6HACnqLQSL0I+niyVzbXb8kNaaUY2Q0XeotP3/EOZd+KJXlO4eTY4k\nb0h1MBVTi0JVbJHSQJoAuGshbgASD28a1NoYV4RGMUe6O2vHWR1fS5jFm5EwdFmw\nQf28mxLwJFfZi6wAZ0jcM6gQWR3qpOpwra7KQlAeZwC3DilBMg09TF/Ct1Z8OZka\ngkRQPyrqCyrXd/+ob+WaHYbSJQLy/ZDugxvZcA5/TVL+McZClaQM4g8/+VQYJFHF\nRKjEem/ff1nFrvIsMp6k3AbmyMr3aU3gTOMisn02hoVqH5ncf7ebcExep3TkRLfR\nmRuMyqe6ApaTNKejfFHjZsc8SNXitA==\n-----END PRIVATE KEY-----\n",
            "public_key_fingerprint_md5": "c6:ce:af:58:96:6b:44:3d:3a:0e:12:20:26:ec:95:10",
            "public_key_fingerprint_sha256": "SHA256:H2//XxMHBUNjZOusur6BCxzPLTPTZag60JXX733lYbE",
            "public_key_openssh": "ssh-rsa AAAAB3NzaC1yc2EAAAADAQABAAACAQDea7W1/pkIBzNKdsVc6n+8qpP1JUNNgLvQ/R+18Eb0vkg9I0Kktm2vftCFuJSkvucaW16CbvN7Vr+TxE9I+ldYl0DxSNg75e3xmhBXiowc1/OfJnFOeA8UrPVivAryh/khJnBQD9cN2z6yEwjDfk9rtGVpc59TNg7pAcJ1ngQtfcRM7KL2OPaBoXyf+rCvHkXjsq9202A9X6k4bGpsXwBUniJLy/S7HESIWE6k8JYZJL3j29JLzToo2myQ0RpnEKZ2K8kjTH7il5Qk/oLTSEkMGc0Xds/aE510rbkmF+XXgg5ydjl25xU+wT3gnyfsB/lYHheO61aPJd7GIaF5+3pZNpReNvFZaqdjuovV5yBMynISaCC9DOvpMo+SyGjbc2d0vLOn4IFV1WeLm8H0IoL5LJnFIPutu8coFO4Mtoe/HVVc9kQBOZbmXf+ZMQmP0UCdFZ3PR+Zl/sECqQGT6O9yIlTfzPiatl2A7M9TduQByJfxo3mPfQNqg2WGt1yPXASyuIGSKpzcGy+rhFocXe6Auv2gMmAtcCmFu2SgeybCC8a6pkbQaJWR/jTvv6pVrHJYzEqV+eklB/J5ovl9MyfAMia8/zxpDgZYibpY+c5+LmLUoHPwk+3yHvtyGe7JutlqVtrHlHkO7z4BEGIA4wNVPuG45vMtABULgB9VuHVs0w==\n",
            "public_key_pem": "-----BEGIN PUBLIC KEY-----\nMIICIjANBgkqhkiG9w0BAQEFAAOCAg8AMIICCgKCAgEA3mu1tf6ZCAczSnbFXOp/\nvKqT9SVDTYC70P0ftfBG9L5IPSNCpLZtr37QhbiUpL7nGltegm7ze1a/k8RPSPpX\nWJdA8UjYO+Xt8ZoQV4qMHNfznyZxTngPFKz1YrwK8of5ISZwUA/XDds+shMIw35P\na7RlaXOfUzYO6QHCdZ4ELX3ETOyi9jj2gaF8n/qwrx5F47KvdtNgPV+pOGxqbF8A\nVJ4iS8v0uxxEiFhOpPCWGSS949vSS806KNpskNEaZxCmdivJI0x+4peUJP6C00hJ\nDBnNF3bP2hOddK25Jhfl14IOcnY5ducVPsE94J8n7Af5WB4XjutWjyXexiGheft6\nWTaUXjbxWWqnY7qL1ecgTMpyEmggvQzr6TKPksho23NndLyzp+CBVdVni5vB9CKC\n+SyZxSD7rbvHKBTuDLaHvx1VXPZEATmW5l3/mTEJj9FAnRWdz0fmZf7BAqkBk+jv\nciJU38z4mrZdgOzPU3bkAciX8aN5j30DaoNlhrdcj1wEsriBkiqc3Bsvq4RaHF3u\ngLr9oDJgLXAphbtkoHsmwgvGuqZG0GiVkf4077+qVaxyWMxKlfnpJQfyeaL5fTMn\nwDImvP88aQ4GWIm6WPnOfi5i1KBz8JPt8h77chnuybrZalbax5R5Du8+ARBiAOMD\nVT7huObzLQAVC4AfVbh1bNMCAwEAAQ==\n-----END PUBLIC KEY-----\n",
            "rsa_bits": 4096
          },
          "sensitive_attributes": [
            [
              {
                "type": "get_attr",
                "value": "private_key_openssh"
              }
            ],
            [
              {
                "type": "get_attr",
                "value": "private_key_pem"
              }
            ],
            [
              {
                "type": "get_attr",
                "value": "private_key_pem_pkcs8"
              }
            ]
          ],
          "identity_schema_version": 0
        }
      ]
    },
    {
      "module": "module.network",
      "mode": "managed",
      "type": "aws_eip",
      "name": "nat_eip",
      "provider": "provider[\"registry.terraform.io/hashicorp/aws\"]",
      "instances": [
        {
          "schema_version": 0,
          "attributes": {
            "address": null,
            "allocation_id": "eipalloc-09f9b29d13f22816c",
            "arn": "arn:aws:ec2:us-east-1:258675983086:elastic-ip/eipalloc-09f9b29d13f22816c",
            "associate_with_private_ip": null,
            "association_id": "eipassoc-0bdd3659dc4c12928",
            "carrier_ip": "",
            "customer_owned_ip": "",
            "customer_owned_ipv4_pool": "",
            "domain": "vpc",
            "id": "eipalloc-09f9b29d13f22816c",
            "instance": "",
            "ipam_pool_id": null,
            "network_border_group": "us-east-1",
            "network_interface": "eni-03b44071d25690056",
            "private_dns": "ip-10-0-1-134.ec2.internal",
            "private_ip": "10.0.1.134",
            "ptr_record": "",
            "public_dns": "ec2-3-212-95-182.compute-1.amazonaws.com",
            "public_ip": "3.212.95.182",
            "public_ipv4_pool": "amazon",
            "region": "us-east-1",
            "tags": {
              "Name": "nat-eip"
            },
            "tags_all": {
              "Name": "nat-eip"
            },
            "timeouts": null
          },
          "sensitive_attributes": [],
          "identity_schema_version": 0,
          "private": "eyJlMmJmYjczMC1lY2FhLTExZTYtOGY4OC0zNDM2M2JjN2M0YzAiOnsiZGVsZXRlIjoxODAwMDAwMDAwMDAsInJlYWQiOjkwMDAwMDAwMDAwMCwidXBkYXRlIjozMDAwMDAwMDAwMDB9fQ=="
        }
      ]
    },
    {
      "module": "module.network",
      "mode": "managed",
      "type": "aws_internet_gateway",
      "name": "igw",
      "provider": "provider[\"registry.terraform.io/hashicorp/aws\"]",
      "instances": [
        {
          "schema_version": 0,
          "attributes": {
            "arn": "arn:aws:ec2:us-east-1:258675983086:internet-gateway/igw-0db45b1ad26443051",
            "id": "igw-0db45b1ad26443051",
            "owner_id": "258675983086",
            "region": "us-east-1",
            "tags": {
              "Name": "sonarqube-igw",
              "access": "public",
              "gateway_type": "main-internet-gateway"
            },
            "tags_all": {
              "Name": "sonarqube-igw",
              "access": "public",
              "gateway_type": "main-internet-gateway"
            },
            "timeouts": null,
            "vpc_id": "vpc-04d1233a819e0e5e2"
          },
          "sensitive_attributes": [],
          "identity_schema_version": 0,
          "private": "eyJlMmJmYjczMC1lY2FhLTExZTYtOGY4OC0zNDM2M2JjN2M0YzAiOnsiY3JlYXRlIjoxMjAwMDAwMDAwMDAwLCJkZWxldGUiOjEyMDAwMDAwMDAwMDAsInVwZGF0ZSI6MTIwMDAwMDAwMDAwMH19",
          "dependencies": [
            "module.vpc.aws_vpc.sonarqube_vpc"
          ]
        }
      ]
    },
    {
      "module": "module.network",
      "mode": "managed",
      "type": "aws_nat_gateway",
      "name": "nat_gw",
      "provider": "provider[\"registry.terraform.io/hashicorp/aws\"]",
      "instances": [
        {
          "schema_version": 0,
          "attributes": {
            "allocation_id": "eipalloc-09f9b29d13f22816c",
            "association_id": "eipassoc-0bdd3659dc4c12928",
            "connectivity_type": "public",
            "id": "nat-0cd4e93e85bc7f11e",
            "network_interface_id": "eni-03b44071d25690056",
            "private_ip": "10.0.1.134",
            "public_ip": "3.212.95.182",
            "region": "us-east-1",
            "secondary_allocation_ids": [],
            "secondary_private_ip_address_count": 0,
            "secondary_private_ip_addresses": [],
            "subnet_id": "subnet-0542cab357678e3c6",
            "tags": {
              "Name": "sonarqube-nat",
              "access": "public ssh access for private subnets",
              "attatched_to": "public-subnet-1a"
            },
            "tags_all": {
              "Name": "sonarqube-nat",
              "access": "public ssh access for private subnets",
              "attatched_to": "public-subnet-1a"
            },
            "timeouts": null
          },
          "sensitive_attributes": [],
          "identity_schema_version": 0,
          "private": "eyJlMmJmYjczMC1lY2FhLTExZTYtOGY4OC0zNDM2M2JjN2M0YzAiOnsiY3JlYXRlIjo2MDAwMDAwMDAwMDAsImRlbGV0ZSI6MTgwMDAwMDAwMDAwMCwidXBkYXRlIjo2MDAwMDAwMDAwMDB9fQ==",
          "dependencies": [
            "module.network.aws_eip.nat_eip",
            "module.vpc.aws_subnet.public_a",
            "module.vpc.aws_subnet.public_b",
            "module.vpc.aws_vpc.sonarqube_vpc"
          ]
        }
      ]
    },
    {
      "module": "module.network",
      "mode": "managed",
      "type": "aws_route_table",
      "name": "private_rt",
      "provider": "provider[\"registry.terraform.io/hashicorp/aws\"]",
      "instances": [
        {
          "schema_version": 0,
          "attributes": {
            "arn": "arn:aws:ec2:us-east-1:258675983086:route-table/rtb-0f8b8595caa556a66",
            "id": "rtb-0f8b8595caa556a66",
            "owner_id": "258675983086",
            "propagating_vgws": [],
            "region": "us-east-1",
            "route": [
              {
                "carrier_gateway_id": "",
                "cidr_block": "0.0.0.0/0",
                "core_network_arn": "",
                "destination_prefix_list_id": "",
                "egress_only_gateway_id": "",
                "gateway_id": "",
                "ipv6_cidr_block": "",
                "local_gateway_id": "",
                "nat_gateway_id": "nat-0cd4e93e85bc7f11e",
                "network_interface_id": "",
                "transit_gateway_id": "",
                "vpc_endpoint_id": "",
                "vpc_peering_connection_id": ""
              }
            ],
            "tags": {
              "Name": "sonarqube-private-route-table",
              "attatched_to": "public-subnet-1 and public-subnet-2"
            },
            "tags_all": {
              "Name": "sonarqube-private-route-table",
              "attatched_to": "public-subnet-1 and public-subnet-2"
            },
            "timeouts": null,
            "vpc_id": "vpc-04d1233a819e0e5e2"
          },
          "sensitive_attributes": [],
          "identity_schema_version": 0,
          "identity": {
            "account_id": "258675983086",
            "id": "rtb-0f8b8595caa556a66",
            "region": "us-east-1"
          },
          "private": "eyJlMmJmYjczMC1lY2FhLTExZTYtOGY4OC0zNDM2M2JjN2M0YzAiOnsiY3JlYXRlIjozMDAwMDAwMDAwMDAsImRlbGV0ZSI6MzAwMDAwMDAwMDAwLCJ1cGRhdGUiOjEyMDAwMDAwMDAwMH19",
          "dependencies": [
            "module.network.aws_eip.nat_eip",
            "module.network.aws_nat_gateway.nat_gw",
            "module.vpc.aws_subnet.public_a",
            "module.vpc.aws_subnet.public_b",
            "module.vpc.aws_vpc.sonarqube_vpc"
          ]
        }
      ]
    },
    {
      "module": "module.network",
      "mode": "managed",
      "type": "aws_route_table",
      "name": "public_rt",
      "provider": "provider[\"registry.terraform.io/hashicorp/aws\"]",
      "instances": [
        {
          "schema_version": 0,
          "attributes": {
            "arn": "arn:aws:ec2:us-east-1:258675983086:route-table/rtb-085fc8b6b8db0d6eb",
            "id": "rtb-085fc8b6b8db0d6eb",
            "owner_id": "258675983086",
            "propagating_vgws": [],
            "region": "us-east-1",
            "route": [
              {
                "carrier_gateway_id": "",
                "cidr_block": "0.0.0.0/0",
                "core_network_arn": "",
                "destination_prefix_list_id": "",
                "egress_only_gateway_id": "",
                "gateway_id": "igw-0db45b1ad26443051",
                "ipv6_cidr_block": "",
                "local_gateway_id": "",
                "nat_gateway_id": "",
                "network_interface_id": "",
                "transit_gateway_id": "",
                "vpc_endpoint_id": "",
                "vpc_peering_connection_id": ""
              }
            ],
            "tags": {
              "Name": "sonarqube-public-route-table",
              "attatched_to": "public-subnet-1 and public-subnet-2"
            },
            "tags_all": {
              "Name": "sonarqube-public-route-table",
              "attatched_to": "public-subnet-1 and public-subnet-2"
            },
            "timeouts": null,
            "vpc_id": "vpc-04d1233a819e0e5e2"
          },
          "sensitive_attributes": [],
          "identity_schema_version": 0,
          "identity": {
            "account_id": "258675983086",
            "id": "rtb-085fc8b6b8db0d6eb",
            "region": "us-east-1"
          },
          "private": "eyJlMmJmYjczMC1lY2FhLTExZTYtOGY4OC0zNDM2M2JjN2M0YzAiOnsiY3JlYXRlIjozMDAwMDAwMDAwMDAsImRlbGV0ZSI6MzAwMDAwMDAwMDAwLCJ1cGRhdGUiOjEyMDAwMDAwMDAwMH19",
          "dependencies": [
            "module.network.aws_internet_gateway.igw",
            "module.vpc.aws_vpc.sonarqube_vpc"
          ]
        }
      ]
    },
    {
      "module": "module.network",
      "mode": "managed",
      "type": "aws_route_table_association",
      "name": "private_a",
      "provider": "provider[\"registry.terraform.io/hashicorp/aws\"]",
      "instances": [
        {
          "schema_version": 0,
          "attributes": {
            "gateway_id": "",
            "id": "rtbassoc-0acc3ac272ecff5ea",
            "region": "us-east-1",
            "route_table_id": "rtb-0f8b8595caa556a66",
            "subnet_id": "subnet-01eaf7a295641392b",
            "timeouts": null
          },
          "sensitive_attributes": [],
          "identity_schema_version": 0,
          "private": "eyJlMmJmYjczMC1lY2FhLTExZTYtOGY4OC0zNDM2M2JjN2M0YzAiOnsiY3JlYXRlIjozMDAwMDAwMDAwMDAsImRlbGV0ZSI6MzAwMDAwMDAwMDAwLCJ1cGRhdGUiOjEyMDAwMDAwMDAwMH19",
          "dependencies": [
            "module.network.aws_eip.nat_eip",
            "module.network.aws_nat_gateway.nat_gw",
            "module.network.aws_route_table.private_rt",
            "module.vpc.aws_subnet.private_a",
            "module.vpc.aws_subnet.private_b",
            "module.vpc.aws_subnet.public_a",
            "module.vpc.aws_subnet.public_b",
            "module.vpc.aws_vpc.sonarqube_vpc"
          ]
        }
      ]
    },
    {
      "module": "module.network",
      "mode": "managed",
      "type": "aws_route_table_association",
      "name": "private_b",
      "provider": "provider[\"registry.terraform.io/hashicorp/aws\"]",
      "instances": [
        {
          "schema_version": 0,
          "attributes": {
            "gateway_id": "",
            "id": "rtbassoc-0197881c932057114",
            "region": "us-east-1",
            "route_table_id": "rtb-0f8b8595caa556a66",
            "subnet_id": "subnet-0f662c33fcc66c815",
            "timeouts": null
          },
          "sensitive_attributes": [],
          "identity_schema_version": 0,
          "private": "eyJlMmJmYjczMC1lY2FhLTExZTYtOGY4OC0zNDM2M2JjN2M0YzAiOnsiY3JlYXRlIjozMDAwMDAwMDAwMDAsImRlbGV0ZSI6MzAwMDAwMDAwMDAwLCJ1cGRhdGUiOjEyMDAwMDAwMDAwMH19",
          "dependencies": [
            "module.network.aws_eip.nat_eip",
            "module.network.aws_nat_gateway.nat_gw",
            "module.network.aws_route_table.private_rt",
            "module.vpc.aws_subnet.private_a",
            "module.vpc.aws_subnet.private_b",
            "module.vpc.aws_subnet.public_a",
            "module.vpc.aws_subnet.public_b",
            "module.vpc.aws_vpc.sonarqube_vpc"
          ]
        }
      ]
    },
    {
      "module": "module.network",
      "mode": "managed",
      "type": "aws_route_table_association",
      "name": "public_a",
      "provider": "provider[\"registry.terraform.io/hashicorp/aws\"]",
      "instances": [
        {
          "schema_version": 0,
          "attributes": {
            "gateway_id": "",
            "id": "rtbassoc-0f33c04c2911ccb65",
            "region": "us-east-1",
            "route_table_id": "rtb-085fc8b6b8db0d6eb",
            "subnet_id": "subnet-0542cab357678e3c6",
            "timeouts": null
          },
          "sensitive_attributes": [],
          "identity_schema_version": 0,
          "private": "eyJlMmJmYjczMC1lY2FhLTExZTYtOGY4OC0zNDM2M2JjN2M0YzAiOnsiY3JlYXRlIjozMDAwMDAwMDAwMDAsImRlbGV0ZSI6MzAwMDAwMDAwMDAwLCJ1cGRhdGUiOjEyMDAwMDAwMDAwMH19",
          "dependencies": [
            "module.network.aws_internet_gateway.igw",
            "module.network.aws_route_table.public_rt",
            "module.vpc.aws_subnet.public_a",
            "module.vpc.aws_subnet.public_b",
            "module.vpc.aws_vpc.sonarqube_vpc"
          ]
        }
      ]
    },
    {
      "module": "module.network",
      "mode": "managed",
      "type": "aws_route_table_association",
      "name": "public_b",
      "provider": "provider[\"registry.terraform.io/hashicorp/aws\"]",
      "instances": [
        {
          "schema_version": 0,
          "attributes": {
            "gateway_id": "",
            "id": "rtbassoc-04da1fa1dfacf38f7",
            "region": "us-east-1",
            "route_table_id": "rtb-085fc8b6b8db0d6eb",
            "subnet_id": "subnet-035873b8d3d902b6b",
            "timeouts": null
          },
          "sensitive_attributes": [],
          "identity_schema_version": 0,
          "private": "eyJlMmJmYjczMC1lY2FhLTExZTYtOGY4OC0zNDM2M2JjN2M0YzAiOnsiY3JlYXRlIjozMDAwMDAwMDAwMDAsImRlbGV0ZSI6MzAwMDAwMDAwMDAwLCJ1cGRhdGUiOjEyMDAwMDAwMDAwMH19",
          "dependencies": [
            "module.network.aws_internet_gateway.igw",
            "module.network.aws_route_table.public_rt",
            "module.vpc.aws_subnet.public_a",
            "module.vpc.aws_subnet.public_b",
            "module.vpc.aws_vpc.sonarqube_vpc"
          ]
        }
      ]
    },
    {
      "module": "module.security",
      "mode": "managed",
      "type": "aws_network_acl",
      "name": "private_nacl",
      "provider": "provider[\"registry.terraform.io/hashicorp/aws\"]",
      "instances": [
        {
          "schema_version": 0,
          "attributes": {
            "arn": "arn:aws:ec2:us-east-1:258675983086:network-acl/acl-019d3f44eef1184ba",
            "egress": [
              {
                "action": "allow",
                "cidr_block": "0.0.0.0/0",
                "from_port": 0,
                "icmp_code": 0,
                "icmp_type": 0,
                "ipv6_cidr_block": "",
                "protocol": "-1",
                "rule_no": 100,
                "to_port": 0
              },
              {
                "action": "allow",
                "cidr_block": "0.0.0.0/0",
                "from_port": 22,
                "icmp_code": 0,
                "icmp_type": 0,
                "ipv6_cidr_block": "",
                "protocol": "6",
                "rule_no": 110,
                "to_port": 22
              },
              {
                "action": "allow",
                "cidr_block": "0.0.0.0/0",
                "from_port": 5432,
                "icmp_code": 0,
                "icmp_type": 0,
                "ipv6_cidr_block": "",
                "protocol": "6",
                "rule_no": 140,
                "to_port": 5432
              },
              {
                "action": "allow",
                "cidr_block": "0.0.0.0/0",
                "from_port": 8080,
                "icmp_code": 0,
                "icmp_type": 0,
                "ipv6_cidr_block": "",
                "protocol": "6",
                "rule_no": 120,
                "to_port": 8080
              },
              {
                "action": "allow",
                "cidr_block": "0.0.0.0/0",
                "from_port": 80,
                "icmp_code": 0,
                "icmp_type": 0,
                "ipv6_cidr_block": "",
                "protocol": "6",
                "rule_no": 150,
                "to_port": 80
              },
              {
                "action": "allow",
                "cidr_block": "0.0.0.0/0",
                "from_port": 9000,
                "icmp_code": 0,
                "icmp_type": 0,
                "ipv6_cidr_block": "",
                "protocol": "6",
                "rule_no": 130,
                "to_port": 9000
              }
            ],
            "id": "acl-019d3f44eef1184ba",
            "ingress": [
              {
                "action": "allow",
                "cidr_block": "0.0.0.0/0",
                "from_port": 0,
                "icmp_code": 0,
                "icmp_type": 0,
                "ipv6_cidr_block": "",
                "protocol": "-1",
                "rule_no": 100,
                "to_port": 0
              },
              {
                "action": "allow",
                "cidr_block": "0.0.0.0/0",
                "from_port": 5432,
                "icmp_code": 0,
                "icmp_type": 0,
                "ipv6_cidr_block": "",
                "protocol": "6",
                "rule_no": 130,
                "to_port": 5432
              },
              {
                "action": "allow",
                "cidr_block": "0.0.0.0/0",
                "from_port": 9000,
                "icmp_code": 0,
                "icmp_type": 0,
                "ipv6_cidr_block": "",
                "protocol": "6",
                "rule_no": 120,
                "to_port": 9000
              },
              {
                "action": "allow",
                "cidr_block": "103.87.45.36/32",
                "from_port": 22,
                "icmp_code": 0,
                "icmp_type": 0,
                "ipv6_cidr_block": "",
                "protocol": "6",
                "rule_no": 110,
                "to_port": 22
              },
              {
                "action": "allow",
                "cidr_block": "173.0.0.0/16",
                "from_port": 22,
                "icmp_code": 0,
                "icmp_type": 0,
                "ipv6_cidr_block": "",
                "protocol": "6",
                "rule_no": 111,
                "to_port": 22
              }
            ],
            "owner_id": "258675983086",
            "region": "us-east-1",
            "subnet_ids": [
              "subnet-01eaf7a295641392b",
              "subnet-0f662c33fcc66c815"
            ],
            "tags": {
              "Name": "private-nacl",
              "access": "private",
              "attached_to": "private subnet a and b"
            },
            "tags_all": {
              "Name": "private-nacl",
              "access": "private",
              "attached_to": "private subnet a and b"
            },
            "vpc_id": "vpc-04d1233a819e0e5e2"
          },
          "sensitive_attributes": [],
          "identity_schema_version": 0,
          "private": "bnVsbA==",
          "dependencies": [
            "module.vpc.aws_vpc.sonarqube_vpc"
          ]
        }
      ]
    },
    {
      "module": "module.security",
      "mode": "managed",
      "type": "aws_network_acl",
      "name": "public_nacl",
      "provider": "provider[\"registry.terraform.io/hashicorp/aws\"]",
      "instances": [
        {
          "schema_version": 0,
          "attributes": {
            "arn": "arn:aws:ec2:us-east-1:258675983086:network-acl/acl-064539403a4154323",
            "egress": [
              {
                "action": "allow",
                "cidr_block": "0.0.0.0/0",
                "from_port": 0,
                "icmp_code": 0,
                "icmp_type": 0,
                "ipv6_cidr_block": "",
                "protocol": "-1",
                "rule_no": 100,
                "to_port": 0
              }
            ],
            "id": "acl-064539403a4154323",
            "ingress": [
              {
                "action": "allow",
                "cidr_block": "0.0.0.0/0",
                "from_port": 443,
                "icmp_code": null,
                "icmp_type": null,
                "ipv6_cidr_block": null,
                "protocol": "tcp",
                "rule_no": 130,
                "to_port": 443
              },
              {
                "action": "allow",
                "cidr_block": "0.0.0.0/0",
                "from_port": 80,
                "icmp_code": null,
                "icmp_type": null,
                "ipv6_cidr_block": null,
                "protocol": "tcp",
                "rule_no": 120,
                "to_port": 80
              },
              {
                "action": "allow",
                "cidr_block": "10.0.0.0/16",
                "from_port": 22,
                "icmp_code": null,
                "icmp_type": null,
                "ipv6_cidr_block": "",
                "protocol": "tcp",
                "rule_no": 1800,
                "to_port": 22
              },
              {
                "action": "allow",
                "cidr_block": "103.87.45.36/32",
                "from_port": 22,
                "icmp_code": null,
                "icmp_type": null,
                "ipv6_cidr_block": null,
                "protocol": "tcp",
                "rule_no": 110,
                "to_port": 22
              },
              {
                "action": "allow",
                "cidr_block": "173.0.0.0/16",
                "from_port": 22,
                "icmp_code": null,
                "icmp_type": null,
                "ipv6_cidr_block": "",
                "protocol": "tcp",
                "rule_no": 1700,
                "to_port": 22
              }
            ],
            "owner_id": "258675983086",
            "region": "us-east-1",
            "subnet_ids": [
              "subnet-035873b8d3d902b6b",
              "subnet-0542cab357678e3c6"
            ],
            "tags": {
              "Name": "public-nacl",
              "access": "public",
              "attached_to": "public subnets a and b"
            },
            "tags_all": {
              "Name": "public-nacl",
              "access": "public",
              "attached_to": "public subnets a and b"
            },
            "vpc_id": "vpc-04d1233a819e0e5e2"
          },
          "sensitive_attributes": [],
          "identity_schema_version": 0,
          "private": "bnVsbA==",
          "dependencies": [
            "module.vpc.aws_vpc.sonarqube_vpc"
          ]
        }
      ]
    },
    {
      "module": "module.security",
      "mode": "managed",
      "type": "aws_network_acl_association",
      "name": "pri_subnet_a_association",
      "provider": "provider[\"registry.terraform.io/hashicorp/aws\"]",
      "instances": [
        {
          "schema_version": 0,
          "attributes": {
            "id": "aclassoc-01f8a5212a74e96a5",
            "network_acl_id": "acl-019d3f44eef1184ba",
            "region": "us-east-1",
            "subnet_id": "subnet-01eaf7a295641392b"
          },
          "sensitive_attributes": [],
          "identity_schema_version": 0,
          "private": "bnVsbA==",
          "dependencies": [
            "module.security.aws_network_acl.private_nacl",
            "module.vpc.aws_subnet.private_a",
            "module.vpc.aws_subnet.private_b",
            "module.vpc.aws_vpc.sonarqube_vpc"
          ]
        }
      ]
    },
    {
      "module": "module.security",
      "mode": "managed",
      "type": "aws_network_acl_association",
      "name": "pri_subnet_b_association",
      "provider": "provider[\"registry.terraform.io/hashicorp/aws\"]",
      "instances": [
        {
          "schema_version": 0,
          "attributes": {
            "id": "aclassoc-0f877850ed3a9ed80",
            "network_acl_id": "acl-019d3f44eef1184ba",
            "region": "us-east-1",
            "subnet_id": "subnet-0f662c33fcc66c815"
          },
          "sensitive_attributes": [],
          "identity_schema_version": 0,
          "private": "bnVsbA==",
          "dependencies": [
            "module.security.aws_network_acl.private_nacl",
            "module.vpc.aws_subnet.private_a",
            "module.vpc.aws_subnet.private_b",
            "module.vpc.aws_vpc.sonarqube_vpc"
          ]
        }
      ]
    },
    {
      "module": "module.security",
      "mode": "managed",
      "type": "aws_network_acl_association",
      "name": "pub_subnet_a_association",
      "provider": "provider[\"registry.terraform.io/hashicorp/aws\"]",
      "instances": [
        {
          "schema_version": 0,
          "attributes": {
            "id": "aclassoc-029fe5a8754f3ed25",
            "network_acl_id": "acl-064539403a4154323",
            "region": "us-east-1",
            "subnet_id": "subnet-0542cab357678e3c6"
          },
          "sensitive_attributes": [],
          "identity_schema_version": 0,
          "private": "bnVsbA==",
          "dependencies": [
            "module.security.aws_network_acl.public_nacl",
            "module.vpc.aws_subnet.public_a",
            "module.vpc.aws_subnet.public_b",
            "module.vpc.aws_vpc.sonarqube_vpc"
          ]
        }
      ]
    },
    {
      "module": "module.security",
      "mode": "managed",
      "type": "aws_network_acl_association",
      "name": "pub_subnet_b_association",
      "provider": "provider[\"registry.terraform.io/hashicorp/aws\"]",
      "instances": [
        {
          "schema_version": 0,
          "attributes": {
            "id": "aclassoc-03bd9ec1bececc3d8",
            "network_acl_id": "acl-064539403a4154323",
            "region": "us-east-1",
            "subnet_id": "subnet-035873b8d3d902b6b"
          },
          "sensitive_attributes": [],
          "identity_schema_version": 0,
          "private": "bnVsbA==",
          "dependencies": [
            "module.security.aws_network_acl.public_nacl",
            "module.vpc.aws_subnet.public_a",
            "module.vpc.aws_subnet.public_b",
            "module.vpc.aws_vpc.sonarqube_vpc"
          ]
        }
      ]
    },
    {
      "module": "module.security",
      "mode": "managed",
      "type": "aws_security_group",
      "name": "postgres_sg",
      "provider": "provider[\"registry.terraform.io/hashicorp/aws\"]",
      "instances": [
        {
          "schema_version": 1,
          "attributes": {
            "arn": "arn:aws:ec2:us-east-1:258675983086:security-group/sg-0aab7837f8e3d52a9",
            "description": "Managed by Terraform",
            "egress": [
              {
                "cidr_blocks": [
                  "0.0.0.0/0"
                ],
                "description": "",
                "from_port": 0,
                "ipv6_cidr_blocks": [],
                "prefix_list_ids": [],
                "protocol": "-1",
                "security_groups": [],
                "self": false,
                "to_port": 0
              }
            ],
            "id": "sg-0aab7837f8e3d52a9",
            "ingress": [
              {
                "cidr_blocks": [],
                "description": "",
                "from_port": 5432,
                "ipv6_cidr_blocks": [],
                "prefix_list_ids": [],
                "protocol": "tcp",
                "security_groups": [
                  "sg-03f07a1c8e9bdca98"
                ],
                "self": false,
                "to_port": 5432
              }
            ],
            "name": "postgres-sg",
            "name_prefix": "",
            "owner_id": "258675983086",
            "region": "us-east-1",
            "revoke_rules_on_delete": false,
            "tags": {
              "Name": "sonarqube-db-sg",
              "attached_to": "pri-db-subnet-1 and pri-db-subnet-2",
              "availibility": "1a 1b"
            },
            "tags_all": {
              "Name": "sonarqube-db-sg",
              "attached_to": "pri-db-subnet-1 and pri-db-subnet-2",
              "availibility": "1a 1b"
            },
            "timeouts": null,
            "vpc_id": "vpc-04d1233a819e0e5e2"
          },
          "sensitive_attributes": [],
          "identity_schema_version": 0,
          "identity": {
            "account_id": "258675983086",
            "id": "sg-0aab7837f8e3d52a9",
            "region": "us-east-1"
          },
          "private": "eyJlMmJmYjczMC1lY2FhLTExZTYtOGY4OC0zNDM2M2JjN2M0YzAiOnsiY3JlYXRlIjo2MDAwMDAwMDAwMDAsImRlbGV0ZSI6OTAwMDAwMDAwMDAwfSwic2NoZW1hX3ZlcnNpb24iOiIxIn0=",
          "dependencies": [
            "module.security.aws_security_group.private_sg",
            "module.security.aws_security_group.public_sg",
            "module.vpc.aws_vpc.sonarqube_vpc"
          ]
        }
      ]
    },
    {
      "module": "module.security",
      "mode": "managed",
      "type": "aws_security_group",
      "name": "private_sg",
      "provider": "provider[\"registry.terraform.io/hashicorp/aws\"]",
      "instances": [
        {
          "schema_version": 1,
          "attributes": {
            "arn": "arn:aws:ec2:us-east-1:258675983086:security-group/sg-03f07a1c8e9bdca98",
            "description": "Allow ALB to EC2 traffic",
            "egress": [
              {
                "cidr_blocks": [
                  "0.0.0.0/0"
                ],
                "description": "",
                "from_port": 0,
                "ipv6_cidr_blocks": [],
                "prefix_list_ids": [],
                "protocol": "-1",
                "security_groups": [],
                "self": false,
                "to_port": 0
              }
            ],
            "id": "sg-03f07a1c8e9bdca98",
            "ingress": [
              {
                "cidr_blocks": [
                  "0.0.0.0/0"
                ],
                "description": "HTTP",
                "from_port": 80,
                "ipv6_cidr_blocks": [],
                "prefix_list_ids": [],
                "protocol": "tcp",
                "security_groups": [],
                "self": false,
                "to_port": 80
              },
              {
                "cidr_blocks": [
                  "173.0.0.0/16"
                ],
                "description": "SSH from requester VPC CIDR",
                "from_port": 22,
                "ipv6_cidr_blocks": [],
                "prefix_list_ids": [],
                "protocol": "tcp",
                "security_groups": [],
                "self": false,
                "to_port": 22
              },
              {
                "cidr_blocks": [],
                "description": "App traffic from ALB",
                "from_port": 9000,
                "ipv6_cidr_blocks": [],
                "prefix_list_ids": [],
                "protocol": "tcp",
                "security_groups": [
                  "sg-0aeb62b7925ad25f5"
                ],
                "self": false,
                "to_port": 9000
              },
              {
                "cidr_blocks": [],
                "description": "Postgres port from private SG",
                "from_port": 5432,
                "ipv6_cidr_blocks": [],
                "prefix_list_ids": [],
                "protocol": "tcp",
                "security_groups": [],
                "self": true,
                "to_port": 5432
              },
              {
                "cidr_blocks": [],
                "description": "SSH from bastion SG",
                "from_port": 22,
                "ipv6_cidr_blocks": [],
                "prefix_list_ids": [],
                "protocol": "tcp",
                "security_groups": [
                  "sg-0aeb62b7925ad25f5"
                ],
                "self": false,
                "to_port": 22
              },
              {
                "cidr_blocks": [],
                "description": "SonarQube port from private SG",
                "from_port": 9000,
                "ipv6_cidr_blocks": [],
                "prefix_list_ids": [],
                "protocol": "tcp",
                "security_groups": [],
                "self": true,
                "to_port": 9000
              }
            ],
            "name": "private-sg",
            "name_prefix": "",
            "owner_id": "258675983086",
            "region": "us-east-1",
            "revoke_rules_on_delete": false,
            "tags": {
              "Name": "sonarqube-private-sg",
              "attached_to": "pri-subnet-1 and pri-subnet-2",
              "availibility": "1a 1b"
            },
            "tags_all": {
              "Name": "sonarqube-private-sg",
              "attached_to": "pri-subnet-1 and pri-subnet-2",
              "availibility": "1a 1b"
            },
            "timeouts": null,
            "vpc_id": "vpc-04d1233a819e0e5e2"
          },
          "sensitive_attributes": [],
          "identity_schema_version": 0,
          "identity": {
            "account_id": "258675983086",
            "id": "sg-03f07a1c8e9bdca98",
            "region": "us-east-1"
          },
          "private": "eyJlMmJmYjczMC1lY2FhLTExZTYtOGY4OC0zNDM2M2JjN2M0YzAiOnsiY3JlYXRlIjo2MDAwMDAwMDAwMDAsImRlbGV0ZSI6OTAwMDAwMDAwMDAwfSwic2NoZW1hX3ZlcnNpb24iOiIxIn0=",
          "dependencies": [
            "module.security.aws_security_group.public_sg",
            "module.vpc.aws_vpc.sonarqube_vpc"
          ]
        }
      ]
    },
    {
      "module": "module.security",
      "mode": "managed",
      "type": "aws_security_group",
      "name": "public_sg",
      "provider": "provider[\"registry.terraform.io/hashicorp/aws\"]",
      "instances": [
        {
          "schema_version": 1,
          "attributes": {
            "arn": "arn:aws:ec2:us-east-1:258675983086:security-group/sg-0aeb62b7925ad25f5",
            "description": "Allow HTTP, HTTPS, SSH",
            "egress": [
              {
                "cidr_blocks": [
                  "0.0.0.0/0"
                ],
                "description": "",
                "from_port": 0,
                "ipv6_cidr_blocks": [],
                "prefix_list_ids": [],
                "protocol": "-1",
                "security_groups": [],
                "self": false,
                "to_port": 0
              }
            ],
            "id": "sg-0aeb62b7925ad25f5",
            "ingress": [
              {
                "cidr_blocks": [
                  "0.0.0.0/0"
                ],
                "description": "HTTP",
                "from_port": 80,
                "ipv6_cidr_blocks": [],
                "prefix_list_ids": [],
                "protocol": "tcp",
                "security_groups": [],
                "self": false,
                "to_port": 80
              },
              {
                "cidr_blocks": [
                  "0.0.0.0/0"
                ],
                "description": "HTTPS",
                "from_port": 443,
                "ipv6_cidr_blocks": [],
                "prefix_list_ids": [],
                "protocol": "tcp",
                "security_groups": [],
                "self": false,
                "to_port": 443
              },
              {
                "cidr_blocks": [
                  "0.0.0.0/0"
                ],
                "description": "ephemeral ports",
                "from_port": 0,
                "ipv6_cidr_blocks": [],
                "prefix_list_ids": [],
                "protocol": "tcp",
                "security_groups": [],
                "self": false,
                "to_port": 65535
              },
              {
                "cidr_blocks": [
                  "103.87.45.36/32",
                  "0.0.0.0/0"
                ],
                "description": "SSH",
                "from_port": 22,
                "ipv6_cidr_blocks": [],
                "prefix_list_ids": [],
                "protocol": "tcp",
                "security_groups": [],
                "self": false,
                "to_port": 22
              }
            ],
            "name": "public-sg",
            "name_prefix": "",
            "owner_id": "258675983086",
            "region": "us-east-1",
            "revoke_rules_on_delete": false,
            "tags": {
              "Name": "sonarqube-public-sg",
              "attached_to": "pub-subnet-1 and pub-subnet-2",
              "availibility": "1a 1b"
            },
            "tags_all": {
              "Name": "sonarqube-public-sg",
              "attached_to": "pub-subnet-1 and pub-subnet-2",
              "availibility": "1a 1b"
            },
            "timeouts": null,
            "vpc_id": "vpc-04d1233a819e0e5e2"
          },
          "sensitive_attributes": [],
          "identity_schema_version": 0,
          "identity": {
            "account_id": "258675983086",
            "id": "sg-0aeb62b7925ad25f5",
            "region": "us-east-1"
          },
          "private": "eyJlMmJmYjczMC1lY2FhLTExZTYtOGY4OC0zNDM2M2JjN2M0YzAiOnsiY3JlYXRlIjo2MDAwMDAwMDAwMDAsImRlbGV0ZSI6OTAwMDAwMDAwMDAwfSwic2NoZW1hX3ZlcnNpb24iOiIxIn0=",
          "dependencies": [
            "module.vpc.aws_vpc.sonarqube_vpc"
          ]
        }
      ]
    },
    {
      "module": "module.vpc",
      "mode": "managed",
      "type": "aws_subnet",
      "name": "private_a",
      "provider": "provider[\"registry.terraform.io/hashicorp/aws\"]",
      "instances": [
        {
          "schema_version": 1,
          "attributes": {
            "arn": "arn:aws:ec2:us-east-1:258675983086:subnet/subnet-01eaf7a295641392b",
            "assign_ipv6_address_on_creation": false,
            "availability_zone": "us-east-1a",
            "availability_zone_id": "use1-az2",
            "cidr_block": "10.0.3.0/24",
            "customer_owned_ipv4_pool": "",
            "enable_dns64": false,
            "enable_lni_at_device_index": 0,
            "enable_resource_name_dns_a_record_on_launch": false,
            "enable_resource_name_dns_aaaa_record_on_launch": false,
            "id": "subnet-01eaf7a295641392b",
            "ipv6_cidr_block": "",
            "ipv6_cidr_block_association_id": "",
            "ipv6_native": false,
            "map_customer_owned_ip_on_launch": false,
            "map_public_ip_on_launch": false,
            "outpost_arn": "",
            "owner_id": "258675983086",
            "private_dns_hostname_type_on_launch": "ip-name",
            "region": "us-east-1",
            "tags": {
              "Name": "sonar-private-subnet-a",
              "access": "through-bastion-host",
              "attatched_to": "private-security-group",
              "az": "1a"
            },
            "tags_all": {
              "Name": "sonar-private-subnet-a",
              "access": "through-bastion-host",
              "attatched_to": "private-security-group",
              "az": "1a"
            },
            "timeouts": null,
            "vpc_id": "vpc-04d1233a819e0e5e2"
          },
          "sensitive_attributes": [],
          "identity_schema_version": 0,
          "identity": {
            "account_id": "258675983086",
            "id": "subnet-01eaf7a295641392b",
            "region": "us-east-1"
          },
          "private": "eyJlMmJmYjczMC1lY2FhLTExZTYtOGY4OC0zNDM2M2JjN2M0YzAiOnsiY3JlYXRlIjo2MDAwMDAwMDAwMDAsImRlbGV0ZSI6MTIwMDAwMDAwMDAwMH0sInNjaGVtYV92ZXJzaW9uIjoiMSJ9",
          "dependencies": [
            "module.vpc.aws_vpc.sonarqube_vpc"
          ]
        }
      ]
    },
    {
      "module": "module.vpc",
      "mode": "managed",
      "type": "aws_subnet",
      "name": "private_b",
      "provider": "provider[\"registry.terraform.io/hashicorp/aws\"]",
      "instances": [
        {
          "schema_version": 1,
          "attributes": {
            "arn": "arn:aws:ec2:us-east-1:258675983086:subnet/subnet-0f662c33fcc66c815",
            "assign_ipv6_address_on_creation": false,
            "availability_zone": "us-east-1b",
            "availability_zone_id": "use1-az4",
            "cidr_block": "10.0.4.0/24",
            "customer_owned_ipv4_pool": "",
            "enable_dns64": false,
            "enable_lni_at_device_index": 0,
            "enable_resource_name_dns_a_record_on_launch": false,
            "enable_resource_name_dns_aaaa_record_on_launch": false,
            "id": "subnet-0f662c33fcc66c815",
            "ipv6_cidr_block": "",
            "ipv6_cidr_block_association_id": "",
            "ipv6_native": false,
            "map_customer_owned_ip_on_launch": false,
            "map_public_ip_on_launch": false,
            "outpost_arn": "",
            "owner_id": "258675983086",
            "private_dns_hostname_type_on_launch": "ip-name",
            "region": "us-east-1",
            "tags": {
              "Name": "sonar-private-subnet-b",
              "access": "through-bastion-host",
              "attatched_to": "private-security-group",
              "az": "1b"
            },
            "tags_all": {
              "Name": "sonar-private-subnet-b",
              "access": "through-bastion-host",
              "attatched_to": "private-security-group",
              "az": "1b"
            },
            "timeouts": null,
            "vpc_id": "vpc-04d1233a819e0e5e2"
          },
          "sensitive_attributes": [],
          "identity_schema_version": 0,
          "identity": {
            "account_id": "258675983086",
            "id": "subnet-0f662c33fcc66c815",
            "region": "us-east-1"
          },
          "private": "eyJlMmJmYjczMC1lY2FhLTExZTYtOGY4OC0zNDM2M2JjN2M0YzAiOnsiY3JlYXRlIjo2MDAwMDAwMDAwMDAsImRlbGV0ZSI6MTIwMDAwMDAwMDAwMH0sInNjaGVtYV92ZXJzaW9uIjoiMSJ9",
          "dependencies": [
            "module.vpc.aws_vpc.sonarqube_vpc"
          ]
        }
      ]
    },
    {
      "module": "module.vpc",
      "mode": "managed",
      "type": "aws_subnet",
      "name": "public_a",
      "provider": "provider[\"registry.terraform.io/hashicorp/aws\"]",
      "instances": [
        {
          "schema_version": 1,
          "attributes": {
            "arn": "arn:aws:ec2:us-east-1:258675983086:subnet/subnet-0542cab357678e3c6",
            "assign_ipv6_address_on_creation": false,
            "availability_zone": "us-east-1a",
            "availability_zone_id": "use1-az2",
            "cidr_block": "10.0.1.0/24",
            "customer_owned_ipv4_pool": "",
            "enable_dns64": false,
            "enable_lni_at_device_index": 0,
            "enable_resource_name_dns_a_record_on_launch": false,
            "enable_resource_name_dns_aaaa_record_on_launch": false,
            "id": "subnet-0542cab357678e3c6",
            "ipv6_cidr_block": "",
            "ipv6_cidr_block_association_id": "",
            "ipv6_native": false,
            "map_customer_owned_ip_on_launch": false,
            "map_public_ip_on_launch": true,
            "outpost_arn": "",
            "owner_id": "258675983086",
            "private_dns_hostname_type_on_launch": "ip-name",
            "region": "us-east-1",
            "tags": {
              "Name": "sonar-public-subnet-a",
              "access": "public",
              "attatched_to": "public-security-group",
              "az": "1a"
            },
            "tags_all": {
              "Name": "sonar-public-subnet-a",
              "access": "public",
              "attatched_to": "public-security-group",
              "az": "1a"
            },
            "timeouts": null,
            "vpc_id": "vpc-04d1233a819e0e5e2"
          },
          "sensitive_attributes": [],
          "identity_schema_version": 0,
          "identity": {
            "account_id": "258675983086",
            "id": "subnet-0542cab357678e3c6",
            "region": "us-east-1"
          },
          "private": "eyJlMmJmYjczMC1lY2FhLTExZTYtOGY4OC0zNDM2M2JjN2M0YzAiOnsiY3JlYXRlIjo2MDAwMDAwMDAwMDAsImRlbGV0ZSI6MTIwMDAwMDAwMDAwMH0sInNjaGVtYV92ZXJzaW9uIjoiMSJ9",
          "dependencies": [
            "module.vpc.aws_vpc.sonarqube_vpc"
          ]
        }
      ]
    },
    {
      "module": "module.vpc",
      "mode": "managed",
      "type": "aws_subnet",
      "name": "public_b",
      "provider": "provider[\"registry.terraform.io/hashicorp/aws\"]",
      "instances": [
        {
          "schema_version": 1,
          "attributes": {
            "arn": "arn:aws:ec2:us-east-1:258675983086:subnet/subnet-035873b8d3d902b6b",
            "assign_ipv6_address_on_creation": false,
            "availability_zone": "us-east-1b",
            "availability_zone_id": "use1-az4",
            "cidr_block": "10.0.2.0/24",
            "customer_owned_ipv4_pool": "",
            "enable_dns64": false,
            "enable_lni_at_device_index": 0,
            "enable_resource_name_dns_a_record_on_launch": false,
            "enable_resource_name_dns_aaaa_record_on_launch": false,
            "id": "subnet-035873b8d3d902b6b",
            "ipv6_cidr_block": "",
            "ipv6_cidr_block_association_id": "",
            "ipv6_native": false,
            "map_customer_owned_ip_on_launch": false,
            "map_public_ip_on_launch": true,
            "outpost_arn": "",
            "owner_id": "258675983086",
            "private_dns_hostname_type_on_launch": "ip-name",
            "region": "us-east-1",
            "tags": {
              "Name": "sonar-public-subnet-b",
              "access": "public",
              "attatched_to": "public-security-group",
              "az": "1b"
            },
            "tags_all": {
              "Name": "sonar-public-subnet-b",
              "access": "public",
              "attatched_to": "public-security-group",
              "az": "1b"
            },
            "timeouts": null,
            "vpc_id": "vpc-04d1233a819e0e5e2"
          },
          "sensitive_attributes": [],
          "identity_schema_version": 0,
          "identity": {
            "account_id": "258675983086",
            "id": "subnet-035873b8d3d902b6b",
            "region": "us-east-1"
          },
          "private": "eyJlMmJmYjczMC1lY2FhLTExZTYtOGY4OC0zNDM2M2JjN2M0YzAiOnsiY3JlYXRlIjo2MDAwMDAwMDAwMDAsImRlbGV0ZSI6MTIwMDAwMDAwMDAwMH0sInNjaGVtYV92ZXJzaW9uIjoiMSJ9",
          "dependencies": [
            "module.vpc.aws_vpc.sonarqube_vpc"
          ]
        }
      ]
    },
    {
      "module": "module.vpc",
      "mode": "managed",
      "type": "aws_vpc",
      "name": "sonarqube_vpc",
      "provider": "provider[\"registry.terraform.io/hashicorp/aws\"]",
      "instances": [
        {
          "schema_version": 1,
          "attributes": {
            "arn": "arn:aws:ec2:us-east-1:258675983086:vpc/vpc-04d1233a819e0e5e2",
            "assign_generated_ipv6_cidr_block": false,
            "cidr_block": "10.0.0.0/16",
            "default_network_acl_id": "acl-0cbabe3e300bd84bc",
            "default_route_table_id": "rtb-00a871f04ac46acff",
            "default_security_group_id": "sg-0f446457349e59767",
            "dhcp_options_id": "dopt-01b58f3750b963cc1",
            "enable_dns_hostnames": true,
            "enable_dns_support": true,
            "enable_network_address_usage_metrics": false,
            "id": "vpc-04d1233a819e0e5e2",
            "instance_tenancy": "default",
            "ipv4_ipam_pool_id": null,
            "ipv4_netmask_length": null,
            "ipv6_association_id": "",
            "ipv6_cidr_block": "",
            "ipv6_cidr_block_network_border_group": "",
            "ipv6_ipam_pool_id": "",
            "ipv6_netmask_length": 0,
            "main_route_table_id": "rtb-00a871f04ac46acff",
            "owner_id": "258675983086",
            "region": "us-east-1",
            "tags": {
              "Name": "sonarqube-vpc",
              "env": "sonarqube-env"
            },
            "tags_all": {
              "Name": "sonarqube-vpc",
              "env": "sonarqube-env"
            }
          },
          "sensitive_attributes": [],
          "identity_schema_version": 0,
          "identity": {
            "account_id": "258675983086",
            "id": "vpc-04d1233a819e0e5e2",
            "region": "us-east-1"
          },
          "private": "eyJzY2hlbWFfdmVyc2lvbiI6IjEifQ=="
        }
      ]
    },
    {
      "module": "module.vpc_peering",
      "mode": "managed",
      "type": "aws_route",
      "name": "accepter_routes",
      "provider": "provider[\"registry.terraform.io/hashicorp/aws\"]",
      "instances": [
        {
          "index_key": 0,
          "schema_version": 0,
          "attributes": {
            "carrier_gateway_id": "",
            "core_network_arn": "",
            "destination_cidr_block": "173.0.0.0/16",
            "destination_ipv6_cidr_block": "",
            "destination_prefix_list_id": "",
            "egress_only_gateway_id": "",
            "gateway_id": "",
            "id": "r-rtb-0f8b8595caa556a662531684018",
            "instance_id": "",
            "instance_owner_id": "",
            "local_gateway_id": "",
            "nat_gateway_id": "",
            "network_interface_id": "",
            "origin": "CreateRoute",
            "region": "us-east-1",
            "route_table_id": "rtb-0f8b8595caa556a66",
            "state": "active",
            "timeouts": null,
            "transit_gateway_id": "",
            "vpc_endpoint_id": "",
            "vpc_peering_connection_id": "pcx-075e69bd9ba5111fe"
          },
          "sensitive_attributes": [],
          "identity_schema_version": 0,
          "identity": {
            "account_id": "258675983086",
            "destination_cidr_block": "173.0.0.0/16",
            "destination_ipv6_cidr_block": null,
            "destination_prefix_list_id": null,
            "region": "us-east-1",
            "route_table_id": "rtb-0f8b8595caa556a66"
          },
          "private": "eyJlMmJmYjczMC1lY2FhLTExZTYtOGY4OC0zNDM2M2JjN2M0YzAiOnsiY3JlYXRlIjozMDAwMDAwMDAwMDAsImRlbGV0ZSI6MzAwMDAwMDAwMDAwLCJ1cGRhdGUiOjEyMDAwMDAwMDAwMH19",
          "dependencies": [
            "data.aws_vpc.existing_vpc",
            "module.network.aws_eip.nat_eip",
            "module.network.aws_nat_gateway.nat_gw",
            "module.network.aws_route_table.private_rt",
            "module.vpc.aws_subnet.public_a",
            "module.vpc.aws_subnet.public_b",
            "module.vpc.aws_vpc.sonarqube_vpc",
            "module.vpc_peering.aws_vpc_peering_connection.this"
          ]
        }
      ]
    },
    {
      "module": "module.vpc_peering",
      "mode": "managed",
      "type": "aws_route",
      "name": "requester_routes",
      "provider": "provider[\"registry.terraform.io/hashicorp/aws\"]",
      "instances": [
        {
          "index_key": 0,
          "schema_version": 0,
          "attributes": {
            "carrier_gateway_id": "",
            "core_network_arn": "",
            "destination_cidr_block": "10.0.0.0/16",
            "destination_ipv6_cidr_block": "",
            "destination_prefix_list_id": "",
            "egress_only_gateway_id": "",
            "gateway_id": "",
            "id": "r-rtb-01e58b2f25c2da6aa179966490",
            "instance_id": "",
            "instance_owner_id": "",
            "local_gateway_id": "",
            "nat_gateway_id": "",
            "network_interface_id": "",
            "origin": "CreateRoute",
            "region": "us-east-1",
            "route_table_id": "rtb-01e58b2f25c2da6aa",
            "state": "active",
            "timeouts": null,
            "transit_gateway_id": "",
            "vpc_endpoint_id": "",
            "vpc_peering_connection_id": "pcx-075e69bd9ba5111fe"
          },
          "sensitive_attributes": [],
          "identity_schema_version": 0,
          "identity": {
            "account_id": "258675983086",
            "destination_cidr_block": "10.0.0.0/16",
            "destination_ipv6_cidr_block": null,
            "destination_prefix_list_id": null,
            "region": "us-east-1",
            "route_table_id": "rtb-01e58b2f25c2da6aa"
          },
          "private": "eyJlMmJmYjczMC1lY2FhLTExZTYtOGY4OC0zNDM2M2JjN2M0YzAiOnsiY3JlYXRlIjozMDAwMDAwMDAwMDAsImRlbGV0ZSI6MzAwMDAwMDAwMDAwLCJ1cGRhdGUiOjEyMDAwMDAwMDAwMH19",
          "dependencies": [
            "data.aws_route_tables.existing_vpc_rts",
            "data.aws_vpc.existing_vpc",
            "module.vpc.aws_vpc.sonarqube_vpc",
            "module.vpc_peering.aws_vpc_peering_connection.this"
          ]
        },
        {
          "index_key": 1,
          "schema_version": 0,
          "attributes": {
            "carrier_gateway_id": "",
            "core_network_arn": "",
            "destination_cidr_block": "10.0.0.0/16",
            "destination_ipv6_cidr_block": "",
            "destination_prefix_list_id": "",
            "egress_only_gateway_id": "",
            "gateway_id": "",
            "id": "r-rtb-03740b0772a667c35179966490",
            "instance_id": "",
            "instance_owner_id": "",
            "local_gateway_id": "",
            "nat_gateway_id": "",
            "network_interface_id": "",
            "origin": "CreateRoute",
            "region": "us-east-1",
            "route_table_id": "rtb-03740b0772a667c35",
            "state": "active",
            "timeouts": null,
            "transit_gateway_id": "",
            "vpc_endpoint_id": "",
            "vpc_peering_connection_id": "pcx-075e69bd9ba5111fe"
          },
          "sensitive_attributes": [],
          "identity_schema_version": 0,
          "identity": {
            "account_id": "258675983086",
            "destination_cidr_block": "10.0.0.0/16",
            "destination_ipv6_cidr_block": null,
            "destination_prefix_list_id": null,
            "region": "us-east-1",
            "route_table_id": "rtb-03740b0772a667c35"
          },
          "private": "eyJlMmJmYjczMC1lY2FhLTExZTYtOGY4OC0zNDM2M2JjN2M0YzAiOnsiY3JlYXRlIjozMDAwMDAwMDAwMDAsImRlbGV0ZSI6MzAwMDAwMDAwMDAwLCJ1cGRhdGUiOjEyMDAwMDAwMDAwMH19",
          "dependencies": [
            "data.aws_route_tables.existing_vpc_rts",
            "data.aws_vpc.existing_vpc",
            "module.vpc.aws_vpc.sonarqube_vpc",
            "module.vpc_peering.aws_vpc_peering_connection.this"
          ]
        },
        {
          "index_key": 2,
          "schema_version": 0,
          "attributes": {
            "carrier_gateway_id": "",
            "core_network_arn": "",
            "destination_cidr_block": "10.0.0.0/16",
            "destination_ipv6_cidr_block": "",
            "destination_prefix_list_id": "",
            "egress_only_gateway_id": "",
            "gateway_id": "",
            "id": "r-rtb-04152d1c7b3c2ff52179966490",
            "instance_id": "",
            "instance_owner_id": "",
            "local_gateway_id": "",
            "nat_gateway_id": "",
            "network_interface_id": "",
            "origin": "CreateRoute",
            "region": "us-east-1",
            "route_table_id": "rtb-04152d1c7b3c2ff52",
            "state": "active",
            "timeouts": null,
            "transit_gateway_id": "",
            "vpc_endpoint_id": "",
            "vpc_peering_connection_id": "pcx-075e69bd9ba5111fe"
          },
          "sensitive_attributes": [],
          "identity_schema_version": 0,
          "identity": {
            "account_id": "258675983086",
            "destination_cidr_block": "10.0.0.0/16",
            "destination_ipv6_cidr_block": null,
            "destination_prefix_list_id": null,
            "region": "us-east-1",
            "route_table_id": "rtb-04152d1c7b3c2ff52"
          },
          "private": "eyJlMmJmYjczMC1lY2FhLTExZTYtOGY4OC0zNDM2M2JjN2M0YzAiOnsiY3JlYXRlIjozMDAwMDAwMDAwMDAsImRlbGV0ZSI6MzAwMDAwMDAwMDAwLCJ1cGRhdGUiOjEyMDAwMDAwMDAwMH19",
          "dependencies": [
            "data.aws_route_tables.existing_vpc_rts",
            "data.aws_vpc.existing_vpc",
            "module.vpc.aws_vpc.sonarqube_vpc",
            "module.vpc_peering.aws_vpc_peering_connection.this"
          ]
        },
        {
          "index_key": 3,
          "schema_version": 0,
          "attributes": {
            "carrier_gateway_id": "",
            "core_network_arn": "",
            "destination_cidr_block": "10.0.0.0/16",
            "destination_ipv6_cidr_block": "",
            "destination_prefix_list_id": "",
            "egress_only_gateway_id": "",
            "gateway_id": "",
            "id": "r-rtb-04556671853ad6709179966490",
            "instance_id": "",
            "instance_owner_id": "",
            "local_gateway_id": "",
            "nat_gateway_id": "",
            "network_interface_id": "",
            "origin": "CreateRoute",
            "region": "us-east-1",
            "route_table_id": "rtb-04556671853ad6709",
            "state": "active",
            "timeouts": null,
            "transit_gateway_id": "",
            "vpc_endpoint_id": "",
            "vpc_peering_connection_id": "pcx-075e69bd9ba5111fe"
          },
          "sensitive_attributes": [],
          "identity_schema_version": 0,
          "identity": {
            "account_id": "258675983086",
            "destination_cidr_block": "10.0.0.0/16",
            "destination_ipv6_cidr_block": null,
            "destination_prefix_list_id": null,
            "region": "us-east-1",
            "route_table_id": "rtb-04556671853ad6709"
          },
          "private": "eyJlMmJmYjczMC1lY2FhLTExZTYtOGY4OC0zNDM2M2JjN2M0YzAiOnsiY3JlYXRlIjozMDAwMDAwMDAwMDAsImRlbGV0ZSI6MzAwMDAwMDAwMDAwLCJ1cGRhdGUiOjEyMDAwMDAwMDAwMH19",
          "dependencies": [
            "data.aws_route_tables.existing_vpc_rts",
            "data.aws_vpc.existing_vpc",
            "module.vpc.aws_vpc.sonarqube_vpc",
            "module.vpc_peering.aws_vpc_peering_connection.this"
          ]
        }
      ]
    },
    {
      "module": "module.vpc_peering",
      "mode": "managed",
      "type": "aws_vpc_peering_connection",
      "name": "this",
      "provider": "provider[\"registry.terraform.io/hashicorp/aws\"]",
      "instances": [
        {
          "schema_version": 0,
          "attributes": {
            "accept_status": "active",
            "accepter": [
              {
                "allow_remote_vpc_dns_resolution": false
              }
            ],
            "auto_accept": true,
            "id": "pcx-075e69bd9ba5111fe",
            "peer_owner_id": "258675983086",
            "peer_region": "us-east-1",
            "peer_vpc_id": "vpc-04d1233a819e0e5e2",
            "region": "us-east-1",
            "requester": [
              {
                "allow_remote_vpc_dns_resolution": false
              }
            ],
            "tags": {
              "Name": "peering-173-to-10",
              "Owner": "Mukesh",
              "Project": "sonarqube-deployment"
            },
            "tags_all": {
              "Name": "peering-173-to-10",
              "Owner": "Mukesh",
              "Project": "sonarqube-deployment"
            },
            "timeouts": null,
            "vpc_id": "vpc-00f02dc789ed26995"
          },
          "sensitive_attributes": [],
          "identity_schema_version": 0,
          "private": "eyJlMmJmYjczMC1lY2FhLTExZTYtOGY4OC0zNDM2M2JjN2M0YzAiOnsiY3JlYXRlIjo2MDAwMDAwMDAwMCwiZGVsZXRlIjo2MDAwMDAwMDAwMCwidXBkYXRlIjo2MDAwMDAwMDAwMH19",
          "dependencies": [
            "data.aws_vpc.existing_vpc",
            "module.vpc.aws_vpc.sonarqube_vpc"
          ]
        }
      ]
    }
  ],
  "check_results": null
}
