{
  "version": 4,
  "terraform_version": "1.13.5",
  "serial": 376,
  "lineage": "88009a2e-9086-6e11-5b13-94b1177a1235",
  "outputs": {
    "alb_dns_name": {
      "value": "sonarqube-alb-internet-355968100.us-east-1.elb.amazonaws.com",
      "type": "string"
    },
    "aws_private_instance_ip": {
      "value": [
        "10.0.4.159",
        "10.0.3.52"
      ],
      "type": [
        "tuple",
        [
          "string",
          "string"
        ]
      ]
    },
    "public_ip_of_bastion": {
      "value": "3.215.184.43",
      "type": "string"
    },
    "user": {
      "value": [
        "ubuntu",
        "ubuntu"
      ],
      "type": [
        "tuple",
        [
          "string",
          "string"
        ]
      ]
    },
    "vpc_id": {
      "value": "vpc-017015f75cb0d3b9d",
      "type": "string"
    }
  },
  "resources": [
    {
      "module": "module.alb",
      "mode": "managed",
      "type": "aws_lb",
      "name": "alb",
      "provider": "provider[\"registry.terraform.io/hashicorp/aws\"]",
      "instances": [
        {
          "schema_version": 0,
          "attributes": {
            "access_logs": [
              {
                "bucket": "",
                "enabled": false,
                "prefix": ""
              }
            ],
            "arn": "arn:aws:elasticloadbalancing:us-east-1:242201269239:loadbalancer/app/sonarqube-alb-internet/e328d287d4699890",
            "arn_suffix": "app/sonarqube-alb-internet/e328d287d4699890",
            "client_keep_alive": 3600,
            "connection_logs": [
              {
                "bucket": "",
                "enabled": false,
                "prefix": ""
              }
            ],
            "customer_owned_ipv4_pool": "",
            "desync_mitigation_mode": "defensive",
            "dns_name": "sonarqube-alb-internet-355968100.us-east-1.elb.amazonaws.com",
            "dns_record_client_routing_policy": null,
            "drop_invalid_header_fields": false,
            "enable_cross_zone_load_balancing": true,
            "enable_deletion_protection": false,
            "enable_http2": true,
            "enable_tls_version_and_cipher_suite_headers": false,
            "enable_waf_fail_open": false,
            "enable_xff_client_port": false,
            "enable_zonal_shift": false,
            "enforce_security_group_inbound_rules_on_private_link_traffic": "",
            "id": "arn:aws:elasticloadbalancing:us-east-1:242201269239:loadbalancer/app/sonarqube-alb-internet/e328d287d4699890",
            "idle_timeout": 60,
            "internal": false,
            "ip_address_type": "ipv4",
            "ipam_pools": [],
            "load_balancer_type": "application",
            "minimum_load_balancer_capacity": [],
            "name": "sonarqube-alb-internet",
            "name_prefix": "",
            "preserve_host_header": false,
            "region": "us-east-1",
            "secondary_ips_auto_assigned_per_subnet": null,
            "security_groups": [
              "sg-02d173b577c77e9ff"
            ],
            "subnet_mapping": [
              {
                "allocation_id": "",
                "ipv6_address": "",
                "outpost_id": "",
                "private_ipv4_address": "",
                "subnet_id": "subnet-04be9a1f339df6e3b"
              },
              {
                "allocation_id": "",
                "ipv6_address": "",
                "outpost_id": "",
                "private_ipv4_address": "",
                "subnet_id": "subnet-0c8f21cb50068ae09"
              }
            ],
            "subnets": [
              "subnet-04be9a1f339df6e3b",
              "subnet-0c8f21cb50068ae09"
            ],
            "tags": {
              "Name": "sonarqube-alb-intenet-facing",
              "type": "load balancer"
            },
            "tags_all": {
              "Name": "sonarqube-alb-intenet-facing",
              "type": "load balancer"
            },
            "timeouts": null,
            "vpc_id": "vpc-017015f75cb0d3b9d",
            "xff_header_processing_mode": "append",
            "zone_id": "Z35SXDOTRQ7X7K"
          },
          "sensitive_attributes": [],
          "identity_schema_version": 0,
          "identity": {
            "arn": "arn:aws:elasticloadbalancing:us-east-1:242201269239:loadbalancer/app/sonarqube-alb-internet/e328d287d4699890"
          },
          "private": "eyJlMmJmYjczMC1lY2FhLTExZTYtOGY4OC0zNDM2M2JjN2M0YzAiOnsiY3JlYXRlIjo2MDAwMDAwMDAwMDAsImRlbGV0ZSI6NjAwMDAwMDAwMDAwLCJ1cGRhdGUiOjYwMDAwMDAwMDAwMH19",
          "dependencies": [
            "module.security.aws_security_group.public_sg",
            "module.vpc.aws_subnet.public_a",
            "module.vpc.aws_subnet.public_b",
            "module.vpc.aws_vpc.sonarqube_vpc"
          ]
        }
      ]
    },
    {
      "module": "module.alb",
      "mode": "managed",
      "type": "aws_lb_listener",
      "name": "listener",
      "provider": "provider[\"registry.terraform.io/hashicorp/aws\"]",
      "instances": [
        {
          "schema_version": 0,
          "attributes": {
            "alpn_policy": null,
            "arn": "arn:aws:elasticloadbalancing:us-east-1:242201269239:listener/app/sonarqube-alb-internet/e328d287d4699890/1c69648040e8bd52",
            "certificate_arn": null,
            "default_action": [
              {
                "authenticate_cognito": [],
                "authenticate_oidc": [],
                "fixed_response": [],
                "forward": [],
                "order": 1,
                "redirect": [],
                "target_group_arn": "arn:aws:elasticloadbalancing:us-east-1:242201269239:targetgroup/sonarqube-tg/9d7b017a60d17dd3",
                "type": "forward"
              }
            ],
            "id": "arn:aws:elasticloadbalancing:us-east-1:242201269239:listener/app/sonarqube-alb-internet/e328d287d4699890/1c69648040e8bd52",
            "load_balancer_arn": "arn:aws:elasticloadbalancing:us-east-1:242201269239:loadbalancer/app/sonarqube-alb-internet/e328d287d4699890",
            "mutual_authentication": [],
            "port": 80,
            "protocol": "HTTP",
            "region": "us-east-1",
            "routing_http_request_x_amzn_mtls_clientcert_header_name": null,
            "routing_http_request_x_amzn_mtls_clientcert_issuer_header_name": null,
            "routing_http_request_x_amzn_mtls_clientcert_leaf_header_name": null,
            "routing_http_request_x_amzn_mtls_clientcert_serial_number_header_name": null,
            "routing_http_request_x_amzn_mtls_clientcert_subject_header_name": null,
            "routing_http_request_x_amzn_mtls_clientcert_validity_header_name": null,
            "routing_http_request_x_amzn_tls_cipher_suite_header_name": null,
            "routing_http_request_x_amzn_tls_version_header_name": null,
            "routing_http_response_access_control_allow_credentials_header_value": "",
            "routing_http_response_access_control_allow_headers_header_value": "",
            "routing_http_response_access_control_allow_methods_header_value": "",
            "routing_http_response_access_control_allow_origin_header_value": "",
            "routing_http_response_access_control_expose_headers_header_value": "",
            "routing_http_response_access_control_max_age_header_value": "",
            "routing_http_response_content_security_policy_header_value": "",
            "routing_http_response_server_enabled": true,
            "routing_http_response_strict_transport_security_header_value": "",
            "routing_http_response_x_content_type_options_header_value": "",
            "routing_http_response_x_frame_options_header_value": "",
            "ssl_policy": "",
            "tags": {},
            "tags_all": {},
            "tcp_idle_timeout_seconds": null,
            "timeouts": null
          },
          "sensitive_attributes": [],
          "identity_schema_version": 0,
          "identity": {
            "arn": "arn:aws:elasticloadbalancing:us-east-1:242201269239:listener/app/sonarqube-alb-internet/e328d287d4699890/1c69648040e8bd52"
          },
          "private": "eyJlMmJmYjczMC1lY2FhLTExZTYtOGY4OC0zNDM2M2JjN2M0YzAiOnsiY3JlYXRlIjozMDAwMDAwMDAwMDAsInVwZGF0ZSI6MzAwMDAwMDAwMDAwfX0=",
          "dependencies": [
            "module.alb.aws_lb.alb",
            "module.alb.aws_lb_target_group.tg",
            "module.security.aws_security_group.public_sg",
            "module.vpc.aws_subnet.public_a",
            "module.vpc.aws_subnet.public_b",
            "module.vpc.aws_vpc.sonarqube_vpc"
          ]
        }
      ]
    },
    {
      "module": "module.alb",
      "mode": "managed",
      "type": "aws_lb_target_group",
      "name": "tg",
      "provider": "provider[\"registry.terraform.io/hashicorp/aws\"]",
      "instances": [
        {
          "schema_version": 0,
          "attributes": {
            "arn": "arn:aws:elasticloadbalancing:us-east-1:242201269239:targetgroup/sonarqube-tg/9d7b017a60d17dd3",
            "arn_suffix": "targetgroup/sonarqube-tg/9d7b017a60d17dd3",
            "connection_termination": null,
            "deregistration_delay": "300",
            "health_check": [
              {
                "enabled": true,
                "healthy_threshold": 3,
                "interval": 30,
                "matcher": "200",
                "path": "/",
                "port": "9000",
                "protocol": "HTTP",
                "timeout": 5,
                "unhealthy_threshold": 3
              }
            ],
            "id": "arn:aws:elasticloadbalancing:us-east-1:242201269239:targetgroup/sonarqube-tg/9d7b017a60d17dd3",
            "ip_address_type": "ipv4",
            "lambda_multi_value_headers_enabled": false,
            "load_balancer_arns": [
              "arn:aws:elasticloadbalancing:us-east-1:242201269239:loadbalancer/app/sonarqube-alb-internet/e328d287d4699890"
            ],
            "load_balancing_algorithm_type": "round_robin",
            "load_balancing_anomaly_mitigation": "off",
            "load_balancing_cross_zone_enabled": "use_load_balancer_configuration",
            "name": "sonarqube-tg",
            "name_prefix": "",
            "port": 9000,
            "preserve_client_ip": null,
            "protocol": "HTTP",
            "protocol_version": "HTTP1",
            "proxy_protocol_v2": false,
            "region": "us-east-1",
            "slow_start": 0,
            "stickiness": [
              {
                "cookie_duration": 86400,
                "cookie_name": "",
                "enabled": false,
                "type": "lb_cookie"
              }
            ],
            "tags": {
              "access": "through alb",
              "open_port": "9000 and 5432",
              "subnet": "private"
            },
            "tags_all": {
              "access": "through alb",
              "open_port": "9000 and 5432",
              "subnet": "private"
            },
            "target_failover": [
              {
                "on_deregistration": null,
                "on_unhealthy": null
              }
            ],
            "target_group_health": [
              {
                "dns_failover": [
                  {
                    "minimum_healthy_targets_count": "1",
                    "minimum_healthy_targets_percentage": "off"
                  }
                ],
                "unhealthy_state_routing": [
                  {
                    "minimum_healthy_targets_count": 1,
                    "minimum_healthy_targets_percentage": "off"
                  }
                ]
              }
            ],
            "target_health_state": [
              {
                "enable_unhealthy_connection_termination": null,
                "unhealthy_draining_interval": null
              }
            ],
            "target_type": "instance",
            "vpc_id": "vpc-017015f75cb0d3b9d"
          },
          "sensitive_attributes": [],
          "identity_schema_version": 0,
          "identity": {
            "arn": "arn:aws:elasticloadbalancing:us-east-1:242201269239:targetgroup/sonarqube-tg/9d7b017a60d17dd3"
          },
          "private": "bnVsbA==",
          "dependencies": [
            "module.vpc.aws_vpc.sonarqube_vpc"
          ]
        }
      ]
    },
    {
      "module": "module.compute",
      "mode": "data",
      "type": "aws_ami",
      "name": "ubuntu",
      "provider": "provider[\"registry.terraform.io/hashicorp/aws\"]",
      "instances": [
        {
          "schema_version": 0,
          "attributes": {
            "allow_unsafe_filter": null,
            "architecture": "x86_64",
            "arn": "arn:aws:ec2:us-east-1::image/ami-00b13f11600160c10",
            "block_device_mappings": [
              {
                "device_name": "/dev/sda1",
                "ebs": {
                  "delete_on_termination": "true",
                  "encrypted": "false",
                  "iops": "0",
                  "snapshot_id": "snap-083ad679757e9dbbd",
                  "throughput": "0",
                  "volume_initialization_rate": "0",
                  "volume_size": "8",
                  "volume_type": "gp2"
                },
                "no_device": "",
                "virtual_name": ""
              },
              {
                "device_name": "/dev/sdb",
                "ebs": {},
                "no_device": "",
                "virtual_name": "ephemeral0"
              },
              {
                "device_name": "/dev/sdc",
                "ebs": {},
                "no_device": "",
                "virtual_name": "ephemeral1"
              }
            ],
            "boot_mode": "uefi-preferred",
            "creation_date": "2025-11-11T07:04:04.000Z",
            "deprecation_time": "2027-11-11T07:04:04.000Z",
            "description": "Canonical, Ubuntu, 22.04, amd64 jammy image",
            "ena_support": true,
            "executable_users": null,
            "filter": [
              {
                "name": "name",
                "values": [
                  "ubuntu/images/hvm-ssd/ubuntu-jammy-22.04-amd64-server-*"
                ]
              }
            ],
            "hypervisor": "xen",
            "id": "ami-00b13f11600160c10",
            "image_id": "ami-00b13f11600160c10",
            "image_location": "amazon/ubuntu/images/hvm-ssd/ubuntu-jammy-22.04-amd64-server-20251111",
            "image_owner_alias": "amazon",
            "image_type": "machine",
            "imds_support": "",
            "include_deprecated": false,
            "kernel_id": "",
            "last_launched_time": "",
            "most_recent": true,
            "name": "ubuntu/images/hvm-ssd/ubuntu-jammy-22.04-amd64-server-20251111",
            "name_regex": null,
            "owner_id": "099720109477",
            "owners": [
              "099720109477"
            ],
            "platform": "",
            "platform_details": "Linux/UNIX",
            "product_codes": [],
            "public": true,
            "ramdisk_id": "",
            "region": "us-east-1",
            "root_device_name": "/dev/sda1",
            "root_device_type": "ebs",
            "root_snapshot_id": "snap-083ad679757e9dbbd",
            "sriov_net_support": "simple",
            "state": "available",
            "state_reason": {
              "code": "UNSET",
              "message": "UNSET"
            },
            "tags": {},
            "timeouts": null,
            "tpm_support": "",
            "uefi_data": null,
            "usage_operation": "RunInstances",
            "virtualization_type": "hvm"
          },
          "sensitive_attributes": [],
          "identity_schema_version": 0
        }
      ]
    },
    {
      "module": "module.compute",
      "mode": "managed",
      "type": "aws_instance",
      "name": "private_server_a",
      "provider": "provider[\"registry.terraform.io/hashicorp/aws\"]",
      "instances": [
        {
          "schema_version": 2,
          "attributes": {
            "ami": "ami-00b13f11600160c10",
            "arn": "arn:aws:ec2:us-east-1:242201269239:instance/i-05be12121a81e57aa",
            "associate_public_ip_address": false,
            "availability_zone": "us-east-1a",
            "capacity_reservation_specification": [
              {
                "capacity_reservation_preference": "open",
                "capacity_reservation_target": []
              }
            ],
            "cpu_options": [
              {
                "amd_sev_snp": "",
                "core_count": 1,
                "threads_per_core": 2
              }
            ],
            "credit_specification": [
              {
                "cpu_credits": "unlimited"
              }
            ],
            "disable_api_stop": false,
            "disable_api_termination": false,
            "ebs_block_device": [],
            "ebs_optimized": false,
            "enable_primary_ipv6": null,
            "enclave_options": [
              {
                "enabled": false
              }
            ],
            "ephemeral_block_device": [],
            "force_destroy": false,
            "get_password_data": false,
            "hibernation": false,
            "host_id": "",
            "host_resource_group_arn": null,
            "iam_instance_profile": "",
            "id": "i-05be12121a81e57aa",
            "instance_initiated_shutdown_behavior": "stop",
            "instance_lifecycle": "",
            "instance_market_options": [],
            "instance_state": "running",
            "instance_type": "t3.large",
            "ipv6_address_count": 0,
            "ipv6_addresses": [],
            "key_name": "sonarqube-key",
            "launch_template": [],
            "maintenance_options": [
              {
                "auto_recovery": "default"
              }
            ],
            "metadata_options": [
              {
                "http_endpoint": "enabled",
                "http_protocol_ipv6": "disabled",
                "http_put_response_hop_limit": 1,
                "http_tokens": "optional",
                "instance_metadata_tags": "disabled"
              }
            ],
            "monitoring": false,
            "network_interface": [],
            "outpost_arn": "",
            "password_data": "",
            "placement_group": "",
            "placement_group_id": "",
            "placement_partition_number": 0,
            "primary_network_interface": [
              {
                "delete_on_termination": true,
                "network_interface_id": "eni-04e3c71da4a78ac44"
              }
            ],
            "primary_network_interface_id": "eni-04e3c71da4a78ac44",
            "private_dns": "ip-10-0-3-52.ec2.internal",
            "private_dns_name_options": [
              {
                "enable_resource_name_dns_a_record": false,
                "enable_resource_name_dns_aaaa_record": false,
                "hostname_type": "ip-name"
              }
            ],
            "private_ip": "10.0.3.52",
            "public_dns": "",
            "public_ip": "",
            "region": "us-east-1",
            "root_block_device": [
              {
                "delete_on_termination": true,
                "device_name": "/dev/sda1",
                "encrypted": false,
                "iops": 100,
                "kms_key_id": "",
                "tags": {},
                "tags_all": {},
                "throughput": 0,
                "volume_id": "vol-01ea7746e8afd8338",
                "volume_size": 8,
                "volume_type": "gp2"
              }
            ],
            "secondary_private_ips": [],
            "security_groups": [],
            "source_dest_check": true,
            "spot_instance_request_id": "",
            "subnet_id": "subnet-0911e1d6036153f12",
            "tags": {
              "Name": "private-server-1a",
              "az": "1a"
            },
            "tags_all": {
              "Name": "private-server-1a",
              "az": "1a"
            },
            "tenancy": "default",
            "timeouts": null,
            "user_data": null,
            "user_data_base64": null,
            "user_data_replace_on_change": false,
            "volume_tags": null,
            "vpc_security_group_ids": [
              "sg-090d7ddca63773579",
              "sg-0c6b698ec2c0e5ebf"
            ]
          },
          "sensitive_attributes": [],
          "identity_schema_version": 0,
          "identity": {
            "account_id": "242201269239",
            "id": "i-05be12121a81e57aa",
            "region": "us-east-1"
          },
          "private": "eyJlMmJmYjczMC1lY2FhLTExZTYtOGY4OC0zNDM2M2JjN2M0YzAiOnsiY3JlYXRlIjo2MDAwMDAwMDAwMDAsImRlbGV0ZSI6MTIwMDAwMDAwMDAwMCwicmVhZCI6OTAwMDAwMDAwMDAwLCJ1cGRhdGUiOjYwMDAwMDAwMDAwMH0sInNjaGVtYV92ZXJzaW9uIjoiMiJ9",
          "dependencies": [
            "module.compute.data.aws_ami.ubuntu",
            "module.keypair.aws_key_pair.key",
            "module.keypair.tls_private_key.key",
            "module.security.aws_security_group.postgres_sg",
            "module.security.aws_security_group.private_sg",
            "module.security.aws_security_group.public_sg",
            "module.vpc.aws_subnet.private_a",
            "module.vpc.aws_subnet.private_b",
            "module.vpc.aws_vpc.sonarqube_vpc"
          ]
        }
      ]
    },
    {
      "module": "module.compute",
      "mode": "managed",
      "type": "aws_instance",
      "name": "private_server_b",
      "provider": "provider[\"registry.terraform.io/hashicorp/aws\"]",
      "instances": [
        {
          "schema_version": 2,
          "attributes": {
            "ami": "ami-00b13f11600160c10",
            "arn": "arn:aws:ec2:us-east-1:242201269239:instance/i-0c90b196da69a4ab2",
            "associate_public_ip_address": false,
            "availability_zone": "us-east-1b",
            "capacity_reservation_specification": [
              {
                "capacity_reservation_preference": "open",
                "capacity_reservation_target": []
              }
            ],
            "cpu_options": [
              {
                "amd_sev_snp": "",
                "core_count": 1,
                "threads_per_core": 2
              }
            ],
            "credit_specification": [
              {
                "cpu_credits": "unlimited"
              }
            ],
            "disable_api_stop": false,
            "disable_api_termination": false,
            "ebs_block_device": [],
            "ebs_optimized": false,
            "enable_primary_ipv6": null,
            "enclave_options": [
              {
                "enabled": false
              }
            ],
            "ephemeral_block_device": [],
            "force_destroy": false,
            "get_password_data": false,
            "hibernation": false,
            "host_id": "",
            "host_resource_group_arn": null,
            "iam_instance_profile": "",
            "id": "i-0c90b196da69a4ab2",
            "instance_initiated_shutdown_behavior": "stop",
            "instance_lifecycle": "",
            "instance_market_options": [],
            "instance_state": "running",
            "instance_type": "t3.large",
            "ipv6_address_count": 0,
            "ipv6_addresses": [],
            "key_name": "sonarqube-key",
            "launch_template": [],
            "maintenance_options": [
              {
                "auto_recovery": "default"
              }
            ],
            "metadata_options": [
              {
                "http_endpoint": "enabled",
                "http_protocol_ipv6": "disabled",
                "http_put_response_hop_limit": 1,
                "http_tokens": "optional",
                "instance_metadata_tags": "disabled"
              }
            ],
            "monitoring": false,
            "network_interface": [],
            "outpost_arn": "",
            "password_data": "",
            "placement_group": "",
            "placement_group_id": "",
            "placement_partition_number": 0,
            "primary_network_interface": [
              {
                "delete_on_termination": true,
                "network_interface_id": "eni-05a572b48ff14a037"
              }
            ],
            "primary_network_interface_id": "eni-05a572b48ff14a037",
            "private_dns": "ip-10-0-4-159.ec2.internal",
            "private_dns_name_options": [
              {
                "enable_resource_name_dns_a_record": false,
                "enable_resource_name_dns_aaaa_record": false,
                "hostname_type": "ip-name"
              }
            ],
            "private_ip": "10.0.4.159",
            "public_dns": "",
            "public_ip": "",
            "region": "us-east-1",
            "root_block_device": [
              {
                "delete_on_termination": true,
                "device_name": "/dev/sda1",
                "encrypted": false,
                "iops": 100,
                "kms_key_id": "",
                "tags": {},
                "tags_all": {},
                "throughput": 0,
                "volume_id": "vol-078ae8a28a9c3e9bf",
                "volume_size": 8,
                "volume_type": "gp2"
              }
            ],
            "secondary_private_ips": [],
            "security_groups": [],
            "source_dest_check": true,
            "spot_instance_request_id": "",
            "subnet_id": "subnet-01dd0e492f5552dc3",
            "tags": {
              "Name": "private-server-1b",
              "az": "1b"
            },
            "tags_all": {
              "Name": "private-server-1b",
              "az": "1b"
            },
            "tenancy": "default",
            "timeouts": null,
            "user_data": null,
            "user_data_base64": null,
            "user_data_replace_on_change": false,
            "volume_tags": null,
            "vpc_security_group_ids": [
              "sg-090d7ddca63773579",
              "sg-0c6b698ec2c0e5ebf"
            ]
          },
          "sensitive_attributes": [],
          "identity_schema_version": 0,
          "identity": {
            "account_id": "242201269239",
            "id": "i-0c90b196da69a4ab2",
            "region": "us-east-1"
          },
          "private": "eyJlMmJmYjczMC1lY2FhLTExZTYtOGY4OC0zNDM2M2JjN2M0YzAiOnsiY3JlYXRlIjo2MDAwMDAwMDAwMDAsImRlbGV0ZSI6MTIwMDAwMDAwMDAwMCwicmVhZCI6OTAwMDAwMDAwMDAwLCJ1cGRhdGUiOjYwMDAwMDAwMDAwMH0sInNjaGVtYV92ZXJzaW9uIjoiMiJ9",
          "dependencies": [
            "module.compute.data.aws_ami.ubuntu",
            "module.keypair.aws_key_pair.key",
            "module.keypair.tls_private_key.key",
            "module.security.aws_security_group.postgres_sg",
            "module.security.aws_security_group.private_sg",
            "module.security.aws_security_group.public_sg",
            "module.vpc.aws_subnet.private_a",
            "module.vpc.aws_subnet.private_b",
            "module.vpc.aws_vpc.sonarqube_vpc"
          ]
        }
      ]
    },
    {
      "module": "module.compute",
      "mode": "managed",
      "type": "aws_instance",
      "name": "public_ec2",
      "provider": "provider[\"registry.terraform.io/hashicorp/aws\"]",
      "instances": [
        {
          "schema_version": 2,
          "attributes": {
            "ami": "ami-00b13f11600160c10",
            "arn": "arn:aws:ec2:us-east-1:242201269239:instance/i-04aa6d3c0a213ac9a",
            "associate_public_ip_address": true,
            "availability_zone": "us-east-1a",
            "capacity_reservation_specification": [
              {
                "capacity_reservation_preference": "open",
                "capacity_reservation_target": []
              }
            ],
            "cpu_options": [
              {
                "amd_sev_snp": "",
                "core_count": 1,
                "threads_per_core": 1
              }
            ],
            "credit_specification": [
              {
                "cpu_credits": "standard"
              }
            ],
            "disable_api_stop": false,
            "disable_api_termination": false,
            "ebs_block_device": [],
            "ebs_optimized": false,
            "enable_primary_ipv6": null,
            "enclave_options": [
              {
                "enabled": false
              }
            ],
            "ephemeral_block_device": [],
            "force_destroy": false,
            "get_password_data": false,
            "hibernation": false,
            "host_id": "",
            "host_resource_group_arn": null,
            "iam_instance_profile": "",
            "id": "i-04aa6d3c0a213ac9a",
            "instance_initiated_shutdown_behavior": "stop",
            "instance_lifecycle": "",
            "instance_market_options": [],
            "instance_state": "running",
            "instance_type": "t2.micro",
            "ipv6_address_count": 0,
            "ipv6_addresses": [],
            "key_name": "sonarqube-key",
            "launch_template": [],
            "maintenance_options": [
              {
                "auto_recovery": "default"
              }
            ],
            "metadata_options": [
              {
                "http_endpoint": "enabled",
                "http_protocol_ipv6": "disabled",
                "http_put_response_hop_limit": 1,
                "http_tokens": "optional",
                "instance_metadata_tags": "disabled"
              }
            ],
            "monitoring": false,
            "network_interface": [],
            "outpost_arn": "",
            "password_data": "",
            "placement_group": "",
            "placement_group_id": "",
            "placement_partition_number": 0,
            "primary_network_interface": [
              {
                "delete_on_termination": true,
                "network_interface_id": "eni-092f443cd985f75f9"
              }
            ],
            "primary_network_interface_id": "eni-092f443cd985f75f9",
            "private_dns": "ip-10-0-1-178.ec2.internal",
            "private_dns_name_options": [
              {
                "enable_resource_name_dns_a_record": false,
                "enable_resource_name_dns_aaaa_record": false,
                "hostname_type": "ip-name"
              }
            ],
            "private_ip": "10.0.1.178",
            "public_dns": "ec2-3-215-184-43.compute-1.amazonaws.com",
            "public_ip": "3.215.184.43",
            "region": "us-east-1",
            "root_block_device": [
              {
                "delete_on_termination": true,
                "device_name": "/dev/sda1",
                "encrypted": false,
                "iops": 100,
                "kms_key_id": "",
                "tags": {},
                "tags_all": {},
                "throughput": 0,
                "volume_id": "vol-039b5191fd5560359",
                "volume_size": 8,
                "volume_type": "gp2"
              }
            ],
            "secondary_private_ips": [],
            "security_groups": [],
            "source_dest_check": true,
            "spot_instance_request_id": "",
            "subnet_id": "subnet-0c8f21cb50068ae09",
            "tags": {
              "Name": "public-ec2-instance",
              "type": "bastion host"
            },
            "tags_all": {
              "Name": "public-ec2-instance",
              "type": "bastion host"
            },
            "tenancy": "default",
            "timeouts": null,
            "user_data": null,
            "user_data_base64": null,
            "user_data_replace_on_change": false,
            "volume_tags": null,
            "vpc_security_group_ids": [
              "sg-02d173b577c77e9ff"
            ]
          },
          "sensitive_attributes": [],
          "identity_schema_version": 0,
          "identity": {
            "account_id": "242201269239",
            "id": "i-04aa6d3c0a213ac9a",
            "region": "us-east-1"
          },
          "private": "eyJlMmJmYjczMC1lY2FhLTExZTYtOGY4OC0zNDM2M2JjN2M0YzAiOnsiY3JlYXRlIjo2MDAwMDAwMDAwMDAsImRlbGV0ZSI6MTIwMDAwMDAwMDAwMCwicmVhZCI6OTAwMDAwMDAwMDAwLCJ1cGRhdGUiOjYwMDAwMDAwMDAwMH0sInNjaGVtYV92ZXJzaW9uIjoiMiJ9",
          "dependencies": [
            "module.compute.data.aws_ami.ubuntu",
            "module.keypair.aws_key_pair.key",
            "module.keypair.tls_private_key.key",
            "module.security.aws_security_group.public_sg",
            "module.vpc.aws_subnet.public_a",
            "module.vpc.aws_subnet.public_b",
            "module.vpc.aws_vpc.sonarqube_vpc"
          ]
        }
      ]
    },
    {
      "module": "module.compute",
      "mode": "managed",
      "type": "aws_launch_template",
      "name": "lt",
      "provider": "provider[\"registry.terraform.io/hashicorp/aws\"]",
      "instances": [
        {
          "schema_version": 1,
          "attributes": {
            "arn": "arn:aws:ec2:us-east-1:242201269239:launch-template/lt-0be74d26557fd16c2",
            "block_device_mappings": [],
            "capacity_reservation_specification": [],
            "cpu_options": [],
            "credit_specification": [],
            "default_version": 1,
            "description": "",
            "disable_api_stop": false,
            "disable_api_termination": false,
            "ebs_optimized": "",
            "enclave_options": [],
            "hibernation_options": [],
            "iam_instance_profile": [],
            "id": "lt-0be74d26557fd16c2",
            "image_id": "ami-00b13f11600160c10",
            "instance_initiated_shutdown_behavior": "",
            "instance_market_options": [],
            "instance_requirements": [],
            "instance_type": "t3.medium",
            "kernel_id": "",
            "key_name": "sonarqube-key",
            "latest_version": 1,
            "license_specification": [],
            "maintenance_options": [],
            "metadata_options": [],
            "monitoring": [],
            "name": "sonarqube-lt-20251112100930275200000007",
            "name_prefix": "sonarqube-lt-",
            "network_interfaces": [],
            "placement": [],
            "private_dns_name_options": [],
            "ram_disk_id": "",
            "region": "us-east-1",
            "security_group_names": [],
            "tag_specifications": [],
            "tags": {
              "Name": "private-server-1a",
              "az": "1a"
            },
            "tags_all": {
              "Name": "private-server-1a",
              "az": "1a"
            },
            "update_default_version": null,
            "user_data": "",
            "vpc_security_group_ids": [
              "sg-090d7ddca63773579",
              "sg-0c6b698ec2c0e5ebf"
            ]
          },
          "sensitive_attributes": [],
          "identity_schema_version": 0,
          "private": "eyJzY2hlbWFfdmVyc2lvbiI6IjEifQ==",
          "dependencies": [
            "module.compute.data.aws_ami.ubuntu",
            "module.keypair.aws_key_pair.key",
            "module.keypair.tls_private_key.key",
            "module.security.aws_security_group.postgres_sg",
            "module.security.aws_security_group.private_sg",
            "module.security.aws_security_group.public_sg",
            "module.vpc.aws_vpc.sonarqube_vpc"
          ]
        }
      ]
    },
    {
      "module": "module.compute",
      "mode": "managed",
      "type": "aws_launch_template",
      "name": "sonarqube_lt",
      "provider": "provider[\"registry.terraform.io/hashicorp/aws\"]",
      "instances": [
        {
          "schema_version": 1,
          "attributes": {
            "arn": "arn:aws:ec2:us-east-1:242201269239:launch-template/lt-0758b1eef9e7737a4",
            "block_device_mappings": [],
            "capacity_reservation_specification": [],
            "cpu_options": [],
            "credit_specification": [],
            "default_version": 1,
            "description": "",
            "disable_api_stop": false,
            "disable_api_termination": false,
            "ebs_optimized": "",
            "enclave_options": [],
            "hibernation_options": [],
            "iam_instance_profile": [],
            "id": "lt-0758b1eef9e7737a4",
            "image_id": "ami-00b13f11600160c10",
            "instance_initiated_shutdown_behavior": "",
            "instance_market_options": [],
            "instance_requirements": [],
            "instance_type": "t3.large",
            "kernel_id": "",
            "key_name": "sonarqube-key",
            "latest_version": 1,
            "license_specification": [],
            "maintenance_options": [],
            "metadata_options": [],
            "monitoring": [],
            "name": "sonarqube-lt-",
            "name_prefix": "",
            "network_interfaces": [],
            "placement": [],
            "private_dns_name_options": [],
            "ram_disk_id": "",
            "region": "us-east-1",
            "security_group_names": [],
            "tag_specifications": [],
            "tags": {
              "launch_template": "sonarqube-launch-template",
              "sec_grp": "private and postgres",
              "situated_in": "private subnet"
            },
            "tags_all": {
              "launch_template": "sonarqube-launch-template",
              "sec_grp": "private and postgres",
              "situated_in": "private subnet"
            },
            "update_default_version": null,
            "user_data": "",
            "vpc_security_group_ids": [
              "sg-02d173b577c77e9ff"
            ]
          },
          "sensitive_attributes": [],
          "identity_schema_version": 0,
          "private": "eyJzY2hlbWFfdmVyc2lvbiI6IjEifQ==",
          "dependencies": [
            "module.compute.data.aws_ami.ubuntu",
            "module.keypair.aws_key_pair.key",
            "module.keypair.tls_private_key.key",
            "module.security.aws_security_group.public_sg",
            "module.vpc.aws_vpc.sonarqube_vpc"
          ]
        }
      ]
    },
    {
      "module": "module.keypair",
      "mode": "managed",
      "type": "aws_key_pair",
      "name": "key",
      "provider": "provider[\"registry.terraform.io/hashicorp/aws\"]",
      "instances": [
        {
          "schema_version": 1,
          "attributes": {
            "arn": "arn:aws:ec2:us-east-1:242201269239:key-pair/sonarqube-key",
            "fingerprint": "d4:16:d2:b6:18:78:35:04:e0:09:f2:64:c3:94:2d:b5",
            "id": "sonarqube-key",
            "key_name": "sonarqube-key",
            "key_name_prefix": "",
            "key_pair_id": "key-0031bc4219ced9515",
            "key_type": "rsa",
            "public_key": "ssh-rsa AAAAB3NzaC1yc2EAAAADAQABAAACAQDcwcXk1Jmn2mXLFFSSJGx2R64nOUENw5Sbp/BLUjY6hYV6d6joYRbBvNAUI/pmBAa8atVopcHVZd46VCErTo+OA6VaJhJTlLjXzbsq+0uRTSpgE2ibS9s8fxRVXR52zYSV+f90ZGOV/8eSxZjBcXCVAKQUDmPP/ndTcnYFd5J3P+NA8iae6MGR1U73ZImumfKlbCfcluq5/9yG+VIScKvJFObKpsEzr2WACdJjXPxEw11WvpmjenMcntNE27bjdWQL9T+NPVU76ifA9Jd0aLkd0czvg/hLO6MxE2YbXYCrGnWJZmatdCUzcknuh4IlrGSTMgWQ3qyl+c+2slaiM4xVzUJtRDRisMIjy26vXAW9cjVNMxxCmxeGrp15wYdpovTgO7GYaywtPFE8gQdbolAmYOoxHOKgbZLoMDVRRBbczJjs8TF9LTImIXgj0nTGBDC6dxdajhrNE+GTdlj5aX2OPJZ/1N2IdPDZLz7+W+dtZSzdrHJOQHWLUM2TAZwaf0ASIve3XV2rfGCyeQpMKgP5ph4kVwiRZkmoQq5rsFQav3txaCV4R6AQjAbqxM14nFOt4bcVN9KdXd2wOBd7Gx4uV2vTjGKTiGdN4OeIe6FPv7EOkb0Ogib5602ei4psO9uZzArQ3T8Y3taI2gfSJkLBHR60vvrFfwiddGrxEqSYtw==",
            "region": "us-east-1",
            "tags": {},
            "tags_all": {}
          },
          "sensitive_attributes": [],
          "identity_schema_version": 0,
          "private": "eyJzY2hlbWFfdmVyc2lvbiI6IjEifQ==",
          "dependencies": [
            "module.keypair.tls_private_key.key"
          ]
        }
      ]
    },
    {
      "module": "module.keypair",
      "mode": "managed",
      "type": "local_file",
      "name": "private_key",
      "provider": "provider[\"registry.terraform.io/hashicorp/local\"]",
      "instances": [
        {
          "schema_version": 0,
          "attributes": {
            "content": "-----BEGIN RSA PRIVATE KEY-----\nMIIJKAIBAAKCAgEA3MHF5NSZp9plyxRUkiRsdkeuJzlBDcOUm6fwS1I2OoWFeneo\n6GEWwbzQFCP6ZgQGvGrVaKXB1WXeOlQhK06PjgOlWiYSU5S41827KvtLkU0qYBNo\nm0vbPH8UVV0eds2Elfn/dGRjlf/HksWYwXFwlQCkFA5jz/53U3J2BXeSdz/jQPIm\nnujBkdVO92SJrpnypWwn3Jbquf/chvlSEnCryRTmyqbBM69lgAnSY1z8RMNdVr6Z\no3pzHJ7TRNu243VkC/U/jT1VO+onwPSXdGi5HdHM74P4SzujMRNmG12Aqxp1iWZm\nrXQlM3JJ7oeCJaxkkzIFkN6spfnPtrJWojOMVc1CbUQ0YrDCI8tur1wFvXI1TTMc\nQpsXhq6decGHaaL04DuxmGssLTxRPIEHW6JQJmDqMRzioG2S6DA1UUQW3MyY7PEx\nfS0yJiF4I9J0xgQwuncXWo4azRPhk3ZY+Wl9jjyWf9TdiHTw2S8+/lvnbWUs3axy\nTkB1i1DNkwGcGn9AEiL3t11dq3xgsnkKTCoD+aYeJFcIkWZJqEKua7BUGr97cWgl\neEegEIwG6sTNeJxTreG3FTfSnV3dsDgXexseLldr04xik4hnTeDniHuhT7+xDpG9\nDoIm+etNnouKbDvbmcwK0N0/GN7WiNoH0iZCwR0etL76xX8InXRq8RKkmLcCAwEA\nAQKCAgAhhhT89216IwgFpfRjLmrWL3PP+w7Y/el0azVqNXWMv41nQq1WKgr1qCxa\nfU2KQ8mYwAnhLBgvxZomIMkvYBfGyOD0ZrGucE2oX/1bZ/Fa2G1l96yRYMdN/D0P\nQDvfGL4DXy/0R0Z5l0UsZxttIkKm2K5naU6uXbCrQxzkdFBmvD9Q3opk5BMj3VEc\n7+9EokD0mWRtnZwkW37sHwff9azwtV7dns3aK87tzxAHDNjhFwtL9Vfe4+Uqjyf6\n3fl7uJj/2Td/Gwr1iqKM19f5fT8XZdk0SkXgzuatDjVu/xe0uX495ly+BymbEsZi\nwGtQOJ9xXE2iFAlYjy4u9WLYm5wPfKg4LrtbmIeIaTBY8OhqNdTMQVVD7F6yIkyu\n3vr2lPNJj3iDaXkGMZIh1xLo+7EnPcfCIpQ07j/3OzcQ3Zs1RFh2gHzYzRuotoOc\n/GC8qxQo3M/NQguv0rpUBIFag2pFSw7+5HlxGLEUOorwgXbcIgMaCQ6g4si8g5mJ\n5Br81prFRUPc7COdNcwJNYnjD6CQwKb5ftG4jPceo8ZYnXQp8Lr/QqO15iH4dgJd\nsYnKPbEDueKWIQ5iwFBWoKdioMvYFO2hV9A7gs2ftKwC1L8M2XXRPGJBDe7BhPv9\ngR9MbprtiZETbWkwDNywcomUpgMWJPMxxJRMeRRo46kQK0TqmQKCAQEA44EppIce\nXtSeVjZXBepXTZanxRTNhZEkswdUVk9dfyZTNIKDyqHamEw/MuOhu/XLuyp9YukT\nFk9Zj19uyvoX4JDgCDO1ku8ZEBGG8cO7won3r4dsNIu/uFCJUMsWr20hJY99y8N+\n9oyYPtBYBzbgo9vYB6YnniTVEgimFaGZpuTa0mE8AZcOu39jEDwhMixekv5pKRUl\nfY9cXxA+B7OE9fI84Tus0y/Pb23QCqb0dG0p+JGyy16DZq0I6K+kPMptc5rwt6WA\nMWKJ0AX6OCnk8BnWECJkiZUoEpnZQgoWaEt7agnUa8+Bf1clXbA6HVhHuVg1DXA+\nN1Y+kxMgJeXMOwKCAQEA+GhAOsdiUMRZerjt1pLgouiw2ObaBToCB2pAHENrZJab\ntGpMCuRgr+UbzGJMmymIx0PxtZN2jljlAAkqNpvkxP3RFtQgmp5nvFhMVPTRZaZ8\n7R4Hj9ohm5yqCvBeVHTy81WIIfDvUDB1fdwA/h12Dc87rJ4Bij10g+kHA4AtNKi6\n5vVx5q5oLKbKhSqVE+x7laomOaP41Y5Cy2v9+WBR5A69dTMf5/zhuWYjbrPBlhKI\nd1mIS+jlRrjZA9ly593esO1JESVsgIxwh0ftZovttW5JZp36vmYFBiZIoegLC3C7\nwhio3cxK1HB2J40XlipkDmJ/HcWGtFW+inQJx8VptQKCAQEA3A7z2NFZ7yB6h6nI\nQ1CJYeN4JIoawjfC5+kPCu154qOPmBsmn7ovV2FpQDAvIUB/8GsJHcOVUt8uIiCN\naoi+z9lS2pwp5hagh4psnS5XT7Vkf8TeRXVn3UEJkbzgFI/aoBpL8+0FwjX8jcW5\nYEEUyWq9a6isaav27ZqwC/xkQ6rafuTOxjr3ZSWzDOEcuwtv739m+PYbbXheQRXU\n6l4bHktR2AuBAEYewAnYUnVrv7JYBrfn2g9xyr9U/r3mf2bOuCQG85yCg0JtS2p8\nvhbH+/cBuFmMJgjA2j02iUp4oilhFxCrCB2PhT0mR5lOnVPnDMDlkDoh9CTYIis9\nzWqaQQKCAQA3wncAercX+Cs5v/8rVkb0apUf6xnvaGkCLxh6/6tApgoHgoDVRRRr\nB1upEjut7LHWQOsl3hcTtuKYknYWUgIVMgBYRn+XFY2lmpBv1ZCXZ7rNIxuBb+5x\nVsZYtEIIZUQP2Rg4vjOJ5YbKHLNgV06jpOv5QHKKDGd2IL3BTGlZU7K4m0nZBTc/\nJqV5JOjX0xKestXnxGXb0hYuQWx+KN/Y+HIQt8wmr/4fNs0nUVRYEortd3x/xaSJ\nrn6QPaRsZcJSJsFrBuKHLH8p7rxcc3aFbl8tmLKrQI1KJxfQuByakdCjrhNhzjTR\n4Pi0whgUTimtjPCJx0gIfOLLg2aaoDatAoIBABHHEKa0hBPzfJpSTsG9nqQfwaun\nq4hk9Yx37XF1tWuMZZm3FSVJErckjylp56wDL3UXEd5qypd1yFZSUP+AmMLEFLN3\nlVT5/N6D5kfHDGTQL8teIb2l62m5bp2SviMkEE11yBmWGV+SAukFkKdiAbESsjI0\nH02VxeCvUY9lUe+HGtVOG8PnuMGPwjhOfk42pbMg4/4cajT8e2ns64wEjLXV/rlZ\ni6r2QPsx50twdCh5Ux3b/7nWtTaiREPzdHuDOe3q4WC0yFdfPtDO+yOA0Open7GR\nbYf1EDqR144SxplyhC3sHkoYZmcfUVTjWGkRfGiUjgIEsDonztje2/SyF4k=\n-----END RSA PRIVATE KEY-----\n",
            "content_base64": null,
            "content_base64sha256": "mtEHgNzMiPDgAVMUXYD4zIQpu+2FS5MrgK7wrsVAHaQ=",
            "content_base64sha512": "Fe0pRpT2CTeg2ow9SFZgHsXlIo8gQ7K1htmZLJQQhfaROLfWQsYhJKGzwtC+yHY+z+z1KfSsE6HpDaEH8exg5g==",
            "content_md5": "bdec0eb68b9d90e2a440f8f6102b08b3",
            "content_sha1": "a4ba4b044dc656fedf59fa90b60963468c3f9cc5",
            "content_sha256": "9ad10780dccc88f0e00153145d80f8cc8429bbed854b932b80aef0aec5401da4",
            "content_sha512": "15ed294694f60937a0da8c3d4856601ec5e5228f2043b2b586d9992c941085f69138b7d642c62124a1b3c2d0bec8763ecfecf529f4ac13a1e90da107f1ec60e6",
            "directory_permission": "0777",
            "file_permission": "0400",
            "filename": ".ssh/sonarqube-key.pem",
            "id": "a4ba4b044dc656fedf59fa90b60963468c3f9cc5",
            "sensitive_content": null,
            "source": null
          },
          "sensitive_attributes": [
            [
              {
                "type": "get_attr",
                "value": "content"
              }
            ],
            [
              {
                "type": "get_attr",
                "value": "sensitive_content"
              }
            ]
          ],
          "identity_schema_version": 0,
          "dependencies": [
            "module.keypair.tls_private_key.key"
          ]
        }
      ]
    },
    {
      "module": "module.keypair",
      "mode": "managed",
      "type": "tls_private_key",
      "name": "key",
      "provider": "provider[\"registry.terraform.io/hashicorp/tls\"]",
      "instances": [
        {
          "schema_version": 1,
          "attributes": {
            "algorithm": "RSA",
            "ecdsa_curve": "P224",
            "id": "86f373437f52602d3cc83f61ba50c65f37aa709a",
            "private_key_openssh": "-----BEGIN OPENSSH PRIVATE KEY-----\nb3BlbnNzaC1rZXktdjEAAAAABG5vbmUAAAAEbm9uZQAAAAAAAAABAAACFwAAAAdz\nc2gtcnNhAAAAAwEAAQAAAgEA3MHF5NSZp9plyxRUkiRsdkeuJzlBDcOUm6fwS1I2\nOoWFeneo6GEWwbzQFCP6ZgQGvGrVaKXB1WXeOlQhK06PjgOlWiYSU5S41827KvtL\nkU0qYBNom0vbPH8UVV0eds2Elfn/dGRjlf/HksWYwXFwlQCkFA5jz/53U3J2BXeS\ndz/jQPImnujBkdVO92SJrpnypWwn3Jbquf/chvlSEnCryRTmyqbBM69lgAnSY1z8\nRMNdVr6Zo3pzHJ7TRNu243VkC/U/jT1VO+onwPSXdGi5HdHM74P4SzujMRNmG12A\nqxp1iWZmrXQlM3JJ7oeCJaxkkzIFkN6spfnPtrJWojOMVc1CbUQ0YrDCI8tur1wF\nvXI1TTMcQpsXhq6decGHaaL04DuxmGssLTxRPIEHW6JQJmDqMRzioG2S6DA1UUQW\n3MyY7PExfS0yJiF4I9J0xgQwuncXWo4azRPhk3ZY+Wl9jjyWf9TdiHTw2S8+/lvn\nbWUs3axyTkB1i1DNkwGcGn9AEiL3t11dq3xgsnkKTCoD+aYeJFcIkWZJqEKua7BU\nGr97cWgleEegEIwG6sTNeJxTreG3FTfSnV3dsDgXexseLldr04xik4hnTeDniHuh\nT7+xDpG9DoIm+etNnouKbDvbmcwK0N0/GN7WiNoH0iZCwR0etL76xX8InXRq8RKk\nmLcAAAc4JiE/tSYhP7UAAAAHc3NoLXJzYQAAAgEA3MHF5NSZp9plyxRUkiRsdkeu\nJzlBDcOUm6fwS1I2OoWFeneo6GEWwbzQFCP6ZgQGvGrVaKXB1WXeOlQhK06PjgOl\nWiYSU5S41827KvtLkU0qYBNom0vbPH8UVV0eds2Elfn/dGRjlf/HksWYwXFwlQCk\nFA5jz/53U3J2BXeSdz/jQPImnujBkdVO92SJrpnypWwn3Jbquf/chvlSEnCryRTm\nyqbBM69lgAnSY1z8RMNdVr6Zo3pzHJ7TRNu243VkC/U/jT1VO+onwPSXdGi5HdHM\n74P4SzujMRNmG12Aqxp1iWZmrXQlM3JJ7oeCJaxkkzIFkN6spfnPtrJWojOMVc1C\nbUQ0YrDCI8tur1wFvXI1TTMcQpsXhq6decGHaaL04DuxmGssLTxRPIEHW6JQJmDq\nMRzioG2S6DA1UUQW3MyY7PExfS0yJiF4I9J0xgQwuncXWo4azRPhk3ZY+Wl9jjyW\nf9TdiHTw2S8+/lvnbWUs3axyTkB1i1DNkwGcGn9AEiL3t11dq3xgsnkKTCoD+aYe\nJFcIkWZJqEKua7BUGr97cWgleEegEIwG6sTNeJxTreG3FTfSnV3dsDgXexseLldr\n04xik4hnTeDniHuhT7+xDpG9DoIm+etNnouKbDvbmcwK0N0/GN7WiNoH0iZCwR0e\ntL76xX8InXRq8RKkmLcAAAADAQABAAACACGGFPz3bXojCAWl9GMuatYvc8/7Dtj9\n6XRrNWo1dYy/jWdCrVYqCvWoLFp9TYpDyZjACeEsGC/FmiYgyS9gF8bI4PRmsa5w\nTahf/Vtn8VrYbWX3rJFgx038PQ9AO98YvgNfL/RHRnmXRSxnG20iQqbYrmdpTq5d\nsKtDHOR0UGa8P1DeimTkEyPdURzv70SiQPSZZG2dnCRbfuwfB9/1rPC1Xt2ezdor\nzu3PEAcM2OEXC0v1V97j5SqPJ/rd+Xu4mP/ZN38bCvWKoozX1/l9Pxdl2TRKReDO\n5q0ONW7/F7S5fj3mXL4HKZsSxmLAa1A4n3FcTaIUCViPLi71YtibnA98qDguu1uY\nh4hpMFjw6Go11MxBVUPsXrIiTK7e+vaU80mPeINpeQYxkiHXEuj7sSc9x8IilDTu\nP/c7NxDdmzVEWHaAfNjNG6i2g5z8YLyrFCjcz81CC6/SulQEgVqDakVLDv7keXEY\nsRQ6ivCBdtwiAxoJDqDiyLyDmYnkGvzWmsVFQ9zsI501zAk1ieMPoJDApvl+0biM\n9x6jxliddCnwuv9Co7XmIfh2Al2xico9sQO54pYhDmLAUFagp2Kgy9gU7aFX0DuC\nzZ+0rALUvwzZddE8YkEN7sGE+/2BH0xumu2JkRNtaTAM3LByiZSmAxYk8zHElEx5\nFGjjqRArROqZAAABABHHEKa0hBPzfJpSTsG9nqQfwaunq4hk9Yx37XF1tWuMZZm3\nFSVJErckjylp56wDL3UXEd5qypd1yFZSUP+AmMLEFLN3lVT5/N6D5kfHDGTQL8te\nIb2l62m5bp2SviMkEE11yBmWGV+SAukFkKdiAbESsjI0H02VxeCvUY9lUe+HGtVO\nG8PnuMGPwjhOfk42pbMg4/4cajT8e2ns64wEjLXV/rlZi6r2QPsx50twdCh5Ux3b\n/7nWtTaiREPzdHuDOe3q4WC0yFdfPtDO+yOA0Open7GRbYf1EDqR144SxplyhC3s\nHkoYZmcfUVTjWGkRfGiUjgIEsDonztje2/SyF4kAAAEBAOOBKaSHHl7UnlY2VwXq\nV02Wp8UUzYWRJLMHVFZPXX8mUzSCg8qh2phMPzLjobv1y7sqfWLpExZPWY9fbsr6\nF+CQ4AgztZLvGRARhvHDu8KJ96+HbDSLv7hQiVDLFq9tISWPfcvDfvaMmD7QWAc2\n4KPb2AemJ54k1RIIphWhmabk2tJhPAGXDrt/YxA8ITIsXpL+aSkVJX2PXF8QPgez\nhPXyPOE7rNMvz29t0Aqm9HRtKfiRssteg2atCOivpDzKbXOa8LelgDFiidAF+jgp\n5PAZ1hAiZImVKBKZ2UIKFmhLe2oJ1GvPgX9XJV2wOh1YR7lYNQ1wPjdWPpMTICXl\nzDsAAAEBAPhoQDrHYlDEWXq47daS4KLosNjm2gU6AgdqQBxDa2SWm7RqTArkYK/l\nG8xiTJspiMdD8bWTdo5Y5QAJKjab5MT90RbUIJqeZ7xYTFT00WWmfO0eB4/aIZuc\nqgrwXlR08vNViCHw71AwdX3cAP4ddg3PO6yeAYo9dIPpBwOALTSouub1ceauaCym\nyoUqlRPse5WqJjmj+NWOQstr/flgUeQOvXUzH+f84blmI26zwZYSiHdZiEvo5Ua4\n2QPZcufd3rDtSRElbICMcIdH7WaL7bVuSWad+r5mBQYmSKHoCwtwu8IYqN3MStRw\ndieNF5YqZA5ifx3FhrRVvop0CcfFabUAAAAAAQID\n-----END OPENSSH PRIVATE KEY-----\n",
            "private_key_pem": "-----BEGIN RSA PRIVATE KEY-----\nMIIJKAIBAAKCAgEA3MHF5NSZp9plyxRUkiRsdkeuJzlBDcOUm6fwS1I2OoWFeneo\n6GEWwbzQFCP6ZgQGvGrVaKXB1WXeOlQhK06PjgOlWiYSU5S41827KvtLkU0qYBNo\nm0vbPH8UVV0eds2Elfn/dGRjlf/HksWYwXFwlQCkFA5jz/53U3J2BXeSdz/jQPIm\nnujBkdVO92SJrpnypWwn3Jbquf/chvlSEnCryRTmyqbBM69lgAnSY1z8RMNdVr6Z\no3pzHJ7TRNu243VkC/U/jT1VO+onwPSXdGi5HdHM74P4SzujMRNmG12Aqxp1iWZm\nrXQlM3JJ7oeCJaxkkzIFkN6spfnPtrJWojOMVc1CbUQ0YrDCI8tur1wFvXI1TTMc\nQpsXhq6decGHaaL04DuxmGssLTxRPIEHW6JQJmDqMRzioG2S6DA1UUQW3MyY7PEx\nfS0yJiF4I9J0xgQwuncXWo4azRPhk3ZY+Wl9jjyWf9TdiHTw2S8+/lvnbWUs3axy\nTkB1i1DNkwGcGn9AEiL3t11dq3xgsnkKTCoD+aYeJFcIkWZJqEKua7BUGr97cWgl\neEegEIwG6sTNeJxTreG3FTfSnV3dsDgXexseLldr04xik4hnTeDniHuhT7+xDpG9\nDoIm+etNnouKbDvbmcwK0N0/GN7WiNoH0iZCwR0etL76xX8InXRq8RKkmLcCAwEA\nAQKCAgAhhhT89216IwgFpfRjLmrWL3PP+w7Y/el0azVqNXWMv41nQq1WKgr1qCxa\nfU2KQ8mYwAnhLBgvxZomIMkvYBfGyOD0ZrGucE2oX/1bZ/Fa2G1l96yRYMdN/D0P\nQDvfGL4DXy/0R0Z5l0UsZxttIkKm2K5naU6uXbCrQxzkdFBmvD9Q3opk5BMj3VEc\n7+9EokD0mWRtnZwkW37sHwff9azwtV7dns3aK87tzxAHDNjhFwtL9Vfe4+Uqjyf6\n3fl7uJj/2Td/Gwr1iqKM19f5fT8XZdk0SkXgzuatDjVu/xe0uX495ly+BymbEsZi\nwGtQOJ9xXE2iFAlYjy4u9WLYm5wPfKg4LrtbmIeIaTBY8OhqNdTMQVVD7F6yIkyu\n3vr2lPNJj3iDaXkGMZIh1xLo+7EnPcfCIpQ07j/3OzcQ3Zs1RFh2gHzYzRuotoOc\n/GC8qxQo3M/NQguv0rpUBIFag2pFSw7+5HlxGLEUOorwgXbcIgMaCQ6g4si8g5mJ\n5Br81prFRUPc7COdNcwJNYnjD6CQwKb5ftG4jPceo8ZYnXQp8Lr/QqO15iH4dgJd\nsYnKPbEDueKWIQ5iwFBWoKdioMvYFO2hV9A7gs2ftKwC1L8M2XXRPGJBDe7BhPv9\ngR9MbprtiZETbWkwDNywcomUpgMWJPMxxJRMeRRo46kQK0TqmQKCAQEA44EppIce\nXtSeVjZXBepXTZanxRTNhZEkswdUVk9dfyZTNIKDyqHamEw/MuOhu/XLuyp9YukT\nFk9Zj19uyvoX4JDgCDO1ku8ZEBGG8cO7won3r4dsNIu/uFCJUMsWr20hJY99y8N+\n9oyYPtBYBzbgo9vYB6YnniTVEgimFaGZpuTa0mE8AZcOu39jEDwhMixekv5pKRUl\nfY9cXxA+B7OE9fI84Tus0y/Pb23QCqb0dG0p+JGyy16DZq0I6K+kPMptc5rwt6WA\nMWKJ0AX6OCnk8BnWECJkiZUoEpnZQgoWaEt7agnUa8+Bf1clXbA6HVhHuVg1DXA+\nN1Y+kxMgJeXMOwKCAQEA+GhAOsdiUMRZerjt1pLgouiw2ObaBToCB2pAHENrZJab\ntGpMCuRgr+UbzGJMmymIx0PxtZN2jljlAAkqNpvkxP3RFtQgmp5nvFhMVPTRZaZ8\n7R4Hj9ohm5yqCvBeVHTy81WIIfDvUDB1fdwA/h12Dc87rJ4Bij10g+kHA4AtNKi6\n5vVx5q5oLKbKhSqVE+x7laomOaP41Y5Cy2v9+WBR5A69dTMf5/zhuWYjbrPBlhKI\nd1mIS+jlRrjZA9ly593esO1JESVsgIxwh0ftZovttW5JZp36vmYFBiZIoegLC3C7\nwhio3cxK1HB2J40XlipkDmJ/HcWGtFW+inQJx8VptQKCAQEA3A7z2NFZ7yB6h6nI\nQ1CJYeN4JIoawjfC5+kPCu154qOPmBsmn7ovV2FpQDAvIUB/8GsJHcOVUt8uIiCN\naoi+z9lS2pwp5hagh4psnS5XT7Vkf8TeRXVn3UEJkbzgFI/aoBpL8+0FwjX8jcW5\nYEEUyWq9a6isaav27ZqwC/xkQ6rafuTOxjr3ZSWzDOEcuwtv739m+PYbbXheQRXU\n6l4bHktR2AuBAEYewAnYUnVrv7JYBrfn2g9xyr9U/r3mf2bOuCQG85yCg0JtS2p8\nvhbH+/cBuFmMJgjA2j02iUp4oilhFxCrCB2PhT0mR5lOnVPnDMDlkDoh9CTYIis9\nzWqaQQKCAQA3wncAercX+Cs5v/8rVkb0apUf6xnvaGkCLxh6/6tApgoHgoDVRRRr\nB1upEjut7LHWQOsl3hcTtuKYknYWUgIVMgBYRn+XFY2lmpBv1ZCXZ7rNIxuBb+5x\nVsZYtEIIZUQP2Rg4vjOJ5YbKHLNgV06jpOv5QHKKDGd2IL3BTGlZU7K4m0nZBTc/\nJqV5JOjX0xKestXnxGXb0hYuQWx+KN/Y+HIQt8wmr/4fNs0nUVRYEortd3x/xaSJ\nrn6QPaRsZcJSJsFrBuKHLH8p7rxcc3aFbl8tmLKrQI1KJxfQuByakdCjrhNhzjTR\n4Pi0whgUTimtjPCJx0gIfOLLg2aaoDatAoIBABHHEKa0hBPzfJpSTsG9nqQfwaun\nq4hk9Yx37XF1tWuMZZm3FSVJErckjylp56wDL3UXEd5qypd1yFZSUP+AmMLEFLN3\nlVT5/N6D5kfHDGTQL8teIb2l62m5bp2SviMkEE11yBmWGV+SAukFkKdiAbESsjI0\nH02VxeCvUY9lUe+HGtVOG8PnuMGPwjhOfk42pbMg4/4cajT8e2ns64wEjLXV/rlZ\ni6r2QPsx50twdCh5Ux3b/7nWtTaiREPzdHuDOe3q4WC0yFdfPtDO+yOA0Open7GR\nbYf1EDqR144SxplyhC3sHkoYZmcfUVTjWGkRfGiUjgIEsDonztje2/SyF4k=\n-----END RSA PRIVATE KEY-----\n",
            "private_key_pem_pkcs8": "-----BEGIN PRIVATE KEY-----\nMIIJQgIBADANBgkqhkiG9w0BAQEFAASCCSwwggkoAgEAAoICAQDcwcXk1Jmn2mXL\nFFSSJGx2R64nOUENw5Sbp/BLUjY6hYV6d6joYRbBvNAUI/pmBAa8atVopcHVZd46\nVCErTo+OA6VaJhJTlLjXzbsq+0uRTSpgE2ibS9s8fxRVXR52zYSV+f90ZGOV/8eS\nxZjBcXCVAKQUDmPP/ndTcnYFd5J3P+NA8iae6MGR1U73ZImumfKlbCfcluq5/9yG\n+VIScKvJFObKpsEzr2WACdJjXPxEw11WvpmjenMcntNE27bjdWQL9T+NPVU76ifA\n9Jd0aLkd0czvg/hLO6MxE2YbXYCrGnWJZmatdCUzcknuh4IlrGSTMgWQ3qyl+c+2\nslaiM4xVzUJtRDRisMIjy26vXAW9cjVNMxxCmxeGrp15wYdpovTgO7GYaywtPFE8\ngQdbolAmYOoxHOKgbZLoMDVRRBbczJjs8TF9LTImIXgj0nTGBDC6dxdajhrNE+GT\ndlj5aX2OPJZ/1N2IdPDZLz7+W+dtZSzdrHJOQHWLUM2TAZwaf0ASIve3XV2rfGCy\neQpMKgP5ph4kVwiRZkmoQq5rsFQav3txaCV4R6AQjAbqxM14nFOt4bcVN9KdXd2w\nOBd7Gx4uV2vTjGKTiGdN4OeIe6FPv7EOkb0Ogib5602ei4psO9uZzArQ3T8Y3taI\n2gfSJkLBHR60vvrFfwiddGrxEqSYtwIDAQABAoICACGGFPz3bXojCAWl9GMuatYv\nc8/7Dtj96XRrNWo1dYy/jWdCrVYqCvWoLFp9TYpDyZjACeEsGC/FmiYgyS9gF8bI\n4PRmsa5wTahf/Vtn8VrYbWX3rJFgx038PQ9AO98YvgNfL/RHRnmXRSxnG20iQqbY\nrmdpTq5dsKtDHOR0UGa8P1DeimTkEyPdURzv70SiQPSZZG2dnCRbfuwfB9/1rPC1\nXt2ezdorzu3PEAcM2OEXC0v1V97j5SqPJ/rd+Xu4mP/ZN38bCvWKoozX1/l9Pxdl\n2TRKReDO5q0ONW7/F7S5fj3mXL4HKZsSxmLAa1A4n3FcTaIUCViPLi71YtibnA98\nqDguu1uYh4hpMFjw6Go11MxBVUPsXrIiTK7e+vaU80mPeINpeQYxkiHXEuj7sSc9\nx8IilDTuP/c7NxDdmzVEWHaAfNjNG6i2g5z8YLyrFCjcz81CC6/SulQEgVqDakVL\nDv7keXEYsRQ6ivCBdtwiAxoJDqDiyLyDmYnkGvzWmsVFQ9zsI501zAk1ieMPoJDA\npvl+0biM9x6jxliddCnwuv9Co7XmIfh2Al2xico9sQO54pYhDmLAUFagp2Kgy9gU\n7aFX0DuCzZ+0rALUvwzZddE8YkEN7sGE+/2BH0xumu2JkRNtaTAM3LByiZSmAxYk\n8zHElEx5FGjjqRArROqZAoIBAQDjgSmkhx5e1J5WNlcF6ldNlqfFFM2FkSSzB1RW\nT11/JlM0goPKodqYTD8y46G79cu7Kn1i6RMWT1mPX27K+hfgkOAIM7WS7xkQEYbx\nw7vCifevh2w0i7+4UIlQyxavbSElj33Lw372jJg+0FgHNuCj29gHpieeJNUSCKYV\noZmm5NrSYTwBlw67f2MQPCEyLF6S/mkpFSV9j1xfED4Hs4T18jzhO6zTL89vbdAK\npvR0bSn4kbLLXoNmrQjor6Q8ym1zmvC3pYAxYonQBfo4KeTwGdYQImSJlSgSmdlC\nChZoS3tqCdRrz4F/VyVdsDodWEe5WDUNcD43Vj6TEyAl5cw7AoIBAQD4aEA6x2JQ\nxFl6uO3WkuCi6LDY5toFOgIHakAcQ2tklpu0akwK5GCv5RvMYkybKYjHQ/G1k3aO\nWOUACSo2m+TE/dEW1CCanme8WExU9NFlpnztHgeP2iGbnKoK8F5UdPLzVYgh8O9Q\nMHV93AD+HXYNzzusngGKPXSD6QcDgC00qLrm9XHmrmgspsqFKpUT7HuVqiY5o/jV\njkLLa/35YFHkDr11Mx/n/OG5ZiNus8GWEoh3WYhL6OVGuNkD2XLn3d6w7UkRJWyA\njHCHR+1mi+21bklmnfq+ZgUGJkih6AsLcLvCGKjdzErUcHYnjReWKmQOYn8dxYa0\nVb6KdAnHxWm1AoIBAQDcDvPY0VnvIHqHqchDUIlh43gkihrCN8Ln6Q8K7Xnio4+Y\nGyafui9XYWlAMC8hQH/wawkdw5VS3y4iII1qiL7P2VLanCnmFqCHimydLldPtWR/\nxN5FdWfdQQmRvOAUj9qgGkvz7QXCNfyNxblgQRTJar1rqKxpq/btmrAL/GRDqtp+\n5M7GOvdlJbMM4Ry7C2/vf2b49htteF5BFdTqXhseS1HYC4EARh7ACdhSdWu/slgG\nt+faD3HKv1T+veZ/Zs64JAbznIKDQm1Lany+Fsf79wG4WYwmCMDaPTaJSniiKWEX\nEKsIHY+FPSZHmU6dU+cMwOWQOiH0JNgiKz3NappBAoIBADfCdwB6txf4Kzm//ytW\nRvRqlR/rGe9oaQIvGHr/q0CmCgeCgNVFFGsHW6kSO63ssdZA6yXeFxO24piSdhZS\nAhUyAFhGf5cVjaWakG/VkJdnus0jG4Fv7nFWxli0QghlRA/ZGDi+M4nlhsocs2BX\nTqOk6/lAcooMZ3YgvcFMaVlTsribSdkFNz8mpXkk6NfTEp6y1efEZdvSFi5BbH4o\n39j4chC3zCav/h82zSdRVFgSiu13fH/FpImufpA9pGxlwlImwWsG4ocsfynuvFxz\ndoVuXy2YsqtAjUonF9C4HJqR0KOuE2HONNHg+LTCGBROKa2M8InHSAh84suDZpqg\nNq0CggEAEccQprSEE/N8mlJOwb2epB/Bq6eriGT1jHftcXW1a4xlmbcVJUkStySP\nKWnnrAMvdRcR3mrKl3XIVlJQ/4CYwsQUs3eVVPn83oPmR8cMZNAvy14hvaXrablu\nnZK+IyQQTXXIGZYZX5IC6QWQp2IBsRKyMjQfTZXF4K9Rj2VR74ca1U4bw+e4wY/C\nOE5+TjalsyDj/hxqNPx7aezrjASMtdX+uVmLqvZA+zHnS3B0KHlTHdv/uda1NqJE\nQ/N0e4M57erhYLTIV18+0M77I4DQ6l6fsZFth/UQOpHXjhLGmXKELeweShhmZx9R\nVONYaRF8aJSOAgSwOifO2N7b9LIXiQ==\n-----END PRIVATE KEY-----\n",
            "public_key_fingerprint_md5": "54:5b:99:7b:3d:41:2f:28:02:c8:a7:80:fc:97:ce:da",
            "public_key_fingerprint_sha256": "SHA256:Kb5sXTYzx5heHWDlCkrQFlTjFtk3+1490ZIHb/Dp3YA",
            "public_key_openssh": "ssh-rsa AAAAB3NzaC1yc2EAAAADAQABAAACAQDcwcXk1Jmn2mXLFFSSJGx2R64nOUENw5Sbp/BLUjY6hYV6d6joYRbBvNAUI/pmBAa8atVopcHVZd46VCErTo+OA6VaJhJTlLjXzbsq+0uRTSpgE2ibS9s8fxRVXR52zYSV+f90ZGOV/8eSxZjBcXCVAKQUDmPP/ndTcnYFd5J3P+NA8iae6MGR1U73ZImumfKlbCfcluq5/9yG+VIScKvJFObKpsEzr2WACdJjXPxEw11WvpmjenMcntNE27bjdWQL9T+NPVU76ifA9Jd0aLkd0czvg/hLO6MxE2YbXYCrGnWJZmatdCUzcknuh4IlrGSTMgWQ3qyl+c+2slaiM4xVzUJtRDRisMIjy26vXAW9cjVNMxxCmxeGrp15wYdpovTgO7GYaywtPFE8gQdbolAmYOoxHOKgbZLoMDVRRBbczJjs8TF9LTImIXgj0nTGBDC6dxdajhrNE+GTdlj5aX2OPJZ/1N2IdPDZLz7+W+dtZSzdrHJOQHWLUM2TAZwaf0ASIve3XV2rfGCyeQpMKgP5ph4kVwiRZkmoQq5rsFQav3txaCV4R6AQjAbqxM14nFOt4bcVN9KdXd2wOBd7Gx4uV2vTjGKTiGdN4OeIe6FPv7EOkb0Ogib5602ei4psO9uZzArQ3T8Y3taI2gfSJkLBHR60vvrFfwiddGrxEqSYtw==\n",
            "public_key_pem": "-----BEGIN PUBLIC KEY-----\nMIICIjANBgkqhkiG9w0BAQEFAAOCAg8AMIICCgKCAgEA3MHF5NSZp9plyxRUkiRs\ndkeuJzlBDcOUm6fwS1I2OoWFeneo6GEWwbzQFCP6ZgQGvGrVaKXB1WXeOlQhK06P\njgOlWiYSU5S41827KvtLkU0qYBNom0vbPH8UVV0eds2Elfn/dGRjlf/HksWYwXFw\nlQCkFA5jz/53U3J2BXeSdz/jQPImnujBkdVO92SJrpnypWwn3Jbquf/chvlSEnCr\nyRTmyqbBM69lgAnSY1z8RMNdVr6Zo3pzHJ7TRNu243VkC/U/jT1VO+onwPSXdGi5\nHdHM74P4SzujMRNmG12Aqxp1iWZmrXQlM3JJ7oeCJaxkkzIFkN6spfnPtrJWojOM\nVc1CbUQ0YrDCI8tur1wFvXI1TTMcQpsXhq6decGHaaL04DuxmGssLTxRPIEHW6JQ\nJmDqMRzioG2S6DA1UUQW3MyY7PExfS0yJiF4I9J0xgQwuncXWo4azRPhk3ZY+Wl9\njjyWf9TdiHTw2S8+/lvnbWUs3axyTkB1i1DNkwGcGn9AEiL3t11dq3xgsnkKTCoD\n+aYeJFcIkWZJqEKua7BUGr97cWgleEegEIwG6sTNeJxTreG3FTfSnV3dsDgXexse\nLldr04xik4hnTeDniHuhT7+xDpG9DoIm+etNnouKbDvbmcwK0N0/GN7WiNoH0iZC\nwR0etL76xX8InXRq8RKkmLcCAwEAAQ==\n-----END PUBLIC KEY-----\n",
            "rsa_bits": 4096
          },
          "sensitive_attributes": [
            [
              {
                "type": "get_attr",
                "value": "private_key_openssh"
              }
            ],
            [
              {
                "type": "get_attr",
                "value": "private_key_pem"
              }
            ],
            [
              {
                "type": "get_attr",
                "value": "private_key_pem_pkcs8"
              }
            ]
          ],
          "identity_schema_version": 0
        }
      ]
    },
    {
      "module": "module.network",
      "mode": "managed",
      "type": "aws_eip",
      "name": "nat_eip",
      "provider": "provider[\"registry.terraform.io/hashicorp/aws\"]",
      "instances": [
        {
          "schema_version": 0,
          "attributes": {
            "address": null,
            "allocation_id": "eipalloc-0ad2c18282d2306d5",
            "arn": "arn:aws:ec2:us-east-1:242201269239:elastic-ip/eipalloc-0ad2c18282d2306d5",
            "associate_with_private_ip": null,
            "association_id": "eipassoc-0e97b6cc7862e0b44",
            "carrier_ip": "",
            "customer_owned_ip": "",
            "customer_owned_ipv4_pool": "",
            "domain": "vpc",
            "id": "eipalloc-0ad2c18282d2306d5",
            "instance": "",
            "ipam_pool_id": null,
            "network_border_group": "us-east-1",
            "network_interface": "eni-0918d34b35a65965f",
            "private_dns": "ip-10-0-1-198.ec2.internal",
            "private_ip": "10.0.1.198",
            "ptr_record": "",
            "public_dns": "ec2-3-221-225-213.compute-1.amazonaws.com",
            "public_ip": "3.221.225.213",
            "public_ipv4_pool": "amazon",
            "region": "us-east-1",
            "tags": {
              "Name": "nat-eip"
            },
            "tags_all": {
              "Name": "nat-eip"
            },
            "timeouts": null
          },
          "sensitive_attributes": [],
          "identity_schema_version": 0,
          "private": "eyJlMmJmYjczMC1lY2FhLTExZTYtOGY4OC0zNDM2M2JjN2M0YzAiOnsiZGVsZXRlIjoxODAwMDAwMDAwMDAsInJlYWQiOjkwMDAwMDAwMDAwMCwidXBkYXRlIjozMDAwMDAwMDAwMDB9fQ=="
        }
      ]
    },
    {
      "module": "module.network",
      "mode": "managed",
      "type": "aws_internet_gateway",
      "name": "igw",
      "provider": "provider[\"registry.terraform.io/hashicorp/aws\"]",
      "instances": [
        {
          "schema_version": 0,
          "attributes": {
            "arn": "arn:aws:ec2:us-east-1:242201269239:internet-gateway/igw-03979340d95b3cfe6",
            "id": "igw-03979340d95b3cfe6",
            "owner_id": "242201269239",
            "region": "us-east-1",
            "tags": {
              "Name": "sonarqube-igw",
              "access": "public",
              "gateway_type": "main-internet-gateway"
            },
            "tags_all": {
              "Name": "sonarqube-igw",
              "access": "public",
              "gateway_type": "main-internet-gateway"
            },
            "timeouts": null,
            "vpc_id": "vpc-017015f75cb0d3b9d"
          },
          "sensitive_attributes": [],
          "identity_schema_version": 0,
          "private": "eyJlMmJmYjczMC1lY2FhLTExZTYtOGY4OC0zNDM2M2JjN2M0YzAiOnsiY3JlYXRlIjoxMjAwMDAwMDAwMDAwLCJkZWxldGUiOjEyMDAwMDAwMDAwMDAsInVwZGF0ZSI6MTIwMDAwMDAwMDAwMH19",
          "dependencies": [
            "module.vpc.aws_vpc.sonarqube_vpc"
          ]
        }
      ]
    },
    {
      "module": "module.network",
      "mode": "managed",
      "type": "aws_nat_gateway",
      "name": "nat_gw",
      "provider": "provider[\"registry.terraform.io/hashicorp/aws\"]",
      "instances": [
        {
          "schema_version": 0,
          "attributes": {
            "allocation_id": "eipalloc-0ad2c18282d2306d5",
            "association_id": "eipassoc-0e97b6cc7862e0b44",
            "connectivity_type": "public",
            "id": "nat-049f13c4560a40c26",
            "network_interface_id": "eni-0918d34b35a65965f",
            "private_ip": "10.0.1.198",
            "public_ip": "3.221.225.213",
            "region": "us-east-1",
            "secondary_allocation_ids": [],
            "secondary_private_ip_address_count": 0,
            "secondary_private_ip_addresses": [],
            "subnet_id": "subnet-0c8f21cb50068ae09",
            "tags": {
              "Name": "sonarqube-nat",
              "access": "public ssh access for private subnets",
              "attatched_to": "public-subnet-1a"
            },
            "tags_all": {
              "Name": "sonarqube-nat",
              "access": "public ssh access for private subnets",
              "attatched_to": "public-subnet-1a"
            },
            "timeouts": null
          },
          "sensitive_attributes": [],
          "identity_schema_version": 0,
          "private": "eyJlMmJmYjczMC1lY2FhLTExZTYtOGY4OC0zNDM2M2JjN2M0YzAiOnsiY3JlYXRlIjo2MDAwMDAwMDAwMDAsImRlbGV0ZSI6MTgwMDAwMDAwMDAwMCwidXBkYXRlIjo2MDAwMDAwMDAwMDB9fQ==",
          "dependencies": [
            "module.network.aws_eip.nat_eip",
            "module.vpc.aws_subnet.public_a",
            "module.vpc.aws_subnet.public_b",
            "module.vpc.aws_vpc.sonarqube_vpc"
          ]
        }
      ]
    },
    {
      "module": "module.network",
      "mode": "managed",
      "type": "aws_route_table",
      "name": "private_rt",
      "provider": "provider[\"registry.terraform.io/hashicorp/aws\"]",
      "instances": [
        {
          "schema_version": 0,
          "attributes": {
            "arn": "arn:aws:ec2:us-east-1:242201269239:route-table/rtb-004657672fe4639d8",
            "id": "rtb-004657672fe4639d8",
            "owner_id": "242201269239",
            "propagating_vgws": [],
            "region": "us-east-1",
            "route": [
              {
                "carrier_gateway_id": "",
                "cidr_block": "0.0.0.0/0",
                "core_network_arn": "",
                "destination_prefix_list_id": "",
                "egress_only_gateway_id": "",
                "gateway_id": "",
                "ipv6_cidr_block": "",
                "local_gateway_id": "",
                "nat_gateway_id": "nat-049f13c4560a40c26",
                "network_interface_id": "",
                "transit_gateway_id": "",
                "vpc_endpoint_id": "",
                "vpc_peering_connection_id": ""
              }
            ],
            "tags": {
              "Name": "sonarqube-private-route-table",
              "attatched_to": "public-subnet-1 and public-subnet-2"
            },
            "tags_all": {
              "Name": "sonarqube-private-route-table",
              "attatched_to": "public-subnet-1 and public-subnet-2"
            },
            "timeouts": null,
            "vpc_id": "vpc-017015f75cb0d3b9d"
          },
          "sensitive_attributes": [],
          "identity_schema_version": 0,
          "identity": {
            "account_id": "242201269239",
            "id": "rtb-004657672fe4639d8",
            "region": "us-east-1"
          },
          "private": "eyJlMmJmYjczMC1lY2FhLTExZTYtOGY4OC0zNDM2M2JjN2M0YzAiOnsiY3JlYXRlIjozMDAwMDAwMDAwMDAsImRlbGV0ZSI6MzAwMDAwMDAwMDAwLCJ1cGRhdGUiOjEyMDAwMDAwMDAwMH19",
          "dependencies": [
            "module.network.aws_eip.nat_eip",
            "module.network.aws_nat_gateway.nat_gw",
            "module.vpc.aws_subnet.public_a",
            "module.vpc.aws_subnet.public_b",
            "module.vpc.aws_vpc.sonarqube_vpc"
          ]
        }
      ]
    },
    {
      "module": "module.network",
      "mode": "managed",
      "type": "aws_route_table",
      "name": "public_rt",
      "provider": "provider[\"registry.terraform.io/hashicorp/aws\"]",
      "instances": [
        {
          "schema_version": 0,
          "attributes": {
            "arn": "arn:aws:ec2:us-east-1:242201269239:route-table/rtb-02b75d567885a7054",
            "id": "rtb-02b75d567885a7054",
            "owner_id": "242201269239",
            "propagating_vgws": [],
            "region": "us-east-1",
            "route": [
              {
                "carrier_gateway_id": "",
                "cidr_block": "0.0.0.0/0",
                "core_network_arn": "",
                "destination_prefix_list_id": "",
                "egress_only_gateway_id": "",
                "gateway_id": "igw-03979340d95b3cfe6",
                "ipv6_cidr_block": "",
                "local_gateway_id": "",
                "nat_gateway_id": "",
                "network_interface_id": "",
                "transit_gateway_id": "",
                "vpc_endpoint_id": "",
                "vpc_peering_connection_id": ""
              }
            ],
            "tags": {
              "Name": "sonarqube-public-route-table",
              "attatched_to": "public-subnet-1 and public-subnet-2"
            },
            "tags_all": {
              "Name": "sonarqube-public-route-table",
              "attatched_to": "public-subnet-1 and public-subnet-2"
            },
            "timeouts": null,
            "vpc_id": "vpc-017015f75cb0d3b9d"
          },
          "sensitive_attributes": [],
          "identity_schema_version": 0,
          "identity": {
            "account_id": "242201269239",
            "id": "rtb-02b75d567885a7054",
            "region": "us-east-1"
          },
          "private": "eyJlMmJmYjczMC1lY2FhLTExZTYtOGY4OC0zNDM2M2JjN2M0YzAiOnsiY3JlYXRlIjozMDAwMDAwMDAwMDAsImRlbGV0ZSI6MzAwMDAwMDAwMDAwLCJ1cGRhdGUiOjEyMDAwMDAwMDAwMH19",
          "dependencies": [
            "module.network.aws_internet_gateway.igw",
            "module.vpc.aws_vpc.sonarqube_vpc"
          ]
        }
      ]
    },
    {
      "module": "module.network",
      "mode": "managed",
      "type": "aws_route_table_association",
      "name": "private_a",
      "provider": "provider[\"registry.terraform.io/hashicorp/aws\"]",
      "instances": [
        {
          "schema_version": 0,
          "attributes": {
            "gateway_id": "",
            "id": "rtbassoc-04ce7e9982c9e7951",
            "region": "us-east-1",
            "route_table_id": "rtb-004657672fe4639d8",
            "subnet_id": "subnet-0911e1d6036153f12",
            "timeouts": null
          },
          "sensitive_attributes": [],
          "identity_schema_version": 0,
          "private": "eyJlMmJmYjczMC1lY2FhLTExZTYtOGY4OC0zNDM2M2JjN2M0YzAiOnsiY3JlYXRlIjozMDAwMDAwMDAwMDAsImRlbGV0ZSI6MzAwMDAwMDAwMDAwLCJ1cGRhdGUiOjEyMDAwMDAwMDAwMH19",
          "dependencies": [
            "module.network.aws_eip.nat_eip",
            "module.network.aws_nat_gateway.nat_gw",
            "module.network.aws_route_table.private_rt",
            "module.vpc.aws_subnet.private_a",
            "module.vpc.aws_subnet.private_b",
            "module.vpc.aws_subnet.public_a",
            "module.vpc.aws_subnet.public_b",
            "module.vpc.aws_vpc.sonarqube_vpc"
          ]
        }
      ]
    },
    {
      "module": "module.network",
      "mode": "managed",
      "type": "aws_route_table_association",
      "name": "private_b",
      "provider": "provider[\"registry.terraform.io/hashicorp/aws\"]",
      "instances": [
        {
          "schema_version": 0,
          "attributes": {
            "gateway_id": "",
            "id": "rtbassoc-0a28565b536e75d43",
            "region": "us-east-1",
            "route_table_id": "rtb-004657672fe4639d8",
            "subnet_id": "subnet-01dd0e492f5552dc3",
            "timeouts": null
          },
          "sensitive_attributes": [],
          "identity_schema_version": 0,
          "private": "eyJlMmJmYjczMC1lY2FhLTExZTYtOGY4OC0zNDM2M2JjN2M0YzAiOnsiY3JlYXRlIjozMDAwMDAwMDAwMDAsImRlbGV0ZSI6MzAwMDAwMDAwMDAwLCJ1cGRhdGUiOjEyMDAwMDAwMDAwMH19",
          "dependencies": [
            "module.network.aws_eip.nat_eip",
            "module.network.aws_nat_gateway.nat_gw",
            "module.network.aws_route_table.private_rt",
            "module.vpc.aws_subnet.private_a",
            "module.vpc.aws_subnet.private_b",
            "module.vpc.aws_subnet.public_a",
            "module.vpc.aws_subnet.public_b",
            "module.vpc.aws_vpc.sonarqube_vpc"
          ]
        }
      ]
    },
    {
      "module": "module.network",
      "mode": "managed",
      "type": "aws_route_table_association",
      "name": "public_a",
      "provider": "provider[\"registry.terraform.io/hashicorp/aws\"]",
      "instances": [
        {
          "schema_version": 0,
          "attributes": {
            "gateway_id": "",
            "id": "rtbassoc-039ff6a21a90f19b1",
            "region": "us-east-1",
            "route_table_id": "rtb-02b75d567885a7054",
            "subnet_id": "subnet-0c8f21cb50068ae09",
            "timeouts": null
          },
          "sensitive_attributes": [],
          "identity_schema_version": 0,
          "private": "eyJlMmJmYjczMC1lY2FhLTExZTYtOGY4OC0zNDM2M2JjN2M0YzAiOnsiY3JlYXRlIjozMDAwMDAwMDAwMDAsImRlbGV0ZSI6MzAwMDAwMDAwMDAwLCJ1cGRhdGUiOjEyMDAwMDAwMDAwMH19",
          "dependencies": [
            "module.network.aws_internet_gateway.igw",
            "module.network.aws_route_table.public_rt",
            "module.vpc.aws_subnet.public_a",
            "module.vpc.aws_subnet.public_b",
            "module.vpc.aws_vpc.sonarqube_vpc"
          ]
        }
      ]
    },
    {
      "module": "module.network",
      "mode": "managed",
      "type": "aws_route_table_association",
      "name": "public_b",
      "provider": "provider[\"registry.terraform.io/hashicorp/aws\"]",
      "instances": [
        {
          "schema_version": 0,
          "attributes": {
            "gateway_id": "",
            "id": "rtbassoc-0c05fc42ccd84210e",
            "region": "us-east-1",
            "route_table_id": "rtb-02b75d567885a7054",
            "subnet_id": "subnet-04be9a1f339df6e3b",
            "timeouts": null
          },
          "sensitive_attributes": [],
          "identity_schema_version": 0,
          "private": "eyJlMmJmYjczMC1lY2FhLTExZTYtOGY4OC0zNDM2M2JjN2M0YzAiOnsiY3JlYXRlIjozMDAwMDAwMDAwMDAsImRlbGV0ZSI6MzAwMDAwMDAwMDAwLCJ1cGRhdGUiOjEyMDAwMDAwMDAwMH19",
          "dependencies": [
            "module.network.aws_internet_gateway.igw",
            "module.network.aws_route_table.public_rt",
            "module.vpc.aws_subnet.public_a",
            "module.vpc.aws_subnet.public_b",
            "module.vpc.aws_vpc.sonarqube_vpc"
          ]
        }
      ]
    },
    {
      "module": "module.security",
      "mode": "managed",
      "type": "aws_network_acl",
      "name": "private_nacl",
      "provider": "provider[\"registry.terraform.io/hashicorp/aws\"]",
      "instances": [
        {
          "schema_version": 0,
          "attributes": {
            "arn": "arn:aws:ec2:us-east-1:242201269239:network-acl/acl-01c25a83662ccd743",
            "egress": [
              {
                "action": "allow",
                "cidr_block": "0.0.0.0/0",
                "from_port": 0,
                "icmp_code": 0,
                "icmp_type": 0,
                "ipv6_cidr_block": "",
                "protocol": "-1",
                "rule_no": 100,
                "to_port": 0
              },
              {
                "action": "allow",
                "cidr_block": "0.0.0.0/0",
                "from_port": 22,
                "icmp_code": 0,
                "icmp_type": 0,
                "ipv6_cidr_block": "",
                "protocol": "6",
                "rule_no": 110,
                "to_port": 22
              },
              {
                "action": "allow",
                "cidr_block": "0.0.0.0/0",
                "from_port": 5432,
                "icmp_code": 0,
                "icmp_type": 0,
                "ipv6_cidr_block": "",
                "protocol": "6",
                "rule_no": 140,
                "to_port": 5432
              },
              {
                "action": "allow",
                "cidr_block": "0.0.0.0/0",
                "from_port": 8080,
                "icmp_code": 0,
                "icmp_type": 0,
                "ipv6_cidr_block": "",
                "protocol": "6",
                "rule_no": 120,
                "to_port": 8080
              },
              {
                "action": "allow",
                "cidr_block": "0.0.0.0/0",
                "from_port": 80,
                "icmp_code": 0,
                "icmp_type": 0,
                "ipv6_cidr_block": "",
                "protocol": "6",
                "rule_no": 150,
                "to_port": 80
              },
              {
                "action": "allow",
                "cidr_block": "0.0.0.0/0",
                "from_port": 9000,
                "icmp_code": 0,
                "icmp_type": 0,
                "ipv6_cidr_block": "",
                "protocol": "6",
                "rule_no": 130,
                "to_port": 9000
              }
            ],
            "id": "acl-01c25a83662ccd743",
            "ingress": [
              {
                "action": "allow",
                "cidr_block": "0.0.0.0/0",
                "from_port": 0,
                "icmp_code": 0,
                "icmp_type": 0,
                "ipv6_cidr_block": "",
                "protocol": "-1",
                "rule_no": 100,
                "to_port": 0
              },
              {
                "action": "allow",
                "cidr_block": "0.0.0.0/0",
                "from_port": 5432,
                "icmp_code": 0,
                "icmp_type": 0,
                "ipv6_cidr_block": "",
                "protocol": "6",
                "rule_no": 130,
                "to_port": 5432
              },
              {
                "action": "allow",
                "cidr_block": "0.0.0.0/0",
                "from_port": 9000,
                "icmp_code": 0,
                "icmp_type": 0,
                "ipv6_cidr_block": "",
                "protocol": "6",
                "rule_no": 120,
                "to_port": 9000
              },
              {
                "action": "allow",
                "cidr_block": "103.87.45.36/32",
                "from_port": 22,
                "icmp_code": 0,
                "icmp_type": 0,
                "ipv6_cidr_block": "",
                "protocol": "6",
                "rule_no": 110,
                "to_port": 22
              }
            ],
            "owner_id": "242201269239",
            "region": "us-east-1",
            "subnet_ids": [
              "subnet-01dd0e492f5552dc3",
              "subnet-0911e1d6036153f12"
            ],
            "tags": {
              "Name": "private-nacl",
              "access": "private",
              "attached_to": "private subnet a and b"
            },
            "tags_all": {
              "Name": "private-nacl",
              "access": "private",
              "attached_to": "private subnet a and b"
            },
            "vpc_id": "vpc-017015f75cb0d3b9d"
          },
          "sensitive_attributes": [],
          "identity_schema_version": 0,
          "private": "bnVsbA==",
          "dependencies": [
            "module.vpc.aws_vpc.sonarqube_vpc"
          ]
        }
      ]
    },
    {
      "module": "module.security",
      "mode": "managed",
      "type": "aws_network_acl",
      "name": "public_nacl",
      "provider": "provider[\"registry.terraform.io/hashicorp/aws\"]",
      "instances": [
        {
          "schema_version": 0,
          "attributes": {
            "arn": "arn:aws:ec2:us-east-1:242201269239:network-acl/acl-0675da9f48a48432d",
            "egress": [
              {
                "action": "allow",
                "cidr_block": "0.0.0.0/0",
                "from_port": 0,
                "icmp_code": 0,
                "icmp_type": 0,
                "ipv6_cidr_block": "",
                "protocol": "-1",
                "rule_no": 100,
                "to_port": 0
              }
            ],
            "id": "acl-0675da9f48a48432d",
            "ingress": [
              {
                "action": "allow",
                "cidr_block": "0.0.0.0/0",
                "from_port": 443,
                "icmp_code": 0,
                "icmp_type": 0,
                "ipv6_cidr_block": "",
                "protocol": "6",
                "rule_no": 130,
                "to_port": 443
              },
              {
                "action": "allow",
                "cidr_block": "0.0.0.0/0",
                "from_port": 80,
                "icmp_code": 0,
                "icmp_type": 0,
                "ipv6_cidr_block": "",
                "protocol": "6",
                "rule_no": 120,
                "to_port": 80
              },
              {
                "action": "allow",
                "cidr_block": "103.87.45.36/32",
                "from_port": 22,
                "icmp_code": 0,
                "icmp_type": 0,
                "ipv6_cidr_block": "",
                "protocol": "6",
                "rule_no": 110,
                "to_port": 22
              }
            ],
            "owner_id": "242201269239",
            "region": "us-east-1",
            "subnet_ids": [
              "subnet-04be9a1f339df6e3b",
              "subnet-0c8f21cb50068ae09"
            ],
            "tags": {
              "Name": "public-nacl",
              "access": "public",
              "attached_to": "public subnets a and b"
            },
            "tags_all": {
              "Name": "public-nacl",
              "access": "public",
              "attached_to": "public subnets a and b"
            },
            "vpc_id": "vpc-017015f75cb0d3b9d"
          },
          "sensitive_attributes": [],
          "identity_schema_version": 0,
          "private": "bnVsbA==",
          "dependencies": [
            "module.vpc.aws_vpc.sonarqube_vpc"
          ]
        }
      ]
    },
    {
      "module": "module.security",
      "mode": "managed",
      "type": "aws_network_acl_association",
      "name": "pri_subnet_a_association",
      "provider": "provider[\"registry.terraform.io/hashicorp/aws\"]",
      "instances": [
        {
          "schema_version": 0,
          "attributes": {
            "id": "aclassoc-0250965aaa10102c0",
            "network_acl_id": "acl-01c25a83662ccd743",
            "region": "us-east-1",
            "subnet_id": "subnet-0911e1d6036153f12"
          },
          "sensitive_attributes": [],
          "identity_schema_version": 0,
          "private": "bnVsbA==",
          "dependencies": [
            "module.security.aws_network_acl.private_nacl",
            "module.vpc.aws_subnet.private_a",
            "module.vpc.aws_subnet.private_b",
            "module.vpc.aws_vpc.sonarqube_vpc"
          ]
        }
      ]
    },
    {
      "module": "module.security",
      "mode": "managed",
      "type": "aws_network_acl_association",
      "name": "pri_subnet_b_association",
      "provider": "provider[\"registry.terraform.io/hashicorp/aws\"]",
      "instances": [
        {
          "schema_version": 0,
          "attributes": {
            "id": "aclassoc-0dd54705ba2a4f047",
            "network_acl_id": "acl-01c25a83662ccd743",
            "region": "us-east-1",
            "subnet_id": "subnet-01dd0e492f5552dc3"
          },
          "sensitive_attributes": [],
          "identity_schema_version": 0,
          "private": "bnVsbA==",
          "dependencies": [
            "module.security.aws_network_acl.private_nacl",
            "module.vpc.aws_subnet.private_a",
            "module.vpc.aws_subnet.private_b",
            "module.vpc.aws_vpc.sonarqube_vpc"
          ]
        }
      ]
    },
    {
      "module": "module.security",
      "mode": "managed",
      "type": "aws_network_acl_association",
      "name": "pub_subnet_a_association",
      "provider": "provider[\"registry.terraform.io/hashicorp/aws\"]",
      "instances": [
        {
          "schema_version": 0,
          "attributes": {
            "id": "aclassoc-02c705255cf2bc07f",
            "network_acl_id": "acl-0675da9f48a48432d",
            "region": "us-east-1",
            "subnet_id": "subnet-0c8f21cb50068ae09"
          },
          "sensitive_attributes": [],
          "identity_schema_version": 0,
          "private": "bnVsbA==",
          "dependencies": [
            "module.security.aws_network_acl.public_nacl",
            "module.vpc.aws_subnet.public_a",
            "module.vpc.aws_subnet.public_b",
            "module.vpc.aws_vpc.sonarqube_vpc"
          ]
        }
      ]
    },
    {
      "module": "module.security",
      "mode": "managed",
      "type": "aws_network_acl_association",
      "name": "pub_subnet_b_association",
      "provider": "provider[\"registry.terraform.io/hashicorp/aws\"]",
      "instances": [
        {
          "schema_version": 0,
          "attributes": {
            "id": "aclassoc-06086148dae45c439",
            "network_acl_id": "acl-0675da9f48a48432d",
            "region": "us-east-1",
            "subnet_id": "subnet-04be9a1f339df6e3b"
          },
          "sensitive_attributes": [],
          "identity_schema_version": 0,
          "private": "bnVsbA==",
          "dependencies": [
            "module.security.aws_network_acl.public_nacl",
            "module.vpc.aws_subnet.public_a",
            "module.vpc.aws_subnet.public_b",
            "module.vpc.aws_vpc.sonarqube_vpc"
          ]
        }
      ]
    },
    {
      "module": "module.security",
      "mode": "managed",
      "type": "aws_security_group",
      "name": "postgres_sg",
      "provider": "provider[\"registry.terraform.io/hashicorp/aws\"]",
      "instances": [
        {
          "schema_version": 1,
          "attributes": {
            "arn": "arn:aws:ec2:us-east-1:242201269239:security-group/sg-0c6b698ec2c0e5ebf",
            "description": "Managed by Terraform",
            "egress": [
              {
                "cidr_blocks": [
                  "0.0.0.0/0"
                ],
                "description": "",
                "from_port": 0,
                "ipv6_cidr_blocks": [],
                "prefix_list_ids": [],
                "protocol": "-1",
                "security_groups": [],
                "self": false,
                "to_port": 0
              }
            ],
            "id": "sg-0c6b698ec2c0e5ebf",
            "ingress": [
              {
                "cidr_blocks": [],
                "description": "",
                "from_port": 5432,
                "ipv6_cidr_blocks": [],
                "prefix_list_ids": [],
                "protocol": "tcp",
                "security_groups": [
                  "sg-090d7ddca63773579"
                ],
                "self": false,
                "to_port": 5432
              }
            ],
            "name": "postgres-sg",
            "name_prefix": "",
            "owner_id": "242201269239",
            "region": "us-east-1",
            "revoke_rules_on_delete": false,
            "tags": {
              "Name": "sonarqube-db-sg",
              "attached_to": "pri-db-subnet-1 and pri-db-subnet-2",
              "availibility": "1a 1b"
            },
            "tags_all": {
              "Name": "sonarqube-db-sg",
              "attached_to": "pri-db-subnet-1 and pri-db-subnet-2",
              "availibility": "1a 1b"
            },
            "timeouts": null,
            "vpc_id": "vpc-017015f75cb0d3b9d"
          },
          "sensitive_attributes": [],
          "identity_schema_version": 0,
          "identity": {
            "account_id": "242201269239",
            "id": "sg-0c6b698ec2c0e5ebf",
            "region": "us-east-1"
          },
          "private": "eyJlMmJmYjczMC1lY2FhLTExZTYtOGY4OC0zNDM2M2JjN2M0YzAiOnsiY3JlYXRlIjo2MDAwMDAwMDAwMDAsImRlbGV0ZSI6OTAwMDAwMDAwMDAwfSwic2NoZW1hX3ZlcnNpb24iOiIxIn0=",
          "dependencies": [
            "module.security.aws_security_group.private_sg",
            "module.security.aws_security_group.public_sg",
            "module.vpc.aws_vpc.sonarqube_vpc"
          ]
        }
      ]
    },
    {
      "module": "module.security",
      "mode": "managed",
      "type": "aws_security_group",
      "name": "private_sg",
      "provider": "provider[\"registry.terraform.io/hashicorp/aws\"]",
      "instances": [
        {
          "schema_version": 1,
          "attributes": {
            "arn": "arn:aws:ec2:us-east-1:242201269239:security-group/sg-090d7ddca63773579",
            "description": "Allow ALB to EC2 traffic",
            "egress": [
              {
                "cidr_blocks": [
                  "0.0.0.0/0"
                ],
                "description": "",
                "from_port": 0,
                "ipv6_cidr_blocks": [],
                "prefix_list_ids": [],
                "protocol": "-1",
                "security_groups": [],
                "self": false,
                "to_port": 0
              }
            ],
            "id": "sg-090d7ddca63773579",
            "ingress": [
              {
                "cidr_blocks": [
                  "0.0.0.0/0"
                ],
                "description": "HTTP",
                "from_port": 80,
                "ipv6_cidr_blocks": [],
                "prefix_list_ids": [],
                "protocol": "tcp",
                "security_groups": [],
                "self": false,
                "to_port": 80
              },
              {
                "cidr_blocks": [],
                "description": "App traffic from ALB",
                "from_port": 9000,
                "ipv6_cidr_blocks": [],
                "prefix_list_ids": [],
                "protocol": "tcp",
                "security_groups": [
                  "sg-02d173b577c77e9ff"
                ],
                "self": false,
                "to_port": 9000
              },
              {
                "cidr_blocks": [],
                "description": "Postgres port from private SG",
                "from_port": 5432,
                "ipv6_cidr_blocks": [],
                "prefix_list_ids": [],
                "protocol": "tcp",
                "security_groups": [],
                "self": true,
                "to_port": 5432
              },
              {
                "cidr_blocks": [],
                "description": "SSH from bastion SG",
                "from_port": 22,
                "ipv6_cidr_blocks": [],
                "prefix_list_ids": [],
                "protocol": "tcp",
                "security_groups": [
                  "sg-02d173b577c77e9ff"
                ],
                "self": false,
                "to_port": 22
              },
              {
                "cidr_blocks": [],
                "description": "SonarQube port from private SG",
                "from_port": 9000,
                "ipv6_cidr_blocks": [],
                "prefix_list_ids": [],
                "protocol": "tcp",
                "security_groups": [],
                "self": true,
                "to_port": 9000
              }
            ],
            "name": "private-sg",
            "name_prefix": "",
            "owner_id": "242201269239",
            "region": "us-east-1",
            "revoke_rules_on_delete": false,
            "tags": {
              "Name": "sonarqube-private-sg",
              "attached_to": "pri-subnet-1 and pri-subnet-2",
              "availibility": "1a 1b"
            },
            "tags_all": {
              "Name": "sonarqube-private-sg",
              "attached_to": "pri-subnet-1 and pri-subnet-2",
              "availibility": "1a 1b"
            },
            "timeouts": null,
            "vpc_id": "vpc-017015f75cb0d3b9d"
          },
          "sensitive_attributes": [],
          "identity_schema_version": 0,
          "identity": {
            "account_id": "242201269239",
            "id": "sg-090d7ddca63773579",
            "region": "us-east-1"
          },
          "private": "eyJlMmJmYjczMC1lY2FhLTExZTYtOGY4OC0zNDM2M2JjN2M0YzAiOnsiY3JlYXRlIjo2MDAwMDAwMDAwMDAsImRlbGV0ZSI6OTAwMDAwMDAwMDAwfSwic2NoZW1hX3ZlcnNpb24iOiIxIn0=",
          "dependencies": [
            "module.security.aws_security_group.public_sg",
            "module.vpc.aws_vpc.sonarqube_vpc"
          ]
        }
      ]
    },
    {
      "module": "module.security",
      "mode": "managed",
      "type": "aws_security_group",
      "name": "public_sg",
      "provider": "provider[\"registry.terraform.io/hashicorp/aws\"]",
      "instances": [
        {
          "schema_version": 1,
          "attributes": {
            "arn": "arn:aws:ec2:us-east-1:242201269239:security-group/sg-02d173b577c77e9ff",
            "description": "Allow HTTP, HTTPS, SSH",
            "egress": [
              {
                "cidr_blocks": [
                  "0.0.0.0/0"
                ],
                "description": "",
                "from_port": 0,
                "ipv6_cidr_blocks": [],
                "prefix_list_ids": [],
                "protocol": "-1",
                "security_groups": [],
                "self": false,
                "to_port": 0
              }
            ],
            "id": "sg-02d173b577c77e9ff",
            "ingress": [
              {
                "cidr_blocks": [
                  "0.0.0.0/0"
                ],
                "description": "HTTP",
                "from_port": 80,
                "ipv6_cidr_blocks": [],
                "prefix_list_ids": [],
                "protocol": "tcp",
                "security_groups": [],
                "self": false,
                "to_port": 80
              },
              {
                "cidr_blocks": [
                  "0.0.0.0/0"
                ],
                "description": "HTTPS",
                "from_port": 443,
                "ipv6_cidr_blocks": [],
                "prefix_list_ids": [],
                "protocol": "tcp",
                "security_groups": [],
                "self": false,
                "to_port": 443
              },
              {
                "cidr_blocks": [
                  "0.0.0.0/0"
                ],
                "description": "ephemeral ports",
                "from_port": 0,
                "ipv6_cidr_blocks": [],
                "prefix_list_ids": [],
                "protocol": "tcp",
                "security_groups": [],
                "self": false,
                "to_port": 65535
              },
              {
                "cidr_blocks": [
                  "103.87.45.36/32",
                  "0.0.0.0/0"
                ],
                "description": "SSH",
                "from_port": 22,
                "ipv6_cidr_blocks": [],
                "prefix_list_ids": [],
                "protocol": "tcp",
                "security_groups": [],
                "self": false,
                "to_port": 22
              }
            ],
            "name": "public-sg",
            "name_prefix": "",
            "owner_id": "242201269239",
            "region": "us-east-1",
            "revoke_rules_on_delete": false,
            "tags": {
              "Name": "sonarqube-public-sg",
              "attached_to": "pub-subnet-1 and pub-subnet-2",
              "availibility": "1a 1b"
            },
            "tags_all": {
              "Name": "sonarqube-public-sg",
              "attached_to": "pub-subnet-1 and pub-subnet-2",
              "availibility": "1a 1b"
            },
            "timeouts": null,
            "vpc_id": "vpc-017015f75cb0d3b9d"
          },
          "sensitive_attributes": [],
          "identity_schema_version": 0,
          "identity": {
            "account_id": "242201269239",
            "id": "sg-02d173b577c77e9ff",
            "region": "us-east-1"
          },
          "private": "eyJlMmJmYjczMC1lY2FhLTExZTYtOGY4OC0zNDM2M2JjN2M0YzAiOnsiY3JlYXRlIjo2MDAwMDAwMDAwMDAsImRlbGV0ZSI6OTAwMDAwMDAwMDAwfSwic2NoZW1hX3ZlcnNpb24iOiIxIn0=",
          "dependencies": [
            "module.vpc.aws_vpc.sonarqube_vpc"
          ]
        }
      ]
    },
    {
      "module": "module.vpc",
      "mode": "managed",
      "type": "aws_subnet",
      "name": "private_a",
      "provider": "provider[\"registry.terraform.io/hashicorp/aws\"]",
      "instances": [
        {
          "schema_version": 1,
          "attributes": {
            "arn": "arn:aws:ec2:us-east-1:242201269239:subnet/subnet-0911e1d6036153f12",
            "assign_ipv6_address_on_creation": false,
            "availability_zone": "us-east-1a",
            "availability_zone_id": "use1-az1",
            "cidr_block": "10.0.3.0/24",
            "customer_owned_ipv4_pool": "",
            "enable_dns64": false,
            "enable_lni_at_device_index": 0,
            "enable_resource_name_dns_a_record_on_launch": false,
            "enable_resource_name_dns_aaaa_record_on_launch": false,
            "id": "subnet-0911e1d6036153f12",
            "ipv6_cidr_block": "",
            "ipv6_cidr_block_association_id": "",
            "ipv6_native": false,
            "map_customer_owned_ip_on_launch": false,
            "map_public_ip_on_launch": false,
            "outpost_arn": "",
            "owner_id": "242201269239",
            "private_dns_hostname_type_on_launch": "ip-name",
            "region": "us-east-1",
            "tags": {
              "Name": "sonar-private-subnet-a",
              "access": "through-bastion-host",
              "attatched_to": "private-security-group",
              "az": "1a"
            },
            "tags_all": {
              "Name": "sonar-private-subnet-a",
              "access": "through-bastion-host",
              "attatched_to": "private-security-group",
              "az": "1a"
            },
            "timeouts": null,
            "vpc_id": "vpc-017015f75cb0d3b9d"
          },
          "sensitive_attributes": [],
          "identity_schema_version": 0,
          "identity": {
            "account_id": "242201269239",
            "id": "subnet-0911e1d6036153f12",
            "region": "us-east-1"
          },
          "private": "eyJlMmJmYjczMC1lY2FhLTExZTYtOGY4OC0zNDM2M2JjN2M0YzAiOnsiY3JlYXRlIjo2MDAwMDAwMDAwMDAsImRlbGV0ZSI6MTIwMDAwMDAwMDAwMH0sInNjaGVtYV92ZXJzaW9uIjoiMSJ9",
          "dependencies": [
            "module.vpc.aws_vpc.sonarqube_vpc"
          ]
        }
      ]
    },
    {
      "module": "module.vpc",
      "mode": "managed",
      "type": "aws_subnet",
      "name": "private_b",
      "provider": "provider[\"registry.terraform.io/hashicorp/aws\"]",
      "instances": [
        {
          "schema_version": 1,
          "attributes": {
            "arn": "arn:aws:ec2:us-east-1:242201269239:subnet/subnet-01dd0e492f5552dc3",
            "assign_ipv6_address_on_creation": false,
            "availability_zone": "us-east-1b",
            "availability_zone_id": "use1-az2",
            "cidr_block": "10.0.4.0/24",
            "customer_owned_ipv4_pool": "",
            "enable_dns64": false,
            "enable_lni_at_device_index": 0,
            "enable_resource_name_dns_a_record_on_launch": false,
            "enable_resource_name_dns_aaaa_record_on_launch": false,
            "id": "subnet-01dd0e492f5552dc3",
            "ipv6_cidr_block": "",
            "ipv6_cidr_block_association_id": "",
            "ipv6_native": false,
            "map_customer_owned_ip_on_launch": false,
            "map_public_ip_on_launch": false,
            "outpost_arn": "",
            "owner_id": "242201269239",
            "private_dns_hostname_type_on_launch": "ip-name",
            "region": "us-east-1",
            "tags": {
              "Name": "sonar-private-subnet-b",
              "access": "through-bastion-host",
              "attatched_to": "private-security-group",
              "az": "1b"
            },
            "tags_all": {
              "Name": "sonar-private-subnet-b",
              "access": "through-bastion-host",
              "attatched_to": "private-security-group",
              "az": "1b"
            },
            "timeouts": null,
            "vpc_id": "vpc-017015f75cb0d3b9d"
          },
          "sensitive_attributes": [],
          "identity_schema_version": 0,
          "identity": {
            "account_id": "242201269239",
            "id": "subnet-01dd0e492f5552dc3",
            "region": "us-east-1"
          },
          "private": "eyJlMmJmYjczMC1lY2FhLTExZTYtOGY4OC0zNDM2M2JjN2M0YzAiOnsiY3JlYXRlIjo2MDAwMDAwMDAwMDAsImRlbGV0ZSI6MTIwMDAwMDAwMDAwMH0sInNjaGVtYV92ZXJzaW9uIjoiMSJ9",
          "dependencies": [
            "module.vpc.aws_vpc.sonarqube_vpc"
          ]
        }
      ]
    },
    {
      "module": "module.vpc",
      "mode": "managed",
      "type": "aws_subnet",
      "name": "public_a",
      "provider": "provider[\"registry.terraform.io/hashicorp/aws\"]",
      "instances": [
        {
          "schema_version": 1,
          "attributes": {
            "arn": "arn:aws:ec2:us-east-1:242201269239:subnet/subnet-0c8f21cb50068ae09",
            "assign_ipv6_address_on_creation": false,
            "availability_zone": "us-east-1a",
            "availability_zone_id": "use1-az1",
            "cidr_block": "10.0.1.0/24",
            "customer_owned_ipv4_pool": "",
            "enable_dns64": false,
            "enable_lni_at_device_index": 0,
            "enable_resource_name_dns_a_record_on_launch": false,
            "enable_resource_name_dns_aaaa_record_on_launch": false,
            "id": "subnet-0c8f21cb50068ae09",
            "ipv6_cidr_block": "",
            "ipv6_cidr_block_association_id": "",
            "ipv6_native": false,
            "map_customer_owned_ip_on_launch": false,
            "map_public_ip_on_launch": true,
            "outpost_arn": "",
            "owner_id": "242201269239",
            "private_dns_hostname_type_on_launch": "ip-name",
            "region": "us-east-1",
            "tags": {
              "Name": "sonar-public-subnet-a",
              "access": "public",
              "attatched_to": "public-security-group",
              "az": "1a"
            },
            "tags_all": {
              "Name": "sonar-public-subnet-a",
              "access": "public",
              "attatched_to": "public-security-group",
              "az": "1a"
            },
            "timeouts": null,
            "vpc_id": "vpc-017015f75cb0d3b9d"
          },
          "sensitive_attributes": [],
          "identity_schema_version": 0,
          "identity": {
            "account_id": "242201269239",
            "id": "subnet-0c8f21cb50068ae09",
            "region": "us-east-1"
          },
          "private": "eyJlMmJmYjczMC1lY2FhLTExZTYtOGY4OC0zNDM2M2JjN2M0YzAiOnsiY3JlYXRlIjo2MDAwMDAwMDAwMDAsImRlbGV0ZSI6MTIwMDAwMDAwMDAwMH0sInNjaGVtYV92ZXJzaW9uIjoiMSJ9",
          "dependencies": [
            "module.vpc.aws_vpc.sonarqube_vpc"
          ]
        }
      ]
    },
    {
      "module": "module.vpc",
      "mode": "managed",
      "type": "aws_subnet",
      "name": "public_b",
      "provider": "provider[\"registry.terraform.io/hashicorp/aws\"]",
      "instances": [
        {
          "schema_version": 1,
          "attributes": {
            "arn": "arn:aws:ec2:us-east-1:242201269239:subnet/subnet-04be9a1f339df6e3b",
            "assign_ipv6_address_on_creation": false,
            "availability_zone": "us-east-1b",
            "availability_zone_id": "use1-az2",
            "cidr_block": "10.0.2.0/24",
            "customer_owned_ipv4_pool": "",
            "enable_dns64": false,
            "enable_lni_at_device_index": 0,
            "enable_resource_name_dns_a_record_on_launch": false,
            "enable_resource_name_dns_aaaa_record_on_launch": false,
            "id": "subnet-04be9a1f339df6e3b",
            "ipv6_cidr_block": "",
            "ipv6_cidr_block_association_id": "",
            "ipv6_native": false,
            "map_customer_owned_ip_on_launch": false,
            "map_public_ip_on_launch": true,
            "outpost_arn": "",
            "owner_id": "242201269239",
            "private_dns_hostname_type_on_launch": "ip-name",
            "region": "us-east-1",
            "tags": {
              "Name": "sonar-public-subnet-b",
              "access": "public",
              "attatched_to": "public-security-group",
              "az": "1b"
            },
            "tags_all": {
              "Name": "sonar-public-subnet-b",
              "access": "public",
              "attatched_to": "public-security-group",
              "az": "1b"
            },
            "timeouts": null,
            "vpc_id": "vpc-017015f75cb0d3b9d"
          },
          "sensitive_attributes": [],
          "identity_schema_version": 0,
          "identity": {
            "account_id": "242201269239",
            "id": "subnet-04be9a1f339df6e3b",
            "region": "us-east-1"
          },
          "private": "eyJlMmJmYjczMC1lY2FhLTExZTYtOGY4OC0zNDM2M2JjN2M0YzAiOnsiY3JlYXRlIjo2MDAwMDAwMDAwMDAsImRlbGV0ZSI6MTIwMDAwMDAwMDAwMH0sInNjaGVtYV92ZXJzaW9uIjoiMSJ9",
          "dependencies": [
            "module.vpc.aws_vpc.sonarqube_vpc"
          ]
        }
      ]
    },
    {
      "module": "module.vpc",
      "mode": "managed",
      "type": "aws_vpc",
      "name": "sonarqube_vpc",
      "provider": "provider[\"registry.terraform.io/hashicorp/aws\"]",
      "instances": [
        {
          "schema_version": 1,
          "attributes": {
            "arn": "arn:aws:ec2:us-east-1:242201269239:vpc/vpc-017015f75cb0d3b9d",
            "assign_generated_ipv6_cidr_block": false,
            "cidr_block": "10.0.0.0/16",
            "default_network_acl_id": "acl-0e7180f92213bb3d4",
            "default_route_table_id": "rtb-0df1999d546633c5d",
            "default_security_group_id": "sg-068a0bbecc1a1811d",
            "dhcp_options_id": "dopt-01911e6f2103d6b38",
            "enable_dns_hostnames": true,
            "enable_dns_support": true,
            "enable_network_address_usage_metrics": false,
            "id": "vpc-017015f75cb0d3b9d",
            "instance_tenancy": "default",
            "ipv4_ipam_pool_id": null,
            "ipv4_netmask_length": null,
            "ipv6_association_id": "",
            "ipv6_cidr_block": "",
            "ipv6_cidr_block_network_border_group": "",
            "ipv6_ipam_pool_id": "",
            "ipv6_netmask_length": 0,
            "main_route_table_id": "rtb-0df1999d546633c5d",
            "owner_id": "242201269239",
            "region": "us-east-1",
            "tags": {
              "Name": "sonarqube-vpc",
              "env": "sonarqube-env"
            },
            "tags_all": {
              "Name": "sonarqube-vpc",
              "env": "sonarqube-env"
            }
          },
          "sensitive_attributes": [],
          "identity_schema_version": 0,
          "identity": {
            "account_id": "242201269239",
            "id": "vpc-017015f75cb0d3b9d",
            "region": "us-east-1"
          },
          "private": "eyJzY2hlbWFfdmVyc2lvbiI6IjEifQ=="
        }
      ]
    }
  ],
  "check_results": null
}
