{
  "version": 4,
  "terraform_version": "1.13.5",
  "serial": 120,
  "lineage": "88009a2e-9086-6e11-5b13-94b1177a1235",
  "outputs": {
    "alb_dns_name": {
      "value": "sonarqube-alb-internet-1321272667.us-east-1.elb.amazonaws.com",
      "type": "string"
    },
    "vpc_id": {
      "value": "vpc-05715f14d5ad08678",
      "type": "string"
    }
  },
  "resources": [
    {
      "module": "module.alb",
      "mode": "managed",
      "type": "aws_lb",
      "name": "alb",
      "provider": "provider[\"registry.terraform.io/hashicorp/aws\"]",
      "instances": [
        {
          "schema_version": 0,
          "attributes": {
            "access_logs": [
              {
                "bucket": "",
                "enabled": false,
                "prefix": ""
              }
            ],
            "arn": "arn:aws:elasticloadbalancing:us-east-1:242201269239:loadbalancer/app/sonarqube-alb-internet/5f94091037c60cd6",
            "arn_suffix": "app/sonarqube-alb-internet/5f94091037c60cd6",
            "client_keep_alive": 3600,
            "connection_logs": [
              {
                "bucket": "",
                "enabled": false,
                "prefix": ""
              }
            ],
            "customer_owned_ipv4_pool": "",
            "desync_mitigation_mode": "defensive",
            "dns_name": "sonarqube-alb-internet-1321272667.us-east-1.elb.amazonaws.com",
            "dns_record_client_routing_policy": null,
            "drop_invalid_header_fields": false,
            "enable_cross_zone_load_balancing": true,
            "enable_deletion_protection": false,
            "enable_http2": true,
            "enable_tls_version_and_cipher_suite_headers": false,
            "enable_waf_fail_open": false,
            "enable_xff_client_port": false,
            "enable_zonal_shift": false,
            "enforce_security_group_inbound_rules_on_private_link_traffic": "",
            "id": "arn:aws:elasticloadbalancing:us-east-1:242201269239:loadbalancer/app/sonarqube-alb-internet/5f94091037c60cd6",
            "idle_timeout": 60,
            "internal": false,
            "ip_address_type": "ipv4",
            "ipam_pools": [],
            "load_balancer_type": "application",
            "minimum_load_balancer_capacity": [],
            "name": "sonarqube-alb-internet",
            "name_prefix": "",
            "preserve_host_header": false,
            "region": "us-east-1",
            "secondary_ips_auto_assigned_per_subnet": null,
            "security_groups": [
              "sg-02345b83afd633b62"
            ],
            "subnet_mapping": [
              {
                "allocation_id": "",
                "ipv6_address": "",
                "outpost_id": "",
                "private_ipv4_address": "",
                "subnet_id": "subnet-03561d1e22e0f3e13"
              },
              {
                "allocation_id": "",
                "ipv6_address": "",
                "outpost_id": "",
                "private_ipv4_address": "",
                "subnet_id": "subnet-0824b999ea774b33c"
              }
            ],
            "subnets": [
              "subnet-03561d1e22e0f3e13",
              "subnet-0824b999ea774b33c"
            ],
            "tags": {
              "Name": "sonarqube-alb-intenet-facing",
              "type": "load balancer"
            },
            "tags_all": {
              "Name": "sonarqube-alb-intenet-facing",
              "type": "load balancer"
            },
            "timeouts": null,
            "vpc_id": "vpc-05715f14d5ad08678",
            "xff_header_processing_mode": "append",
            "zone_id": "Z35SXDOTRQ7X7K"
          },
          "sensitive_attributes": [],
          "identity_schema_version": 0,
          "identity": {
            "arn": "arn:aws:elasticloadbalancing:us-east-1:242201269239:loadbalancer/app/sonarqube-alb-internet/5f94091037c60cd6"
          },
          "private": "eyJlMmJmYjczMC1lY2FhLTExZTYtOGY4OC0zNDM2M2JjN2M0YzAiOnsiY3JlYXRlIjo2MDAwMDAwMDAwMDAsImRlbGV0ZSI6NjAwMDAwMDAwMDAwLCJ1cGRhdGUiOjYwMDAwMDAwMDAwMH19",
          "dependencies": [
            "module.security.aws_security_group.public_sg",
            "module.vpc.aws_subnet.public_a",
            "module.vpc.aws_subnet.public_b",
            "module.vpc.aws_vpc.sonarqube_vpc"
          ]
        }
      ]
    },
    {
      "module": "module.alb",
      "mode": "managed",
      "type": "aws_lb_listener",
      "name": "listener",
      "provider": "provider[\"registry.terraform.io/hashicorp/aws\"]",
      "instances": [
        {
          "schema_version": 0,
          "attributes": {
            "alpn_policy": null,
            "arn": "arn:aws:elasticloadbalancing:us-east-1:242201269239:listener/app/sonarqube-alb-internet/5f94091037c60cd6/de662c3e5bddeb42",
            "certificate_arn": null,
            "default_action": [
              {
                "authenticate_cognito": [],
                "authenticate_oidc": [],
                "fixed_response": [],
                "forward": [],
                "order": 1,
                "redirect": [],
                "target_group_arn": "arn:aws:elasticloadbalancing:us-east-1:242201269239:targetgroup/sonarqube-tg/36c6986442a4922c",
                "type": "forward"
              }
            ],
            "id": "arn:aws:elasticloadbalancing:us-east-1:242201269239:listener/app/sonarqube-alb-internet/5f94091037c60cd6/de662c3e5bddeb42",
            "load_balancer_arn": "arn:aws:elasticloadbalancing:us-east-1:242201269239:loadbalancer/app/sonarqube-alb-internet/5f94091037c60cd6",
            "mutual_authentication": [],
            "port": 80,
            "protocol": "HTTP",
            "region": "us-east-1",
            "routing_http_request_x_amzn_mtls_clientcert_header_name": null,
            "routing_http_request_x_amzn_mtls_clientcert_issuer_header_name": null,
            "routing_http_request_x_amzn_mtls_clientcert_leaf_header_name": null,
            "routing_http_request_x_amzn_mtls_clientcert_serial_number_header_name": null,
            "routing_http_request_x_amzn_mtls_clientcert_subject_header_name": null,
            "routing_http_request_x_amzn_mtls_clientcert_validity_header_name": null,
            "routing_http_request_x_amzn_tls_cipher_suite_header_name": null,
            "routing_http_request_x_amzn_tls_version_header_name": null,
            "routing_http_response_access_control_allow_credentials_header_value": "",
            "routing_http_response_access_control_allow_headers_header_value": "",
            "routing_http_response_access_control_allow_methods_header_value": "",
            "routing_http_response_access_control_allow_origin_header_value": "",
            "routing_http_response_access_control_expose_headers_header_value": "",
            "routing_http_response_access_control_max_age_header_value": "",
            "routing_http_response_content_security_policy_header_value": "",
            "routing_http_response_server_enabled": true,
            "routing_http_response_strict_transport_security_header_value": "",
            "routing_http_response_x_content_type_options_header_value": "",
            "routing_http_response_x_frame_options_header_value": "",
            "ssl_policy": "",
            "tags": {},
            "tags_all": {},
            "tcp_idle_timeout_seconds": null,
            "timeouts": null
          },
          "sensitive_attributes": [],
          "identity_schema_version": 0,
          "identity": {
            "arn": "arn:aws:elasticloadbalancing:us-east-1:242201269239:listener/app/sonarqube-alb-internet/5f94091037c60cd6/de662c3e5bddeb42"
          },
          "private": "eyJlMmJmYjczMC1lY2FhLTExZTYtOGY4OC0zNDM2M2JjN2M0YzAiOnsiY3JlYXRlIjozMDAwMDAwMDAwMDAsInVwZGF0ZSI6MzAwMDAwMDAwMDAwfX0=",
          "dependencies": [
            "module.alb.aws_lb.alb",
            "module.alb.aws_lb_target_group.tg",
            "module.security.aws_security_group.public_sg",
            "module.vpc.aws_subnet.public_a",
            "module.vpc.aws_subnet.public_b",
            "module.vpc.aws_vpc.sonarqube_vpc"
          ]
        }
      ]
    },
    {
      "module": "module.alb",
      "mode": "managed",
      "type": "aws_lb_target_group",
      "name": "tg",
      "provider": "provider[\"registry.terraform.io/hashicorp/aws\"]",
      "instances": [
        {
          "schema_version": 0,
          "attributes": {
            "arn": "arn:aws:elasticloadbalancing:us-east-1:242201269239:targetgroup/sonarqube-tg/36c6986442a4922c",
            "arn_suffix": "targetgroup/sonarqube-tg/36c6986442a4922c",
            "connection_termination": null,
            "deregistration_delay": "300",
            "health_check": [
              {
                "enabled": true,
                "healthy_threshold": 3,
                "interval": 30,
                "matcher": "200",
                "path": "/",
                "port": "9000",
                "protocol": "HTTP",
                "timeout": 5,
                "unhealthy_threshold": 3
              }
            ],
            "id": "arn:aws:elasticloadbalancing:us-east-1:242201269239:targetgroup/sonarqube-tg/36c6986442a4922c",
            "ip_address_type": "ipv4",
            "lambda_multi_value_headers_enabled": false,
            "load_balancer_arns": [
              "arn:aws:elasticloadbalancing:us-east-1:242201269239:loadbalancer/app/sonarqube-alb-internet/5f94091037c60cd6"
            ],
            "load_balancing_algorithm_type": "round_robin",
            "load_balancing_anomaly_mitigation": "off",
            "load_balancing_cross_zone_enabled": "use_load_balancer_configuration",
            "name": "sonarqube-tg",
            "name_prefix": "",
            "port": 9000,
            "preserve_client_ip": null,
            "protocol": "HTTP",
            "protocol_version": "HTTP1",
            "proxy_protocol_v2": false,
            "region": "us-east-1",
            "slow_start": 0,
            "stickiness": [
              {
                "cookie_duration": 86400,
                "cookie_name": "",
                "enabled": false,
                "type": "lb_cookie"
              }
            ],
            "tags": {
              "access": "through alb",
              "open_port": "9000 and 5432",
              "subnet": "private"
            },
            "tags_all": {
              "access": "through alb",
              "open_port": "9000 and 5432",
              "subnet": "private"
            },
            "target_failover": [
              {
                "on_deregistration": null,
                "on_unhealthy": null
              }
            ],
            "target_group_health": [
              {
                "dns_failover": [
                  {
                    "minimum_healthy_targets_count": "1",
                    "minimum_healthy_targets_percentage": "off"
                  }
                ],
                "unhealthy_state_routing": [
                  {
                    "minimum_healthy_targets_count": 1,
                    "minimum_healthy_targets_percentage": "off"
                  }
                ]
              }
            ],
            "target_health_state": [
              {
                "enable_unhealthy_connection_termination": null,
                "unhealthy_draining_interval": null
              }
            ],
            "target_type": "instance",
            "vpc_id": "vpc-05715f14d5ad08678"
          },
          "sensitive_attributes": [],
          "identity_schema_version": 0,
          "identity": {
            "arn": "arn:aws:elasticloadbalancing:us-east-1:242201269239:targetgroup/sonarqube-tg/36c6986442a4922c"
          },
          "private": "bnVsbA==",
          "dependencies": [
            "module.vpc.aws_vpc.sonarqube_vpc"
          ]
        }
      ]
    },
    {
      "module": "module.compute",
      "mode": "data",
      "type": "aws_ami",
      "name": "ubuntu",
      "provider": "provider[\"registry.terraform.io/hashicorp/aws\"]",
      "instances": [
        {
          "schema_version": 0,
          "attributes": {
            "allow_unsafe_filter": null,
            "architecture": "x86_64",
            "arn": "arn:aws:ec2:us-east-1::image/ami-00b13f11600160c10",
            "block_device_mappings": [
              {
                "device_name": "/dev/sda1",
                "ebs": {
                  "delete_on_termination": "true",
                  "encrypted": "false",
                  "iops": "0",
                  "snapshot_id": "snap-083ad679757e9dbbd",
                  "throughput": "0",
                  "volume_initialization_rate": "0",
                  "volume_size": "8",
                  "volume_type": "gp2"
                },
                "no_device": "",
                "virtual_name": ""
              },
              {
                "device_name": "/dev/sdb",
                "ebs": {},
                "no_device": "",
                "virtual_name": "ephemeral0"
              },
              {
                "device_name": "/dev/sdc",
                "ebs": {},
                "no_device": "",
                "virtual_name": "ephemeral1"
              }
            ],
            "boot_mode": "uefi-preferred",
            "creation_date": "2025-11-11T07:04:04.000Z",
            "deprecation_time": "2027-11-11T07:04:04.000Z",
            "description": "Canonical, Ubuntu, 22.04, amd64 jammy image",
            "ena_support": true,
            "executable_users": null,
            "filter": [
              {
                "name": "name",
                "values": [
                  "ubuntu/images/hvm-ssd/ubuntu-jammy-22.04-amd64-server-*"
                ]
              }
            ],
            "hypervisor": "xen",
            "id": "ami-00b13f11600160c10",
            "image_id": "ami-00b13f11600160c10",
            "image_location": "amazon/ubuntu/images/hvm-ssd/ubuntu-jammy-22.04-amd64-server-20251111",
            "image_owner_alias": "amazon",
            "image_type": "machine",
            "imds_support": "",
            "include_deprecated": false,
            "kernel_id": "",
            "last_launched_time": "",
            "most_recent": true,
            "name": "ubuntu/images/hvm-ssd/ubuntu-jammy-22.04-amd64-server-20251111",
            "name_regex": null,
            "owner_id": "099720109477",
            "owners": [
              "099720109477"
            ],
            "platform": "",
            "platform_details": "Linux/UNIX",
            "product_codes": [],
            "public": true,
            "ramdisk_id": "",
            "region": "us-east-1",
            "root_device_name": "/dev/sda1",
            "root_device_type": "ebs",
            "root_snapshot_id": "snap-083ad679757e9dbbd",
            "sriov_net_support": "simple",
            "state": "available",
            "state_reason": {
              "code": "UNSET",
              "message": "UNSET"
            },
            "tags": {},
            "timeouts": null,
            "tpm_support": "",
            "uefi_data": null,
            "usage_operation": "RunInstances",
            "virtualization_type": "hvm"
          },
          "sensitive_attributes": [],
          "identity_schema_version": 0
        }
      ]
    },
    {
      "module": "module.compute",
      "mode": "managed",
      "type": "aws_autoscaling_group",
      "name": "asg",
      "provider": "provider[\"registry.terraform.io/hashicorp/aws\"]",
      "instances": [
        {
          "schema_version": 1,
          "attributes": {
            "arn": "arn:aws:autoscaling:us-east-1:242201269239:autoScalingGroup:eb04eb5e-fc8e-4125-8e56-bde5adc25c9c:autoScalingGroupName/sonarqube-asg",
            "availability_zone_distribution": [
              {
                "capacity_distribution_strategy": "balanced-best-effort"
              }
            ],
            "availability_zones": [
              "us-east-1a",
              "us-east-1b"
            ],
            "capacity_rebalance": false,
            "capacity_reservation_specification": [
              {
                "capacity_reservation_preference": "default",
                "capacity_reservation_target": []
              }
            ],
            "context": "",
            "default_cooldown": 300,
            "default_instance_warmup": 0,
            "desired_capacity": 0,
            "desired_capacity_type": "",
            "enabled_metrics": [],
            "force_delete": false,
            "force_delete_warm_pool": false,
            "health_check_grace_period": 300,
            "health_check_type": "EC2",
            "id": "sonarqube-asg",
            "ignore_failed_scaling_activities": false,
            "initial_lifecycle_hook": [],
            "instance_maintenance_policy": [],
            "instance_refresh": [],
            "launch_configuration": "",
            "launch_template": [
              {
                "id": "lt-0cb79230b8ae749b5",
                "name": "sonarqube-lt-20251112054146863100000008",
                "version": "2"
              }
            ],
            "load_balancers": [],
            "max_instance_lifetime": 0,
            "max_size": 0,
            "metrics_granularity": "1Minute",
            "min_elb_capacity": null,
            "min_size": 0,
            "mixed_instances_policy": [],
            "name": "sonarqube-asg",
            "name_prefix": "",
            "placement_group": "",
            "predicted_capacity": 0,
            "protect_from_scale_in": false,
            "region": "us-east-1",
            "service_linked_role_arn": "arn:aws:iam::242201269239:role/aws-service-role/autoscaling.amazonaws.com/AWSServiceRoleForAutoScaling",
            "suspended_processes": [],
            "tag": [
              {
                "key": "Name",
                "propagate_at_launch": true,
                "value": "sonarqube-instance"
              }
            ],
            "target_group_arns": [
              "arn:aws:elasticloadbalancing:us-east-1:242201269239:targetgroup/sonarqube-tg/36c6986442a4922c"
            ],
            "termination_policies": [],
            "timeouts": null,
            "traffic_source": [
              {
                "identifier": "arn:aws:elasticloadbalancing:us-east-1:242201269239:targetgroup/sonarqube-tg/36c6986442a4922c",
                "type": "elbv2"
              }
            ],
            "vpc_zone_identifier": [
              "subnet-052b31136b90365fe",
              "subnet-07cbb6226ba155472"
            ],
            "wait_for_capacity_timeout": "10m",
            "wait_for_elb_capacity": null,
            "warm_pool": [],
            "warm_pool_size": 0
          },
          "sensitive_attributes": [],
          "identity_schema_version": 0,
          "private": "eyJlMmJmYjczMC1lY2FhLTExZTYtOGY4OC0zNDM2M2JjN2M0YzAiOnsiZGVsZXRlIjo2MDAwMDAwMDAwMDAsInVwZGF0ZSI6NjAwMDAwMDAwMDAwfSwic2NoZW1hX3ZlcnNpb24iOiIxIn0=",
          "dependencies": [
            "module.alb.aws_lb_target_group.tg",
            "module.compute.aws_launch_template.lt",
            "module.compute.data.aws_ami.ubuntu",
            "module.keypair.aws_key_pair.key",
            "module.keypair.tls_private_key.key",
            "module.security.aws_security_group.postgres_sg",
            "module.security.aws_security_group.private_sg",
            "module.security.aws_security_group.public_sg",
            "module.vpc.aws_subnet.private_a",
            "module.vpc.aws_subnet.private_b",
            "module.vpc.aws_vpc.sonarqube_vpc"
          ]
        }
      ]
    },
    {
      "module": "module.compute",
      "mode": "managed",
      "type": "aws_instance",
      "name": "private_server_a",
      "provider": "provider[\"registry.terraform.io/hashicorp/aws\"]",
      "instances": [
        {
          "schema_version": 2,
          "attributes": {
            "ami": "ami-00b13f11600160c10",
            "arn": "arn:aws:ec2:us-east-1:242201269239:instance/i-04866a28f7cff4043",
            "associate_public_ip_address": false,
            "availability_zone": "us-east-1a",
            "capacity_reservation_specification": [
              {
                "capacity_reservation_preference": "open",
                "capacity_reservation_target": []
              }
            ],
            "cpu_options": [
              {
                "amd_sev_snp": "",
                "core_count": 1,
                "threads_per_core": 2
              }
            ],
            "credit_specification": [
              {
                "cpu_credits": "unlimited"
              }
            ],
            "disable_api_stop": false,
            "disable_api_termination": false,
            "ebs_block_device": [],
            "ebs_optimized": false,
            "enable_primary_ipv6": null,
            "enclave_options": [
              {
                "enabled": false
              }
            ],
            "ephemeral_block_device": [],
            "force_destroy": false,
            "get_password_data": false,
            "hibernation": false,
            "host_id": "",
            "host_resource_group_arn": null,
            "iam_instance_profile": "",
            "id": "i-04866a28f7cff4043",
            "instance_initiated_shutdown_behavior": "stop",
            "instance_lifecycle": "",
            "instance_market_options": [],
            "instance_state": "running",
            "instance_type": "t3.large",
            "ipv6_address_count": 0,
            "ipv6_addresses": [],
            "key_name": "sonarqube-key",
            "launch_template": [],
            "maintenance_options": [
              {
                "auto_recovery": "default"
              }
            ],
            "metadata_options": [
              {
                "http_endpoint": "enabled",
                "http_protocol_ipv6": "disabled",
                "http_put_response_hop_limit": 1,
                "http_tokens": "optional",
                "instance_metadata_tags": "disabled"
              }
            ],
            "monitoring": false,
            "network_interface": [],
            "outpost_arn": "",
            "password_data": "",
            "placement_group": "",
            "placement_group_id": "",
            "placement_partition_number": 0,
            "primary_network_interface": [
              {
                "delete_on_termination": true,
                "network_interface_id": "eni-028138ce8d1d8f4d2"
              }
            ],
            "primary_network_interface_id": "eni-028138ce8d1d8f4d2",
            "private_dns": "ip-10-0-3-129.ec2.internal",
            "private_dns_name_options": [
              {
                "enable_resource_name_dns_a_record": false,
                "enable_resource_name_dns_aaaa_record": false,
                "hostname_type": "ip-name"
              }
            ],
            "private_ip": "10.0.3.129",
            "public_dns": "",
            "public_ip": "",
            "region": "us-east-1",
            "root_block_device": [
              {
                "delete_on_termination": true,
                "device_name": "/dev/sda1",
                "encrypted": false,
                "iops": 100,
                "kms_key_id": "",
                "tags": {},
                "tags_all": {},
                "throughput": 0,
                "volume_id": "vol-07618e8717b11c9e8",
                "volume_size": 8,
                "volume_type": "gp2"
              }
            ],
            "secondary_private_ips": [],
            "security_groups": [
              "sg-02345b83afd633b62"
            ],
            "source_dest_check": true,
            "spot_instance_request_id": "",
            "subnet_id": "subnet-07cbb6226ba155472",
            "tags": {
              "Name": "private-server-1a",
              "az": "1a"
            },
            "tags_all": {
              "Name": "private-server-1a",
              "az": "1a"
            },
            "tenancy": "default",
            "timeouts": null,
            "user_data": null,
            "user_data_base64": null,
            "user_data_replace_on_change": false,
            "volume_tags": null,
            "vpc_security_group_ids": [
              "sg-02345b83afd633b62"
            ]
          },
          "sensitive_attributes": [],
          "identity_schema_version": 0,
          "identity": {
            "account_id": "242201269239",
            "id": "i-04866a28f7cff4043",
            "region": "us-east-1"
          },
          "private": "eyJlMmJmYjczMC1lY2FhLTExZTYtOGY4OC0zNDM2M2JjN2M0YzAiOnsiY3JlYXRlIjo2MDAwMDAwMDAwMDAsImRlbGV0ZSI6MTIwMDAwMDAwMDAwMCwicmVhZCI6OTAwMDAwMDAwMDAwLCJ1cGRhdGUiOjYwMDAwMDAwMDAwMH0sInNjaGVtYV92ZXJzaW9uIjoiMiJ9",
          "dependencies": [
            "module.compute.data.aws_ami.ubuntu",
            "module.keypair.aws_key_pair.key",
            "module.keypair.tls_private_key.key",
            "module.security.aws_security_group.public_sg",
            "module.vpc.aws_subnet.private_a",
            "module.vpc.aws_subnet.private_b",
            "module.vpc.aws_vpc.sonarqube_vpc"
          ]
        }
      ]
    },
    {
      "module": "module.compute",
      "mode": "managed",
      "type": "aws_instance",
      "name": "private_server_b",
      "provider": "provider[\"registry.terraform.io/hashicorp/aws\"]",
      "instances": [
        {
          "schema_version": 2,
          "attributes": {
            "ami": "ami-00b13f11600160c10",
            "arn": "arn:aws:ec2:us-east-1:242201269239:instance/i-01b8e5939fcc4fa30",
            "associate_public_ip_address": false,
            "availability_zone": "us-east-1a",
            "capacity_reservation_specification": [
              {
                "capacity_reservation_preference": "open",
                "capacity_reservation_target": []
              }
            ],
            "cpu_options": [
              {
                "amd_sev_snp": "",
                "core_count": 1,
                "threads_per_core": 2
              }
            ],
            "credit_specification": [
              {
                "cpu_credits": "unlimited"
              }
            ],
            "disable_api_stop": false,
            "disable_api_termination": false,
            "ebs_block_device": [],
            "ebs_optimized": false,
            "enable_primary_ipv6": null,
            "enclave_options": [
              {
                "enabled": false
              }
            ],
            "ephemeral_block_device": [],
            "force_destroy": false,
            "get_password_data": false,
            "hibernation": false,
            "host_id": "",
            "host_resource_group_arn": null,
            "iam_instance_profile": "",
            "id": "i-01b8e5939fcc4fa30",
            "instance_initiated_shutdown_behavior": "stop",
            "instance_lifecycle": "",
            "instance_market_options": [],
            "instance_state": "running",
            "instance_type": "t3.large",
            "ipv6_address_count": 0,
            "ipv6_addresses": [],
            "key_name": "sonarqube-key",
            "launch_template": [],
            "maintenance_options": [
              {
                "auto_recovery": "default"
              }
            ],
            "metadata_options": [
              {
                "http_endpoint": "enabled",
                "http_protocol_ipv6": "disabled",
                "http_put_response_hop_limit": 1,
                "http_tokens": "optional",
                "instance_metadata_tags": "disabled"
              }
            ],
            "monitoring": false,
            "network_interface": [],
            "outpost_arn": "",
            "password_data": "",
            "placement_group": "",
            "placement_group_id": "",
            "placement_partition_number": 0,
            "primary_network_interface": [
              {
                "delete_on_termination": true,
                "network_interface_id": "eni-0ae26144ebc1338f4"
              }
            ],
            "primary_network_interface_id": "eni-0ae26144ebc1338f4",
            "private_dns": "ip-10-0-3-254.ec2.internal",
            "private_dns_name_options": [
              {
                "enable_resource_name_dns_a_record": false,
                "enable_resource_name_dns_aaaa_record": false,
                "hostname_type": "ip-name"
              }
            ],
            "private_ip": "10.0.3.254",
            "public_dns": "",
            "public_ip": "",
            "region": "us-east-1",
            "root_block_device": [
              {
                "delete_on_termination": true,
                "device_name": "/dev/sda1",
                "encrypted": false,
                "iops": 100,
                "kms_key_id": "",
                "tags": {},
                "tags_all": {},
                "throughput": 0,
                "volume_id": "vol-0fe4d6f2bed09704d",
                "volume_size": 8,
                "volume_type": "gp2"
              }
            ],
            "secondary_private_ips": [],
            "security_groups": [
              "sg-02345b83afd633b62"
            ],
            "source_dest_check": true,
            "spot_instance_request_id": "",
            "subnet_id": "subnet-07cbb6226ba155472",
            "tags": {
              "Name": "private-server-1b",
              "az": "1b"
            },
            "tags_all": {
              "Name": "private-server-1b",
              "az": "1b"
            },
            "tenancy": "default",
            "timeouts": null,
            "user_data": null,
            "user_data_base64": null,
            "user_data_replace_on_change": false,
            "volume_tags": null,
            "vpc_security_group_ids": [
              "sg-02345b83afd633b62"
            ]
          },
          "sensitive_attributes": [],
          "identity_schema_version": 0,
          "identity": {
            "account_id": "242201269239",
            "id": "i-01b8e5939fcc4fa30",
            "region": "us-east-1"
          },
          "private": "eyJlMmJmYjczMC1lY2FhLTExZTYtOGY4OC0zNDM2M2JjN2M0YzAiOnsiY3JlYXRlIjo2MDAwMDAwMDAwMDAsImRlbGV0ZSI6MTIwMDAwMDAwMDAwMCwicmVhZCI6OTAwMDAwMDAwMDAwLCJ1cGRhdGUiOjYwMDAwMDAwMDAwMH0sInNjaGVtYV92ZXJzaW9uIjoiMiJ9",
          "dependencies": [
            "module.compute.data.aws_ami.ubuntu",
            "module.keypair.aws_key_pair.key",
            "module.keypair.tls_private_key.key",
            "module.security.aws_security_group.public_sg",
            "module.vpc.aws_subnet.private_a",
            "module.vpc.aws_subnet.private_b",
            "module.vpc.aws_vpc.sonarqube_vpc"
          ]
        }
      ]
    },
    {
      "module": "module.compute",
      "mode": "managed",
      "type": "aws_instance",
      "name": "public_ec2",
      "provider": "provider[\"registry.terraform.io/hashicorp/aws\"]",
      "instances": [
        {
          "schema_version": 2,
          "attributes": {
            "ami": "ami-00b13f11600160c10",
            "arn": "arn:aws:ec2:us-east-1:242201269239:instance/i-0b3f1e251438119be",
            "associate_public_ip_address": true,
            "availability_zone": "us-east-1a",
            "capacity_reservation_specification": [
              {
                "capacity_reservation_preference": "open",
                "capacity_reservation_target": []
              }
            ],
            "cpu_options": [
              {
                "amd_sev_snp": "",
                "core_count": 1,
                "threads_per_core": 1
              }
            ],
            "credit_specification": [
              {
                "cpu_credits": "standard"
              }
            ],
            "disable_api_stop": false,
            "disable_api_termination": false,
            "ebs_block_device": [],
            "ebs_optimized": false,
            "enable_primary_ipv6": null,
            "enclave_options": [
              {
                "enabled": false
              }
            ],
            "ephemeral_block_device": [],
            "force_destroy": false,
            "get_password_data": false,
            "hibernation": false,
            "host_id": "",
            "host_resource_group_arn": null,
            "iam_instance_profile": "",
            "id": "i-0b3f1e251438119be",
            "instance_initiated_shutdown_behavior": "stop",
            "instance_lifecycle": "",
            "instance_market_options": [],
            "instance_state": "running",
            "instance_type": "t2.micro",
            "ipv6_address_count": 0,
            "ipv6_addresses": [],
            "key_name": "sonarqube-key",
            "launch_template": [],
            "maintenance_options": [
              {
                "auto_recovery": "default"
              }
            ],
            "metadata_options": [
              {
                "http_endpoint": "enabled",
                "http_protocol_ipv6": "disabled",
                "http_put_response_hop_limit": 1,
                "http_tokens": "optional",
                "instance_metadata_tags": "disabled"
              }
            ],
            "monitoring": false,
            "network_interface": [],
            "outpost_arn": "",
            "password_data": "",
            "placement_group": "",
            "placement_group_id": "",
            "placement_partition_number": 0,
            "primary_network_interface": [
              {
                "delete_on_termination": true,
                "network_interface_id": "eni-04a160386a4b023d2"
              }
            ],
            "primary_network_interface_id": "eni-04a160386a4b023d2",
            "private_dns": "ip-10-0-1-35.ec2.internal",
            "private_dns_name_options": [
              {
                "enable_resource_name_dns_a_record": false,
                "enable_resource_name_dns_aaaa_record": false,
                "hostname_type": "ip-name"
              }
            ],
            "private_ip": "10.0.1.35",
            "public_dns": "ec2-13-222-131-222.compute-1.amazonaws.com",
            "public_ip": "13.222.131.222",
            "region": "us-east-1",
            "root_block_device": [
              {
                "delete_on_termination": true,
                "device_name": "/dev/sda1",
                "encrypted": false,
                "iops": 100,
                "kms_key_id": "",
                "tags": {},
                "tags_all": {},
                "throughput": 0,
                "volume_id": "vol-028be0a82bfa5137f",
                "volume_size": 8,
                "volume_type": "gp2"
              }
            ],
            "secondary_private_ips": [],
            "security_groups": [],
            "source_dest_check": true,
            "spot_instance_request_id": "",
            "subnet_id": "subnet-0824b999ea774b33c",
            "tags": {
              "Name": "public-ec2-instance",
              "type": "bastion host"
            },
            "tags_all": {
              "Name": "public-ec2-instance",
              "type": "bastion host"
            },
            "tenancy": "default",
            "timeouts": null,
            "user_data": null,
            "user_data_base64": null,
            "user_data_replace_on_change": false,
            "volume_tags": null,
            "vpc_security_group_ids": [
              "sg-02345b83afd633b62"
            ]
          },
          "sensitive_attributes": [],
          "identity_schema_version": 0,
          "identity": {
            "account_id": "242201269239",
            "id": "i-0b3f1e251438119be",
            "region": "us-east-1"
          },
          "private": "eyJlMmJmYjczMC1lY2FhLTExZTYtOGY4OC0zNDM2M2JjN2M0YzAiOnsiY3JlYXRlIjo2MDAwMDAwMDAwMDAsImRlbGV0ZSI6MTIwMDAwMDAwMDAwMCwicmVhZCI6OTAwMDAwMDAwMDAwLCJ1cGRhdGUiOjYwMDAwMDAwMDAwMH0sInNjaGVtYV92ZXJzaW9uIjoiMiJ9",
          "dependencies": [
            "module.compute.data.aws_ami.ubuntu",
            "module.keypair.aws_key_pair.key",
            "module.keypair.tls_private_key.key",
            "module.security.aws_security_group.public_sg",
            "module.vpc.aws_subnet.public_a",
            "module.vpc.aws_subnet.public_b",
            "module.vpc.aws_vpc.sonarqube_vpc"
          ]
        }
      ]
    },
    {
      "module": "module.compute",
      "mode": "managed",
      "type": "aws_launch_template",
      "name": "lt",
      "provider": "provider[\"registry.terraform.io/hashicorp/aws\"]",
      "instances": [
        {
          "schema_version": 1,
          "attributes": {
            "arn": "arn:aws:ec2:us-east-1:242201269239:launch-template/lt-0cb79230b8ae749b5",
            "block_device_mappings": [],
            "capacity_reservation_specification": [],
            "cpu_options": [],
            "credit_specification": [],
            "default_version": 1,
            "description": "",
            "disable_api_stop": false,
            "disable_api_termination": false,
            "ebs_optimized": "",
            "enclave_options": [],
            "hibernation_options": [],
            "iam_instance_profile": [],
            "id": "lt-0cb79230b8ae749b5",
            "image_id": "ami-00b13f11600160c10",
            "instance_initiated_shutdown_behavior": "",
            "instance_market_options": [],
            "instance_requirements": [],
            "instance_type": "t3.medium",
            "kernel_id": "",
            "key_name": "sonarqube-key",
            "latest_version": 2,
            "license_specification": [],
            "maintenance_options": [],
            "metadata_options": [],
            "monitoring": [],
            "name": "sonarqube-lt-20251112054146863100000008",
            "name_prefix": "sonarqube-lt-",
            "network_interfaces": [],
            "placement": [],
            "private_dns_name_options": [],
            "ram_disk_id": "",
            "region": "us-east-1",
            "security_group_names": [],
            "tag_specifications": [],
            "tags": {
              "Name": "private-server-1a",
              "az": "1a"
            },
            "tags_all": {
              "Name": "private-server-1a",
              "az": "1a"
            },
            "update_default_version": null,
            "user_data": "",
            "vpc_security_group_ids": [
              "sg-01ce4cedb7bdb4421",
              "sg-059f08fce18a0fbdf"
            ]
          },
          "sensitive_attributes": [],
          "identity_schema_version": 0,
          "private": "eyJzY2hlbWFfdmVyc2lvbiI6IjEifQ==",
          "dependencies": [
            "module.compute.data.aws_ami.ubuntu",
            "module.keypair.aws_key_pair.key",
            "module.keypair.tls_private_key.key",
            "module.security.aws_security_group.postgres_sg",
            "module.security.aws_security_group.private_sg",
            "module.security.aws_security_group.public_sg",
            "module.vpc.aws_vpc.sonarqube_vpc"
          ]
        }
      ]
    },
    {
      "module": "module.compute",
      "mode": "managed",
      "type": "aws_launch_template",
      "name": "sonarqube_lt",
      "provider": "provider[\"registry.terraform.io/hashicorp/aws\"]",
      "instances": [
        {
          "schema_version": 1,
          "attributes": {
            "arn": "arn:aws:ec2:us-east-1:242201269239:launch-template/lt-02e74e967e85122b7",
            "block_device_mappings": [],
            "capacity_reservation_specification": [],
            "cpu_options": [],
            "credit_specification": [],
            "default_version": 1,
            "description": "",
            "disable_api_stop": false,
            "disable_api_termination": false,
            "ebs_optimized": "",
            "enclave_options": [],
            "hibernation_options": [],
            "iam_instance_profile": [],
            "id": "lt-02e74e967e85122b7",
            "image_id": "ami-00b13f11600160c10",
            "instance_initiated_shutdown_behavior": "",
            "instance_market_options": [],
            "instance_requirements": [],
            "instance_type": "t3.large",
            "kernel_id": "",
            "key_name": "sonarqube-key",
            "latest_version": 2,
            "license_specification": [],
            "maintenance_options": [],
            "metadata_options": [],
            "monitoring": [],
            "name": "sonarqube-lt-",
            "name_prefix": "",
            "network_interfaces": [],
            "placement": [],
            "private_dns_name_options": [],
            "ram_disk_id": "",
            "region": "us-east-1",
            "security_group_names": [],
            "tag_specifications": [],
            "tags": {
              "launch_template": "sonarqube-launch-template",
              "sec_grp": "private and postgres",
              "situated_in": "private subnet"
            },
            "tags_all": {
              "launch_template": "sonarqube-launch-template",
              "sec_grp": "private and postgres",
              "situated_in": "private subnet"
            },
            "update_default_version": null,
            "user_data": "",
            "vpc_security_group_ids": [
              "sg-02345b83afd633b62"
            ]
          },
          "sensitive_attributes": [],
          "identity_schema_version": 0,
          "private": "eyJzY2hlbWFfdmVyc2lvbiI6IjEifQ==",
          "dependencies": [
            "module.compute.data.aws_ami.ubuntu",
            "module.keypair.aws_key_pair.key",
            "module.keypair.tls_private_key.key",
            "module.security.aws_security_group.public_sg",
            "module.vpc.aws_vpc.sonarqube_vpc"
          ]
        }
      ]
    },
    {
      "module": "module.keypair",
      "mode": "managed",
      "type": "aws_key_pair",
      "name": "key",
      "provider": "provider[\"registry.terraform.io/hashicorp/aws\"]",
      "instances": [
        {
          "schema_version": 1,
          "attributes": {
            "arn": "arn:aws:ec2:us-east-1:242201269239:key-pair/sonarqube-key",
            "fingerprint": "5b:c6:2d:48:5f:c0:a0:e9:ef:42:7c:89:83:b6:1e:46",
            "id": "sonarqube-key",
            "key_name": "sonarqube-key",
            "key_name_prefix": "",
            "key_pair_id": "key-0e2fd199160133960",
            "key_type": "rsa",
            "public_key": "ssh-rsa AAAAB3NzaC1yc2EAAAADAQABAAACAQDEMLvV/wuSIQFLXDiBvftIlgSucVm3PHitfAXQlKgDpLpt4rPMDDuVyiAgjQJYzMjbXsQ1giemzE5NFP7b17AaNR9YlANagpedX5q+0gkxQA00jVOCvcY37oYGXNAaoiCPU/griWbZ2ONktGUyPO6yPDozx9lscUgyFDHDTEtziln+RTKKdYSl9j98mqgh9sphq35tm1StmNTPyKmWeVj1ihh06odxrTeFxMG6voW0zYr4VfeQiyWfBvpYVvVbccaPdIZdWu94EdPLA0piqRqs6anzcmuiX8fEg1r0/50aPhdNuDz57NJ2wntDZdfUVQ1fkn/w+4PFmpWE1qYfK4j/H9G7Gfr2RgiX8VIex1YA+zWl7hxuJ/PxhQc2sU9J0paMmO/cOZl8mCtkiVC6oJph9Zu/+KDFPMYkdkJzpVCDPrJP2OSsnz96cP2GlF7SJCJ/KiWIRkTaD8jrAAa+Sm9A1VNRgrZpuPTMaJRMGlweNHCMzBxgZqklufhya6M0oAd5zRFSXzb/sbH05AeAmHKjRDOu+RR9Zs+7LsQrmo1plyBajrJs9LTOaxAHIXZlX9hGE6pdmg09P+1mfNNXAe+vxlpg0Ek2pDyu27LrVEACrD2hp0RM2m6e/6lObwBrBBfJfZlhgP4KRlO/0DG5slI8O3kycvOHx2UH5538FO//Iw==",
            "region": "us-east-1",
            "tags": {},
            "tags_all": {}
          },
          "sensitive_attributes": [],
          "identity_schema_version": 0,
          "private": "eyJzY2hlbWFfdmVyc2lvbiI6IjEifQ==",
          "dependencies": [
            "module.keypair.tls_private_key.key"
          ]
        }
      ]
    },
    {
      "module": "module.keypair",
      "mode": "managed",
      "type": "local_file",
      "name": "private_key",
      "provider": "provider[\"registry.terraform.io/hashicorp/local\"]",
      "instances": [
        {
          "schema_version": 0,
          "attributes": {
            "content": "-----BEGIN RSA PRIVATE KEY-----\nMIIJJwIBAAKCAgEAxDC71f8LkiEBS1w4gb37SJYErnFZtzx4rXwF0JSoA6S6beKz\nzAw7lcogII0CWMzI217ENYInpsxOTRT+29ewGjUfWJQDWoKXnV+avtIJMUANNI1T\ngr3GN+6GBlzQGqIgj1P4K4lm2djjZLRlMjzusjw6M8fZbHFIMhQxw0xLc4pZ/kUy\ninWEpfY/fJqoIfbKYat+bZtUrZjUz8iplnlY9YoYdOqHca03hcTBur6FtM2K+FX3\nkIslnwb6WFb1W3HGj3SGXVrveBHTywNKYqkarOmp83Jrol/HxINa9P+dGj4XTbg8\n+ezSdsJ7Q2XX1FUNX5J/8PuDxZqVhNamHyuI/x/Ruxn69kYIl/FSHsdWAPs1pe4c\nbifz8YUHNrFPSdKWjJjv3DmZfJgrZIlQuqCaYfWbv/igxTzGJHZCc6VQgz6yT9jk\nrJ8/enD9hpRe0iQifyoliEZE2g/I6wAGvkpvQNVTUYK2abj0zGiUTBpcHjRwjMwc\nYGapJbn4cmujNKAHec0RUl82/7Gx9OQHgJhyo0QzrvkUfWbPuy7EK5qNaZcgWo6y\nbPS0zmsQByF2ZV/YRhOqXZoNPT/tZnzTVwHvr8ZaYNBJNqQ8rtuy61RAAqw9oadE\nTNpunv+pTm8AawQXyX2ZYYD+CkZTv9AxubJSPDt5MnLzh8dlB+ed/BTv/yMCAwEA\nAQKCAgBQcYsTW9hquo3FULL6v+NhB+IzhNa8g1cYC1p3A/1AQTMQC3ydlgZ4jMBP\nmIH110IkcN8S8aNAiVUx1gIKMo5KsK2BrG8TlaiFJsZUp9qNDy5a9ffgC+BS3sKl\nqTjLMt8W5d9EOrqpaH0UtcMorkNRYdCbmr5T8L8hiZY99fKaFYiA8e6fR0B0rFur\nw95czsx878yPNLmr1Jat/CFNScRoKY+NoPyYZ+X0O5ET+Trpv73TxawU4Hk0k6/i\nuQUx0Z0RBT5y2O6H1Qd6nobJnX0KmWTOJYRst8k5koKhIo5QTFVR0NFvyOMjPus7\n32536cfqAC/lp7uIMrJMHZdQAJHTEl/Bw6m6EqO58whcZSR9uXIzDiLMmXst4mCt\nZbYSuYoj7LDualPcOe+Wfjrz9yJCF3QMGo3NEskvQ0I0zHPhI07aTP2masOrUp2p\nZ4P6RaP95IGztvVSb4/SjVKD74spAW7ngDulhFs1eVjIBFSQN8kH5LgIPjxoBNTC\nQrVQuIGNouC5v5/nJwLucufgHMVNDIEAJiSvWhnKZk5T3beHMYTHLCa5ahlcNFDl\nPFUU0jwRXBZBxV5wYiNzOhh9EZE+1gSutwql59pxi0HR4Kwa/yDsHL9KwSv8anSy\npwgt0Hq6SQnFs+C4YqlzhRG1Es2uiVXQUzGW/F3rsPj5OgDhAQKCAQEA2QLS1N8v\n+DmOt3bikzD9BBD5NvjlF6rfKEARNDVx790b2cKGWg35T/i5y9Xd0qKzg8Kz4R2y\nhdSQqPK9rHrhQfUtg3WJl0fpefwXAPVtPZyNJwINAxJkkJ5bPDpuOTvNKwwvILEG\nlJqEO/I/w8Ujt+tYz1EbItjNZQzI/U07bqvz1Jh4qlfgbpeTTtoaghx07pAGhMOg\njNXghEBpsiqhoduimSbM/DxHxKuK+aOebh2VXIR0Bz/VNqQEEzRWGml5IMsHFksm\nYw+AkLTr7nOpimy5jR7M1ygPKV9SVniCtzRGVBtCgxsc5UE+3QVSqH1yyu0OFsbB\n0L6iz1g8cN7ycQKCAQEA53BJj8OeGRcXCEu7MtcsrtFUr504xTezgBQMM4WuRuX5\nGm8nbaksa4ZEyakG2rZHY2KT/kRt76mwVvA3FwIqCRXed6eAimySWmDRAM1x6uJI\nNGBMKA4rEPDFmTkOlJngh62OTxcXFMxbCCS9ozdwps6F8CSykjFhiq54qN8f2odw\nlrTJPbwTYhoZu/xdbk+vf6a9CkHfYMlDdU+bYa9UGqa43Wfnc2BObUKhrci0vF8f\nwatOSu5tmCZZ+e71h29/g3WLnFUgxN6XfS9CNn00NtBEHRYcF8n58MzyThTuiyZT\nMCknx1U01by0e+0gCn2pl4bxl63bjR/NSetDO47s0wKCAQACEBvO+DwtgOaRaejn\ne0y8cCjeU+lhmzc527oOI//sRs7P+CBs1Lss/nFNtb/BE9jfBMfO+QhMa2Pgp0YU\nUKq5hMok+MYRERbwGOxjDvI15roUx9k10UPxd//oB6oqkx31Lc144xXr7bgaFchz\nZPlc8zjJ57x5TVROhJuYhNZuy+WqfLSQ8frpMjmtQzeDSx/1cJsPQgjRrerPdwlK\nL0uQDVVzXUIPl8ca4IKWsu57n35e/cdYlkvBlDeRsyqqX5xOKn/rv1UjFe+j8IRZ\npPHUpgnxhHxwAyp5uzU+KzEa6r1MaWHteyGAMGmXkkhh36dqtGww3TzUbiuACxev\n/v6RAoIBAAXKoYyfcI1gLotemcij6dJWGrBqVslYo31JAyUm6z2K87jdnzb3TM1E\nBuSk/i7q8M5j4SAzxiyBKpCCYl6JB1RC39ZOssDEBsWMNq62dWtTTktBPaai9CDw\nZYF4FA1T7HJ4vV7tTP6QPpbtlHFJKeCCuodP48gUxEQcKZjQPJPTX9XloEOTOUjz\nLkGuBwiDpfijy4c+LsDVSILfAxxmrswb7/RabUhN2KiTSkh3BU7RcpH+H29wl/1+\nuDGw8SP6fk5j2qKG3tMOXuwbCqUibPQSMiIoM3vE6iREfKvHilChHOPPo9cxIqlW\nl42iWXLpwhywm8sX5q6ZZSG8aWpMIVECggEAYqp3MXtWRWYQq0dQ/x5w32/B1HNH\nK8FwNPTU+LxH//80nqkGYYjOalnYMcpQXFAF72y6mRYV4+pNoLaMv9lgPfB+4fHR\nhngb+6j54LC3CzMlWndwOA5gXAllMeF5aZzNQWqcUNv5blTVhw6ZXtUiumdE+D5x\n/f5KSV7DT1v5YnwKCdiQ6B/6Vql39AsEloco3xpdNq8Y9YMgygh34pt6dR6yZlpZ\ndWwpzXdMvaXkdpjyHTceDK9iPtnBml2/Q4fHZeZY9cOFgZ6W1G7zBKBuFNp7RoxS\nY0PRf5N1mp20/iJVSP3Lz/hsTszhLT8gfwQ5O8N53OE1izFDRDStxqjnBg==\n-----END RSA PRIVATE KEY-----\n",
            "content_base64": null,
            "content_base64sha256": "Vie27mN7FXGuxP5vXmTp/QrlK4Cf5pahDfiYak5UFBc=",
            "content_base64sha512": "s+4MsaHfY6ovlOJPxCtDrLbNlNM3BgaDrrxAHqtfxDaI0GYNrYoOOfTzLR/io9XdyqA3418YOC3BTqc9EAJlIA==",
            "content_md5": "4518300ea00e4a1b81fbf03e01c3e1b9",
            "content_sha1": "5268ac627cbd3ec54f77f379bb68f406d48279b1",
            "content_sha256": "5627b6ee637b1571aec4fe6f5e64e9fd0ae52b809fe696a10df8986a4e541417",
            "content_sha512": "b3ee0cb1a1df63aa2f94e24fc42b43acb6cd94d337060683aebc401eab5fc43688d0660dad8a0e39f4f32d1fe2a3d5ddcaa037e35f18382dc14ea73d10026520",
            "directory_permission": "0777",
            "file_permission": "0600",
            "filename": ".ssh/sonarqube-key.pem",
            "id": "5268ac627cbd3ec54f77f379bb68f406d48279b1",
            "sensitive_content": null,
            "source": null
          },
          "sensitive_attributes": [
            [
              {
                "type": "get_attr",
                "value": "content"
              }
            ],
            [
              {
                "type": "get_attr",
                "value": "sensitive_content"
              }
            ]
          ],
          "identity_schema_version": 0,
          "dependencies": [
            "module.keypair.tls_private_key.key"
          ]
        }
      ]
    },
    {
      "module": "module.keypair",
      "mode": "managed",
      "type": "tls_private_key",
      "name": "key",
      "provider": "provider[\"registry.terraform.io/hashicorp/tls\"]",
      "instances": [
        {
          "schema_version": 1,
          "attributes": {
            "algorithm": "RSA",
            "ecdsa_curve": "P224",
            "id": "43ed752b6f09837cada0978e34d3b294eb80f953",
            "private_key_openssh": "-----BEGIN OPENSSH PRIVATE KEY-----\nb3BlbnNzaC1rZXktdjEAAAAABG5vbmUAAAAEbm9uZQAAAAAAAAABAAACFwAAAAdz\nc2gtcnNhAAAAAwEAAQAAAgEAxDC71f8LkiEBS1w4gb37SJYErnFZtzx4rXwF0JSo\nA6S6beKzzAw7lcogII0CWMzI217ENYInpsxOTRT+29ewGjUfWJQDWoKXnV+avtIJ\nMUANNI1Tgr3GN+6GBlzQGqIgj1P4K4lm2djjZLRlMjzusjw6M8fZbHFIMhQxw0xL\nc4pZ/kUyinWEpfY/fJqoIfbKYat+bZtUrZjUz8iplnlY9YoYdOqHca03hcTBur6F\ntM2K+FX3kIslnwb6WFb1W3HGj3SGXVrveBHTywNKYqkarOmp83Jrol/HxINa9P+d\nGj4XTbg8+ezSdsJ7Q2XX1FUNX5J/8PuDxZqVhNamHyuI/x/Ruxn69kYIl/FSHsdW\nAPs1pe4cbifz8YUHNrFPSdKWjJjv3DmZfJgrZIlQuqCaYfWbv/igxTzGJHZCc6VQ\ngz6yT9jkrJ8/enD9hpRe0iQifyoliEZE2g/I6wAGvkpvQNVTUYK2abj0zGiUTBpc\nHjRwjMwcYGapJbn4cmujNKAHec0RUl82/7Gx9OQHgJhyo0QzrvkUfWbPuy7EK5qN\naZcgWo6ybPS0zmsQByF2ZV/YRhOqXZoNPT/tZnzTVwHvr8ZaYNBJNqQ8rtuy61RA\nAqw9oadETNpunv+pTm8AawQXyX2ZYYD+CkZTv9AxubJSPDt5MnLzh8dlB+ed/BTv\n/yMAAAc4/tIfN/7SHzcAAAAHc3NoLXJzYQAAAgEAxDC71f8LkiEBS1w4gb37SJYE\nrnFZtzx4rXwF0JSoA6S6beKzzAw7lcogII0CWMzI217ENYInpsxOTRT+29ewGjUf\nWJQDWoKXnV+avtIJMUANNI1Tgr3GN+6GBlzQGqIgj1P4K4lm2djjZLRlMjzusjw6\nM8fZbHFIMhQxw0xLc4pZ/kUyinWEpfY/fJqoIfbKYat+bZtUrZjUz8iplnlY9YoY\ndOqHca03hcTBur6FtM2K+FX3kIslnwb6WFb1W3HGj3SGXVrveBHTywNKYqkarOmp\n83Jrol/HxINa9P+dGj4XTbg8+ezSdsJ7Q2XX1FUNX5J/8PuDxZqVhNamHyuI/x/R\nuxn69kYIl/FSHsdWAPs1pe4cbifz8YUHNrFPSdKWjJjv3DmZfJgrZIlQuqCaYfWb\nv/igxTzGJHZCc6VQgz6yT9jkrJ8/enD9hpRe0iQifyoliEZE2g/I6wAGvkpvQNVT\nUYK2abj0zGiUTBpcHjRwjMwcYGapJbn4cmujNKAHec0RUl82/7Gx9OQHgJhyo0Qz\nrvkUfWbPuy7EK5qNaZcgWo6ybPS0zmsQByF2ZV/YRhOqXZoNPT/tZnzTVwHvr8Za\nYNBJNqQ8rtuy61RAAqw9oadETNpunv+pTm8AawQXyX2ZYYD+CkZTv9AxubJSPDt5\nMnLzh8dlB+ed/BTv/yMAAAADAQABAAACAFBxixNb2Gq6jcVQsvq/42EH4jOE1ryD\nVxgLWncD/UBBMxALfJ2WBniMwE+YgfXXQiRw3xLxo0CJVTHWAgoyjkqwrYGsbxOV\nqIUmxlSn2o0PLlr19+AL4FLewqWpOMsy3xbl30Q6uqlofRS1wyiuQ1Fh0JuavlPw\nvyGJlj318poViIDx7p9HQHSsW6vD3lzOzHzvzI80uavUlq38IU1JxGgpj42g/Jhn\n5fQ7kRP5Oum/vdPFrBTgeTSTr+K5BTHRnREFPnLY7ofVB3qehsmdfQqZZM4lhGy3\nyTmSgqEijlBMVVHQ0W/I4yM+6zvfbnfpx+oAL+Wnu4gyskwdl1AAkdMSX8HDqboS\no7nzCFxlJH25cjMOIsyZey3iYK1lthK5iiPssO5qU9w575Z+OvP3IkIXdAwajc0S\nyS9DQjTMc+EjTtpM/aZqw6tSnalng/pFo/3kgbO29VJvj9KNUoPviykBbueAO6WE\nWzV5WMgEVJA3yQfkuAg+PGgE1MJCtVC4gY2i4Lm/n+cnAu5y5+AcxU0MgQAmJK9a\nGcpmTlPdt4cxhMcsJrlqGVw0UOU8VRTSPBFcFkHFXnBiI3M6GH0RkT7WBK63CqXn\n2nGLQdHgrBr/IOwcv0rBK/xqdLKnCC3QerpJCcWz4LhiqXOFEbUSza6JVdBTMZb8\nXeuw+Pk6AOEBAAABAGKqdzF7VkVmEKtHUP8ecN9vwdRzRyvBcDT01Pi8R///NJ6p\nBmGIzmpZ2DHKUFxQBe9supkWFePqTaC2jL/ZYD3wfuHx0YZ4G/uo+eCwtwszJVp3\ncDgOYFwJZTHheWmczUFqnFDb+W5U1YcOmV7VIrpnRPg+cf3+Sklew09b+WJ8CgnY\nkOgf+lapd/QLBJaHKN8aXTavGPWDIMoId+KbenUesmZaWXVsKc13TL2l5HaY8h03\nHgyvYj7ZwZpdv0OHx2XmWPXDhYGeltRu8wSgbhTae0aMUmND0X+TdZqdtP4iVUj9\ny8/4bE7M4S0/IH8EOTvDedzhNYsxQ0Q0rcao5wYAAAEBANkC0tTfL/g5jrd24pMw\n/QQQ+Tb45Req3yhAETQ1ce/dG9nChloN+U/4ucvV3dKis4PCs+EdsoXUkKjyvax6\n4UH1LYN1iZdH6Xn8FwD1bT2cjScCDQMSZJCeWzw6bjk7zSsMLyCxBpSahDvyP8PF\nI7frWM9RGyLYzWUMyP1NO26r89SYeKpX4G6Xk07aGoIcdO6QBoTDoIzV4IRAabIq\noaHbopkmzPw8R8Srivmjnm4dlVyEdAc/1TakBBM0VhppeSDLBxZLJmMPgJC06+5z\nqYpsuY0ezNcoDylfUlZ4grc0RlQbQoMbHOVBPt0FUqh9csrtDhbGwdC+os9YPHDe\n8nEAAAEBAOdwSY/DnhkXFwhLuzLXLK7RVK+dOMU3s4AUDDOFrkbl+RpvJ22pLGuG\nRMmpBtq2R2Nik/5Ebe+psFbwNxcCKgkV3nengIpsklpg0QDNceriSDRgTCgOKxDw\nxZk5DpSZ4Ietjk8XFxTMWwgkvaM3cKbOhfAkspIxYYqueKjfH9qHcJa0yT28E2Ia\nGbv8XW5Pr3+mvQpB32DJQ3VPm2GvVBqmuN1n53NgTm1Coa3ItLxfH8GrTkrubZgm\nWfnu9Ydvf4N1i5xVIMTel30vQjZ9NDbQRB0WHBfJ+fDM8k4U7osmUzApJ8dVNNW8\ntHvtIAp9qZeG8Zet240fzUnrQzuO7NMAAAAAAQID\n-----END OPENSSH PRIVATE KEY-----\n",
            "private_key_pem": "-----BEGIN RSA PRIVATE KEY-----\nMIIJJwIBAAKCAgEAxDC71f8LkiEBS1w4gb37SJYErnFZtzx4rXwF0JSoA6S6beKz\nzAw7lcogII0CWMzI217ENYInpsxOTRT+29ewGjUfWJQDWoKXnV+avtIJMUANNI1T\ngr3GN+6GBlzQGqIgj1P4K4lm2djjZLRlMjzusjw6M8fZbHFIMhQxw0xLc4pZ/kUy\ninWEpfY/fJqoIfbKYat+bZtUrZjUz8iplnlY9YoYdOqHca03hcTBur6FtM2K+FX3\nkIslnwb6WFb1W3HGj3SGXVrveBHTywNKYqkarOmp83Jrol/HxINa9P+dGj4XTbg8\n+ezSdsJ7Q2XX1FUNX5J/8PuDxZqVhNamHyuI/x/Ruxn69kYIl/FSHsdWAPs1pe4c\nbifz8YUHNrFPSdKWjJjv3DmZfJgrZIlQuqCaYfWbv/igxTzGJHZCc6VQgz6yT9jk\nrJ8/enD9hpRe0iQifyoliEZE2g/I6wAGvkpvQNVTUYK2abj0zGiUTBpcHjRwjMwc\nYGapJbn4cmujNKAHec0RUl82/7Gx9OQHgJhyo0QzrvkUfWbPuy7EK5qNaZcgWo6y\nbPS0zmsQByF2ZV/YRhOqXZoNPT/tZnzTVwHvr8ZaYNBJNqQ8rtuy61RAAqw9oadE\nTNpunv+pTm8AawQXyX2ZYYD+CkZTv9AxubJSPDt5MnLzh8dlB+ed/BTv/yMCAwEA\nAQKCAgBQcYsTW9hquo3FULL6v+NhB+IzhNa8g1cYC1p3A/1AQTMQC3ydlgZ4jMBP\nmIH110IkcN8S8aNAiVUx1gIKMo5KsK2BrG8TlaiFJsZUp9qNDy5a9ffgC+BS3sKl\nqTjLMt8W5d9EOrqpaH0UtcMorkNRYdCbmr5T8L8hiZY99fKaFYiA8e6fR0B0rFur\nw95czsx878yPNLmr1Jat/CFNScRoKY+NoPyYZ+X0O5ET+Trpv73TxawU4Hk0k6/i\nuQUx0Z0RBT5y2O6H1Qd6nobJnX0KmWTOJYRst8k5koKhIo5QTFVR0NFvyOMjPus7\n32536cfqAC/lp7uIMrJMHZdQAJHTEl/Bw6m6EqO58whcZSR9uXIzDiLMmXst4mCt\nZbYSuYoj7LDualPcOe+Wfjrz9yJCF3QMGo3NEskvQ0I0zHPhI07aTP2masOrUp2p\nZ4P6RaP95IGztvVSb4/SjVKD74spAW7ngDulhFs1eVjIBFSQN8kH5LgIPjxoBNTC\nQrVQuIGNouC5v5/nJwLucufgHMVNDIEAJiSvWhnKZk5T3beHMYTHLCa5ahlcNFDl\nPFUU0jwRXBZBxV5wYiNzOhh9EZE+1gSutwql59pxi0HR4Kwa/yDsHL9KwSv8anSy\npwgt0Hq6SQnFs+C4YqlzhRG1Es2uiVXQUzGW/F3rsPj5OgDhAQKCAQEA2QLS1N8v\n+DmOt3bikzD9BBD5NvjlF6rfKEARNDVx790b2cKGWg35T/i5y9Xd0qKzg8Kz4R2y\nhdSQqPK9rHrhQfUtg3WJl0fpefwXAPVtPZyNJwINAxJkkJ5bPDpuOTvNKwwvILEG\nlJqEO/I/w8Ujt+tYz1EbItjNZQzI/U07bqvz1Jh4qlfgbpeTTtoaghx07pAGhMOg\njNXghEBpsiqhoduimSbM/DxHxKuK+aOebh2VXIR0Bz/VNqQEEzRWGml5IMsHFksm\nYw+AkLTr7nOpimy5jR7M1ygPKV9SVniCtzRGVBtCgxsc5UE+3QVSqH1yyu0OFsbB\n0L6iz1g8cN7ycQKCAQEA53BJj8OeGRcXCEu7MtcsrtFUr504xTezgBQMM4WuRuX5\nGm8nbaksa4ZEyakG2rZHY2KT/kRt76mwVvA3FwIqCRXed6eAimySWmDRAM1x6uJI\nNGBMKA4rEPDFmTkOlJngh62OTxcXFMxbCCS9ozdwps6F8CSykjFhiq54qN8f2odw\nlrTJPbwTYhoZu/xdbk+vf6a9CkHfYMlDdU+bYa9UGqa43Wfnc2BObUKhrci0vF8f\nwatOSu5tmCZZ+e71h29/g3WLnFUgxN6XfS9CNn00NtBEHRYcF8n58MzyThTuiyZT\nMCknx1U01by0e+0gCn2pl4bxl63bjR/NSetDO47s0wKCAQACEBvO+DwtgOaRaejn\ne0y8cCjeU+lhmzc527oOI//sRs7P+CBs1Lss/nFNtb/BE9jfBMfO+QhMa2Pgp0YU\nUKq5hMok+MYRERbwGOxjDvI15roUx9k10UPxd//oB6oqkx31Lc144xXr7bgaFchz\nZPlc8zjJ57x5TVROhJuYhNZuy+WqfLSQ8frpMjmtQzeDSx/1cJsPQgjRrerPdwlK\nL0uQDVVzXUIPl8ca4IKWsu57n35e/cdYlkvBlDeRsyqqX5xOKn/rv1UjFe+j8IRZ\npPHUpgnxhHxwAyp5uzU+KzEa6r1MaWHteyGAMGmXkkhh36dqtGww3TzUbiuACxev\n/v6RAoIBAAXKoYyfcI1gLotemcij6dJWGrBqVslYo31JAyUm6z2K87jdnzb3TM1E\nBuSk/i7q8M5j4SAzxiyBKpCCYl6JB1RC39ZOssDEBsWMNq62dWtTTktBPaai9CDw\nZYF4FA1T7HJ4vV7tTP6QPpbtlHFJKeCCuodP48gUxEQcKZjQPJPTX9XloEOTOUjz\nLkGuBwiDpfijy4c+LsDVSILfAxxmrswb7/RabUhN2KiTSkh3BU7RcpH+H29wl/1+\nuDGw8SP6fk5j2qKG3tMOXuwbCqUibPQSMiIoM3vE6iREfKvHilChHOPPo9cxIqlW\nl42iWXLpwhywm8sX5q6ZZSG8aWpMIVECggEAYqp3MXtWRWYQq0dQ/x5w32/B1HNH\nK8FwNPTU+LxH//80nqkGYYjOalnYMcpQXFAF72y6mRYV4+pNoLaMv9lgPfB+4fHR\nhngb+6j54LC3CzMlWndwOA5gXAllMeF5aZzNQWqcUNv5blTVhw6ZXtUiumdE+D5x\n/f5KSV7DT1v5YnwKCdiQ6B/6Vql39AsEloco3xpdNq8Y9YMgygh34pt6dR6yZlpZ\ndWwpzXdMvaXkdpjyHTceDK9iPtnBml2/Q4fHZeZY9cOFgZ6W1G7zBKBuFNp7RoxS\nY0PRf5N1mp20/iJVSP3Lz/hsTszhLT8gfwQ5O8N53OE1izFDRDStxqjnBg==\n-----END RSA PRIVATE KEY-----\n",
            "private_key_pem_pkcs8": "-----BEGIN PRIVATE KEY-----\nMIIJQQIBADANBgkqhkiG9w0BAQEFAASCCSswggknAgEAAoICAQDEMLvV/wuSIQFL\nXDiBvftIlgSucVm3PHitfAXQlKgDpLpt4rPMDDuVyiAgjQJYzMjbXsQ1giemzE5N\nFP7b17AaNR9YlANagpedX5q+0gkxQA00jVOCvcY37oYGXNAaoiCPU/griWbZ2ONk\ntGUyPO6yPDozx9lscUgyFDHDTEtziln+RTKKdYSl9j98mqgh9sphq35tm1StmNTP\nyKmWeVj1ihh06odxrTeFxMG6voW0zYr4VfeQiyWfBvpYVvVbccaPdIZdWu94EdPL\nA0piqRqs6anzcmuiX8fEg1r0/50aPhdNuDz57NJ2wntDZdfUVQ1fkn/w+4PFmpWE\n1qYfK4j/H9G7Gfr2RgiX8VIex1YA+zWl7hxuJ/PxhQc2sU9J0paMmO/cOZl8mCtk\niVC6oJph9Zu/+KDFPMYkdkJzpVCDPrJP2OSsnz96cP2GlF7SJCJ/KiWIRkTaD8jr\nAAa+Sm9A1VNRgrZpuPTMaJRMGlweNHCMzBxgZqklufhya6M0oAd5zRFSXzb/sbH0\n5AeAmHKjRDOu+RR9Zs+7LsQrmo1plyBajrJs9LTOaxAHIXZlX9hGE6pdmg09P+1m\nfNNXAe+vxlpg0Ek2pDyu27LrVEACrD2hp0RM2m6e/6lObwBrBBfJfZlhgP4KRlO/\n0DG5slI8O3kycvOHx2UH5538FO//IwIDAQABAoICAFBxixNb2Gq6jcVQsvq/42EH\n4jOE1ryDVxgLWncD/UBBMxALfJ2WBniMwE+YgfXXQiRw3xLxo0CJVTHWAgoyjkqw\nrYGsbxOVqIUmxlSn2o0PLlr19+AL4FLewqWpOMsy3xbl30Q6uqlofRS1wyiuQ1Fh\n0JuavlPwvyGJlj318poViIDx7p9HQHSsW6vD3lzOzHzvzI80uavUlq38IU1JxGgp\nj42g/Jhn5fQ7kRP5Oum/vdPFrBTgeTSTr+K5BTHRnREFPnLY7ofVB3qehsmdfQqZ\nZM4lhGy3yTmSgqEijlBMVVHQ0W/I4yM+6zvfbnfpx+oAL+Wnu4gyskwdl1AAkdMS\nX8HDqboSo7nzCFxlJH25cjMOIsyZey3iYK1lthK5iiPssO5qU9w575Z+OvP3IkIX\ndAwajc0SyS9DQjTMc+EjTtpM/aZqw6tSnalng/pFo/3kgbO29VJvj9KNUoPviykB\nbueAO6WEWzV5WMgEVJA3yQfkuAg+PGgE1MJCtVC4gY2i4Lm/n+cnAu5y5+AcxU0M\ngQAmJK9aGcpmTlPdt4cxhMcsJrlqGVw0UOU8VRTSPBFcFkHFXnBiI3M6GH0RkT7W\nBK63CqXn2nGLQdHgrBr/IOwcv0rBK/xqdLKnCC3QerpJCcWz4LhiqXOFEbUSza6J\nVdBTMZb8Xeuw+Pk6AOEBAoIBAQDZAtLU3y/4OY63duKTMP0EEPk2+OUXqt8oQBE0\nNXHv3RvZwoZaDflP+LnL1d3SorODwrPhHbKF1JCo8r2seuFB9S2DdYmXR+l5/BcA\n9W09nI0nAg0DEmSQnls8Om45O80rDC8gsQaUmoQ78j/DxSO361jPURsi2M1lDMj9\nTTtuq/PUmHiqV+Bul5NO2hqCHHTukAaEw6CM1eCEQGmyKqGh26KZJsz8PEfEq4r5\no55uHZVchHQHP9U2pAQTNFYaaXkgywcWSyZjD4CQtOvuc6mKbLmNHszXKA8pX1JW\neIK3NEZUG0KDGxzlQT7dBVKofXLK7Q4WxsHQvqLPWDxw3vJxAoIBAQDncEmPw54Z\nFxcIS7sy1yyu0VSvnTjFN7OAFAwzha5G5fkabydtqSxrhkTJqQbatkdjYpP+RG3v\nqbBW8DcXAioJFd53p4CKbJJaYNEAzXHq4kg0YEwoDisQ8MWZOQ6UmeCHrY5PFxcU\nzFsIJL2jN3CmzoXwJLKSMWGKrnio3x/ah3CWtMk9vBNiGhm7/F1uT69/pr0KQd9g\nyUN1T5thr1QaprjdZ+dzYE5tQqGtyLS8Xx/Bq05K7m2YJln57vWHb3+DdYucVSDE\n3pd9L0I2fTQ20EQdFhwXyfnwzPJOFO6LJlMwKSfHVTTVvLR77SAKfamXhvGXrduN\nH81J60M7juzTAoIBAAIQG874PC2A5pFp6Od7TLxwKN5T6WGbNznbug4j/+xGzs/4\nIGzUuyz+cU21v8ET2N8Ex875CExrY+CnRhRQqrmEyiT4xhERFvAY7GMO8jXmuhTH\n2TXRQ/F3/+gHqiqTHfUtzXjjFevtuBoVyHNk+VzzOMnnvHlNVE6Em5iE1m7L5ap8\ntJDx+ukyOa1DN4NLH/Vwmw9CCNGt6s93CUovS5ANVXNdQg+Xxxrggpay7nuffl79\nx1iWS8GUN5GzKqpfnE4qf+u/VSMV76PwhFmk8dSmCfGEfHADKnm7NT4rMRrqvUxp\nYe17IYAwaZeSSGHfp2q0bDDdPNRuK4ALF6/+/pECggEABcqhjJ9wjWAui16ZyKPp\n0lYasGpWyVijfUkDJSbrPYrzuN2fNvdMzUQG5KT+LurwzmPhIDPGLIEqkIJiXokH\nVELf1k6ywMQGxYw2rrZ1a1NOS0E9pqL0IPBlgXgUDVPscni9Xu1M/pA+lu2UcUkp\n4IK6h0/jyBTERBwpmNA8k9Nf1eWgQ5M5SPMuQa4HCIOl+KPLhz4uwNVIgt8DHGau\nzBvv9FptSE3YqJNKSHcFTtFykf4fb3CX/X64MbDxI/p+TmPaoobe0w5e7BsKpSJs\n9BIyIigze8TqJER8q8eKUKEc48+j1zEiqVaXjaJZcunCHLCbyxfmrpllIbxpakwh\nUQKCAQBiqncxe1ZFZhCrR1D/HnDfb8HUc0crwXA09NT4vEf//zSeqQZhiM5qWdgx\nylBcUAXvbLqZFhXj6k2gtoy/2WA98H7h8dGGeBv7qPngsLcLMyVad3A4DmBcCWUx\n4XlpnM1BapxQ2/luVNWHDple1SK6Z0T4PnH9/kpJXsNPW/lifAoJ2JDoH/pWqXf0\nCwSWhyjfGl02rxj1gyDKCHfim3p1HrJmWll1bCnNd0y9peR2mPIdNx4Mr2I+2cGa\nXb9Dh8dl5lj1w4WBnpbUbvMEoG4U2ntGjFJjQ9F/k3WanbT+IlVI/cvP+GxOzOEt\nPyB/BDk7w3nc4TWLMUNENK3GqOcG\n-----END PRIVATE KEY-----\n",
            "public_key_fingerprint_md5": "f6:c8:e9:39:cf:0c:98:77:52:2d:fb:88:9f:58:e8:8f",
            "public_key_fingerprint_sha256": "SHA256:NwwCwzrbQIMJyZLhYSlwutxmVPsh9QbS2xsSNCOUImk",
            "public_key_openssh": "ssh-rsa AAAAB3NzaC1yc2EAAAADAQABAAACAQDEMLvV/wuSIQFLXDiBvftIlgSucVm3PHitfAXQlKgDpLpt4rPMDDuVyiAgjQJYzMjbXsQ1giemzE5NFP7b17AaNR9YlANagpedX5q+0gkxQA00jVOCvcY37oYGXNAaoiCPU/griWbZ2ONktGUyPO6yPDozx9lscUgyFDHDTEtziln+RTKKdYSl9j98mqgh9sphq35tm1StmNTPyKmWeVj1ihh06odxrTeFxMG6voW0zYr4VfeQiyWfBvpYVvVbccaPdIZdWu94EdPLA0piqRqs6anzcmuiX8fEg1r0/50aPhdNuDz57NJ2wntDZdfUVQ1fkn/w+4PFmpWE1qYfK4j/H9G7Gfr2RgiX8VIex1YA+zWl7hxuJ/PxhQc2sU9J0paMmO/cOZl8mCtkiVC6oJph9Zu/+KDFPMYkdkJzpVCDPrJP2OSsnz96cP2GlF7SJCJ/KiWIRkTaD8jrAAa+Sm9A1VNRgrZpuPTMaJRMGlweNHCMzBxgZqklufhya6M0oAd5zRFSXzb/sbH05AeAmHKjRDOu+RR9Zs+7LsQrmo1plyBajrJs9LTOaxAHIXZlX9hGE6pdmg09P+1mfNNXAe+vxlpg0Ek2pDyu27LrVEACrD2hp0RM2m6e/6lObwBrBBfJfZlhgP4KRlO/0DG5slI8O3kycvOHx2UH5538FO//Iw==\n",
            "public_key_pem": "-----BEGIN PUBLIC KEY-----\nMIICIjANBgkqhkiG9w0BAQEFAAOCAg8AMIICCgKCAgEAxDC71f8LkiEBS1w4gb37\nSJYErnFZtzx4rXwF0JSoA6S6beKzzAw7lcogII0CWMzI217ENYInpsxOTRT+29ew\nGjUfWJQDWoKXnV+avtIJMUANNI1Tgr3GN+6GBlzQGqIgj1P4K4lm2djjZLRlMjzu\nsjw6M8fZbHFIMhQxw0xLc4pZ/kUyinWEpfY/fJqoIfbKYat+bZtUrZjUz8iplnlY\n9YoYdOqHca03hcTBur6FtM2K+FX3kIslnwb6WFb1W3HGj3SGXVrveBHTywNKYqka\nrOmp83Jrol/HxINa9P+dGj4XTbg8+ezSdsJ7Q2XX1FUNX5J/8PuDxZqVhNamHyuI\n/x/Ruxn69kYIl/FSHsdWAPs1pe4cbifz8YUHNrFPSdKWjJjv3DmZfJgrZIlQuqCa\nYfWbv/igxTzGJHZCc6VQgz6yT9jkrJ8/enD9hpRe0iQifyoliEZE2g/I6wAGvkpv\nQNVTUYK2abj0zGiUTBpcHjRwjMwcYGapJbn4cmujNKAHec0RUl82/7Gx9OQHgJhy\no0QzrvkUfWbPuy7EK5qNaZcgWo6ybPS0zmsQByF2ZV/YRhOqXZoNPT/tZnzTVwHv\nr8ZaYNBJNqQ8rtuy61RAAqw9oadETNpunv+pTm8AawQXyX2ZYYD+CkZTv9AxubJS\nPDt5MnLzh8dlB+ed/BTv/yMCAwEAAQ==\n-----END PUBLIC KEY-----\n",
            "rsa_bits": 4096
          },
          "sensitive_attributes": [
            [
              {
                "type": "get_attr",
                "value": "private_key_openssh"
              }
            ],
            [
              {
                "type": "get_attr",
                "value": "private_key_pem"
              }
            ],
            [
              {
                "type": "get_attr",
                "value": "private_key_pem_pkcs8"
              }
            ]
          ],
          "identity_schema_version": 0
        }
      ]
    },
    {
      "module": "module.network",
      "mode": "managed",
      "type": "aws_eip",
      "name": "nat_eip",
      "provider": "provider[\"registry.terraform.io/hashicorp/aws\"]",
      "instances": [
        {
          "schema_version": 0,
          "attributes": {
            "address": null,
            "allocation_id": "eipalloc-04a8ab3fa56572024",
            "arn": "arn:aws:ec2:us-east-1:242201269239:elastic-ip/eipalloc-04a8ab3fa56572024",
            "associate_with_private_ip": null,
            "association_id": "eipassoc-02628ca9e72dec44f",
            "carrier_ip": "",
            "customer_owned_ip": "",
            "customer_owned_ipv4_pool": "",
            "domain": "vpc",
            "id": "eipalloc-04a8ab3fa56572024",
            "instance": "",
            "ipam_pool_id": null,
            "network_border_group": "us-east-1",
            "network_interface": "eni-0ad6be7e7013f1e77",
            "private_dns": "ip-10-0-1-128.ec2.internal",
            "private_ip": "10.0.1.128",
            "ptr_record": "",
            "public_dns": "ec2-52-7-193-145.compute-1.amazonaws.com",
            "public_ip": "52.7.193.145",
            "public_ipv4_pool": "amazon",
            "region": "us-east-1",
            "tags": {
              "Name": "nat-eip"
            },
            "tags_all": {
              "Name": "nat-eip"
            },
            "timeouts": null
          },
          "sensitive_attributes": [],
          "identity_schema_version": 0,
          "private": "eyJlMmJmYjczMC1lY2FhLTExZTYtOGY4OC0zNDM2M2JjN2M0YzAiOnsiZGVsZXRlIjoxODAwMDAwMDAwMDAsInJlYWQiOjkwMDAwMDAwMDAwMCwidXBkYXRlIjozMDAwMDAwMDAwMDB9fQ=="
        }
      ]
    },
    {
      "module": "module.network",
      "mode": "managed",
      "type": "aws_internet_gateway",
      "name": "igw",
      "provider": "provider[\"registry.terraform.io/hashicorp/aws\"]",
      "instances": [
        {
          "schema_version": 0,
          "attributes": {
            "arn": "arn:aws:ec2:us-east-1:242201269239:internet-gateway/igw-01d36e770bc9739f5",
            "id": "igw-01d36e770bc9739f5",
            "owner_id": "242201269239",
            "region": "us-east-1",
            "tags": {
              "Name": "sonarqube-igw",
              "access": "public",
              "gateway_type": "main-internet-gateway"
            },
            "tags_all": {
              "Name": "sonarqube-igw",
              "access": "public",
              "gateway_type": "main-internet-gateway"
            },
            "timeouts": null,
            "vpc_id": "vpc-05715f14d5ad08678"
          },
          "sensitive_attributes": [],
          "identity_schema_version": 0,
          "private": "eyJlMmJmYjczMC1lY2FhLTExZTYtOGY4OC0zNDM2M2JjN2M0YzAiOnsiY3JlYXRlIjoxMjAwMDAwMDAwMDAwLCJkZWxldGUiOjEyMDAwMDAwMDAwMDAsInVwZGF0ZSI6MTIwMDAwMDAwMDAwMH19",
          "dependencies": [
            "module.vpc.aws_vpc.sonarqube_vpc"
          ]
        }
      ]
    },
    {
      "module": "module.network",
      "mode": "managed",
      "type": "aws_nat_gateway",
      "name": "nat_gw",
      "provider": "provider[\"registry.terraform.io/hashicorp/aws\"]",
      "instances": [
        {
          "schema_version": 0,
          "attributes": {
            "allocation_id": "eipalloc-04a8ab3fa56572024",
            "association_id": "eipassoc-02628ca9e72dec44f",
            "connectivity_type": "public",
            "id": "nat-00c4a822e9124d9ed",
            "network_interface_id": "eni-0ad6be7e7013f1e77",
            "private_ip": "10.0.1.128",
            "public_ip": "52.7.193.145",
            "region": "us-east-1",
            "secondary_allocation_ids": [],
            "secondary_private_ip_address_count": 0,
            "secondary_private_ip_addresses": [],
            "subnet_id": "subnet-0824b999ea774b33c",
            "tags": {
              "Name": "sonarqube-nat",
              "access": "public ssh access for private subnets",
              "attatched_to": "public-subnet-1a"
            },
            "tags_all": {
              "Name": "sonarqube-nat",
              "access": "public ssh access for private subnets",
              "attatched_to": "public-subnet-1a"
            },
            "timeouts": null
          },
          "sensitive_attributes": [],
          "identity_schema_version": 0,
          "private": "eyJlMmJmYjczMC1lY2FhLTExZTYtOGY4OC0zNDM2M2JjN2M0YzAiOnsiY3JlYXRlIjo2MDAwMDAwMDAwMDAsImRlbGV0ZSI6MTgwMDAwMDAwMDAwMCwidXBkYXRlIjo2MDAwMDAwMDAwMDB9fQ==",
          "dependencies": [
            "module.network.aws_eip.nat_eip",
            "module.vpc.aws_subnet.public_a",
            "module.vpc.aws_subnet.public_b",
            "module.vpc.aws_vpc.sonarqube_vpc"
          ]
        }
      ]
    },
    {
      "module": "module.network",
      "mode": "managed",
      "type": "aws_route_table",
      "name": "private_rt",
      "provider": "provider[\"registry.terraform.io/hashicorp/aws\"]",
      "instances": [
        {
          "schema_version": 0,
          "attributes": {
            "arn": "arn:aws:ec2:us-east-1:242201269239:route-table/rtb-061a2e17ca564989d",
            "id": "rtb-061a2e17ca564989d",
            "owner_id": "242201269239",
            "propagating_vgws": [],
            "region": "us-east-1",
            "route": [
              {
                "carrier_gateway_id": "",
                "cidr_block": "0.0.0.0/0",
                "core_network_arn": "",
                "destination_prefix_list_id": "",
                "egress_only_gateway_id": "",
                "gateway_id": "",
                "ipv6_cidr_block": "",
                "local_gateway_id": "",
                "nat_gateway_id": "nat-00c4a822e9124d9ed",
                "network_interface_id": "",
                "transit_gateway_id": "",
                "vpc_endpoint_id": "",
                "vpc_peering_connection_id": ""
              }
            ],
            "tags": {
              "Name": "sonarqube-private-route-table",
              "attatched_to": "public-subnet-1 and public-subnet-2"
            },
            "tags_all": {
              "Name": "sonarqube-private-route-table",
              "attatched_to": "public-subnet-1 and public-subnet-2"
            },
            "timeouts": null,
            "vpc_id": "vpc-05715f14d5ad08678"
          },
          "sensitive_attributes": [],
          "identity_schema_version": 0,
          "identity": {
            "account_id": "242201269239",
            "id": "rtb-061a2e17ca564989d",
            "region": "us-east-1"
          },
          "private": "eyJlMmJmYjczMC1lY2FhLTExZTYtOGY4OC0zNDM2M2JjN2M0YzAiOnsiY3JlYXRlIjozMDAwMDAwMDAwMDAsImRlbGV0ZSI6MzAwMDAwMDAwMDAwLCJ1cGRhdGUiOjEyMDAwMDAwMDAwMH19",
          "dependencies": [
            "module.network.aws_eip.nat_eip",
            "module.network.aws_nat_gateway.nat_gw",
            "module.vpc.aws_subnet.public_a",
            "module.vpc.aws_subnet.public_b",
            "module.vpc.aws_vpc.sonarqube_vpc"
          ]
        }
      ]
    },
    {
      "module": "module.network",
      "mode": "managed",
      "type": "aws_route_table",
      "name": "public_rt",
      "provider": "provider[\"registry.terraform.io/hashicorp/aws\"]",
      "instances": [
        {
          "schema_version": 0,
          "attributes": {
            "arn": "arn:aws:ec2:us-east-1:242201269239:route-table/rtb-00977ee76a9c10e4e",
            "id": "rtb-00977ee76a9c10e4e",
            "owner_id": "242201269239",
            "propagating_vgws": [],
            "region": "us-east-1",
            "route": [
              {
                "carrier_gateway_id": "",
                "cidr_block": "0.0.0.0/0",
                "core_network_arn": "",
                "destination_prefix_list_id": "",
                "egress_only_gateway_id": "",
                "gateway_id": "igw-01d36e770bc9739f5",
                "ipv6_cidr_block": "",
                "local_gateway_id": "",
                "nat_gateway_id": "",
                "network_interface_id": "",
                "transit_gateway_id": "",
                "vpc_endpoint_id": "",
                "vpc_peering_connection_id": ""
              }
            ],
            "tags": {
              "Name": "sonarqube-public-route-table",
              "attatched_to": "public-subnet-1 and public-subnet-2"
            },
            "tags_all": {
              "Name": "sonarqube-public-route-table",
              "attatched_to": "public-subnet-1 and public-subnet-2"
            },
            "timeouts": null,
            "vpc_id": "vpc-05715f14d5ad08678"
          },
          "sensitive_attributes": [],
          "identity_schema_version": 0,
          "identity": {
            "account_id": "242201269239",
            "id": "rtb-00977ee76a9c10e4e",
            "region": "us-east-1"
          },
          "private": "eyJlMmJmYjczMC1lY2FhLTExZTYtOGY4OC0zNDM2M2JjN2M0YzAiOnsiY3JlYXRlIjozMDAwMDAwMDAwMDAsImRlbGV0ZSI6MzAwMDAwMDAwMDAwLCJ1cGRhdGUiOjEyMDAwMDAwMDAwMH19",
          "dependencies": [
            "module.network.aws_internet_gateway.igw",
            "module.vpc.aws_vpc.sonarqube_vpc"
          ]
        }
      ]
    },
    {
      "module": "module.network",
      "mode": "managed",
      "type": "aws_route_table_association",
      "name": "private_a",
      "provider": "provider[\"registry.terraform.io/hashicorp/aws\"]",
      "instances": [
        {
          "schema_version": 0,
          "attributes": {
            "gateway_id": "",
            "id": "rtbassoc-07b3348e054d911d9",
            "region": "us-east-1",
            "route_table_id": "rtb-061a2e17ca564989d",
            "subnet_id": "subnet-07cbb6226ba155472",
            "timeouts": null
          },
          "sensitive_attributes": [],
          "identity_schema_version": 0,
          "private": "eyJlMmJmYjczMC1lY2FhLTExZTYtOGY4OC0zNDM2M2JjN2M0YzAiOnsiY3JlYXRlIjozMDAwMDAwMDAwMDAsImRlbGV0ZSI6MzAwMDAwMDAwMDAwLCJ1cGRhdGUiOjEyMDAwMDAwMDAwMH19",
          "dependencies": [
            "module.network.aws_eip.nat_eip",
            "module.network.aws_nat_gateway.nat_gw",
            "module.network.aws_route_table.private_rt",
            "module.vpc.aws_subnet.private_a",
            "module.vpc.aws_subnet.private_b",
            "module.vpc.aws_subnet.public_a",
            "module.vpc.aws_subnet.public_b",
            "module.vpc.aws_vpc.sonarqube_vpc"
          ]
        }
      ]
    },
    {
      "module": "module.network",
      "mode": "managed",
      "type": "aws_route_table_association",
      "name": "private_b",
      "provider": "provider[\"registry.terraform.io/hashicorp/aws\"]",
      "instances": [
        {
          "schema_version": 0,
          "attributes": {
            "gateway_id": "",
            "id": "rtbassoc-04d2706e8a4c07966",
            "region": "us-east-1",
            "route_table_id": "rtb-061a2e17ca564989d",
            "subnet_id": "subnet-052b31136b90365fe",
            "timeouts": null
          },
          "sensitive_attributes": [],
          "identity_schema_version": 0,
          "private": "eyJlMmJmYjczMC1lY2FhLTExZTYtOGY4OC0zNDM2M2JjN2M0YzAiOnsiY3JlYXRlIjozMDAwMDAwMDAwMDAsImRlbGV0ZSI6MzAwMDAwMDAwMDAwLCJ1cGRhdGUiOjEyMDAwMDAwMDAwMH19",
          "dependencies": [
            "module.network.aws_eip.nat_eip",
            "module.network.aws_nat_gateway.nat_gw",
            "module.network.aws_route_table.private_rt",
            "module.vpc.aws_subnet.private_a",
            "module.vpc.aws_subnet.private_b",
            "module.vpc.aws_subnet.public_a",
            "module.vpc.aws_subnet.public_b",
            "module.vpc.aws_vpc.sonarqube_vpc"
          ]
        }
      ]
    },
    {
      "module": "module.network",
      "mode": "managed",
      "type": "aws_route_table_association",
      "name": "public_a",
      "provider": "provider[\"registry.terraform.io/hashicorp/aws\"]",
      "instances": [
        {
          "schema_version": 0,
          "attributes": {
            "gateway_id": "",
            "id": "rtbassoc-0f6d52cc5ca989c6f",
            "region": "us-east-1",
            "route_table_id": "rtb-00977ee76a9c10e4e",
            "subnet_id": "subnet-0824b999ea774b33c",
            "timeouts": null
          },
          "sensitive_attributes": [],
          "identity_schema_version": 0,
          "private": "eyJlMmJmYjczMC1lY2FhLTExZTYtOGY4OC0zNDM2M2JjN2M0YzAiOnsiY3JlYXRlIjozMDAwMDAwMDAwMDAsImRlbGV0ZSI6MzAwMDAwMDAwMDAwLCJ1cGRhdGUiOjEyMDAwMDAwMDAwMH19",
          "dependencies": [
            "module.network.aws_internet_gateway.igw",
            "module.network.aws_route_table.public_rt",
            "module.vpc.aws_subnet.public_a",
            "module.vpc.aws_subnet.public_b",
            "module.vpc.aws_vpc.sonarqube_vpc"
          ]
        }
      ]
    },
    {
      "module": "module.network",
      "mode": "managed",
      "type": "aws_route_table_association",
      "name": "public_b",
      "provider": "provider[\"registry.terraform.io/hashicorp/aws\"]",
      "instances": [
        {
          "schema_version": 0,
          "attributes": {
            "gateway_id": "",
            "id": "rtbassoc-0e1f510a97d8f89f0",
            "region": "us-east-1",
            "route_table_id": "rtb-00977ee76a9c10e4e",
            "subnet_id": "subnet-03561d1e22e0f3e13",
            "timeouts": null
          },
          "sensitive_attributes": [],
          "identity_schema_version": 0,
          "private": "eyJlMmJmYjczMC1lY2FhLTExZTYtOGY4OC0zNDM2M2JjN2M0YzAiOnsiY3JlYXRlIjozMDAwMDAwMDAwMDAsImRlbGV0ZSI6MzAwMDAwMDAwMDAwLCJ1cGRhdGUiOjEyMDAwMDAwMDAwMH19",
          "dependencies": [
            "module.network.aws_internet_gateway.igw",
            "module.network.aws_route_table.public_rt",
            "module.vpc.aws_subnet.public_a",
            "module.vpc.aws_subnet.public_b",
            "module.vpc.aws_vpc.sonarqube_vpc"
          ]
        }
      ]
    },
    {
      "module": "module.security",
      "mode": "managed",
      "type": "aws_network_acl",
      "name": "private_nacl",
      "provider": "provider[\"registry.terraform.io/hashicorp/aws\"]",
      "instances": [
        {
          "schema_version": 0,
          "attributes": {
            "arn": "arn:aws:ec2:us-east-1:242201269239:network-acl/acl-0141d4a3f5fb8cd44",
            "egress": [
              {
                "action": "allow",
                "cidr_block": "0.0.0.0/0",
                "from_port": 0,
                "icmp_code": 0,
                "icmp_type": 0,
                "ipv6_cidr_block": "",
                "protocol": "-1",
                "rule_no": 100,
                "to_port": 0
              },
              {
                "action": "allow",
                "cidr_block": "0.0.0.0/0",
                "from_port": 22,
                "icmp_code": 0,
                "icmp_type": 0,
                "ipv6_cidr_block": "",
                "protocol": "6",
                "rule_no": 110,
                "to_port": 22
              },
              {
                "action": "allow",
                "cidr_block": "0.0.0.0/0",
                "from_port": 5432,
                "icmp_code": 0,
                "icmp_type": 0,
                "ipv6_cidr_block": "",
                "protocol": "6",
                "rule_no": 140,
                "to_port": 5432
              },
              {
                "action": "allow",
                "cidr_block": "0.0.0.0/0",
                "from_port": 8080,
                "icmp_code": 0,
                "icmp_type": 0,
                "ipv6_cidr_block": "",
                "protocol": "6",
                "rule_no": 120,
                "to_port": 8080
              },
              {
                "action": "allow",
                "cidr_block": "0.0.0.0/0",
                "from_port": 80,
                "icmp_code": 0,
                "icmp_type": 0,
                "ipv6_cidr_block": "",
                "protocol": "6",
                "rule_no": 150,
                "to_port": 80
              },
              {
                "action": "allow",
                "cidr_block": "0.0.0.0/0",
                "from_port": 9000,
                "icmp_code": 0,
                "icmp_type": 0,
                "ipv6_cidr_block": "",
                "protocol": "6",
                "rule_no": 130,
                "to_port": 9000
              }
            ],
            "id": "acl-0141d4a3f5fb8cd44",
            "ingress": [
              {
                "action": "allow",
                "cidr_block": "0.0.0.0/0",
                "from_port": 0,
                "icmp_code": 0,
                "icmp_type": 0,
                "ipv6_cidr_block": "",
                "protocol": "-1",
                "rule_no": 100,
                "to_port": 0
              },
              {
                "action": "allow",
                "cidr_block": "0.0.0.0/0",
                "from_port": 22,
                "icmp_code": 0,
                "icmp_type": 0,
                "ipv6_cidr_block": "",
                "protocol": "6",
                "rule_no": 110,
                "to_port": 22
              },
              {
                "action": "allow",
                "cidr_block": "0.0.0.0/0",
                "from_port": 5432,
                "icmp_code": 0,
                "icmp_type": 0,
                "ipv6_cidr_block": "",
                "protocol": "6",
                "rule_no": 140,
                "to_port": 5432
              },
              {
                "action": "allow",
                "cidr_block": "0.0.0.0/0",
                "from_port": 8080,
                "icmp_code": 0,
                "icmp_type": 0,
                "ipv6_cidr_block": "",
                "protocol": "6",
                "rule_no": 120,
                "to_port": 8080
              },
              {
                "action": "allow",
                "cidr_block": "0.0.0.0/0",
                "from_port": 80,
                "icmp_code": 0,
                "icmp_type": 0,
                "ipv6_cidr_block": "",
                "protocol": "6",
                "rule_no": 150,
                "to_port": 80
              },
              {
                "action": "allow",
                "cidr_block": "0.0.0.0/0",
                "from_port": 9000,
                "icmp_code": 0,
                "icmp_type": 0,
                "ipv6_cidr_block": "",
                "protocol": "6",
                "rule_no": 130,
                "to_port": 9000
              }
            ],
            "owner_id": "242201269239",
            "region": "us-east-1",
            "subnet_ids": [
              "subnet-052b31136b90365fe",
              "subnet-07cbb6226ba155472"
            ],
            "tags": {
              "Name": "private-nacl",
              "access": "private",
              "attached_to": "private subnet a and b"
            },
            "tags_all": {
              "Name": "private-nacl",
              "access": "private",
              "attached_to": "private subnet a and b"
            },
            "vpc_id": "vpc-05715f14d5ad08678"
          },
          "sensitive_attributes": [],
          "identity_schema_version": 0,
          "private": "bnVsbA==",
          "dependencies": [
            "module.vpc.aws_vpc.sonarqube_vpc"
          ]
        }
      ]
    },
    {
      "module": "module.security",
      "mode": "managed",
      "type": "aws_network_acl",
      "name": "public_nacl",
      "provider": "provider[\"registry.terraform.io/hashicorp/aws\"]",
      "instances": [
        {
          "schema_version": 0,
          "attributes": {
            "arn": "arn:aws:ec2:us-east-1:242201269239:network-acl/acl-0cbdbc574500d877d",
            "egress": [
              {
                "action": "allow",
                "cidr_block": "0.0.0.0/0",
                "from_port": 0,
                "icmp_code": 0,
                "icmp_type": 0,
                "ipv6_cidr_block": "",
                "protocol": "-1",
                "rule_no": 100,
                "to_port": 0
              },
              {
                "action": "allow",
                "cidr_block": "0.0.0.0/0",
                "from_port": 22,
                "icmp_code": 0,
                "icmp_type": 0,
                "ipv6_cidr_block": "",
                "protocol": "6",
                "rule_no": 110,
                "to_port": 22
              },
              {
                "action": "allow",
                "cidr_block": "0.0.0.0/0",
                "from_port": 5432,
                "icmp_code": 0,
                "icmp_type": 0,
                "ipv6_cidr_block": "",
                "protocol": "6",
                "rule_no": 140,
                "to_port": 5432
              },
              {
                "action": "allow",
                "cidr_block": "0.0.0.0/0",
                "from_port": 8080,
                "icmp_code": 0,
                "icmp_type": 0,
                "ipv6_cidr_block": "",
                "protocol": "6",
                "rule_no": 120,
                "to_port": 8080
              },
              {
                "action": "allow",
                "cidr_block": "0.0.0.0/0",
                "from_port": 80,
                "icmp_code": 0,
                "icmp_type": 0,
                "ipv6_cidr_block": "",
                "protocol": "6",
                "rule_no": 150,
                "to_port": 80
              },
              {
                "action": "allow",
                "cidr_block": "0.0.0.0/0",
                "from_port": 9000,
                "icmp_code": 0,
                "icmp_type": 0,
                "ipv6_cidr_block": "",
                "protocol": "6",
                "rule_no": 130,
                "to_port": 9000
              }
            ],
            "id": "acl-0cbdbc574500d877d",
            "ingress": [
              {
                "action": "allow",
                "cidr_block": "0.0.0.0/0",
                "from_port": 0,
                "icmp_code": 0,
                "icmp_type": 0,
                "ipv6_cidr_block": "",
                "protocol": "-1",
                "rule_no": 100,
                "to_port": 0
              },
              {
                "action": "allow",
                "cidr_block": "0.0.0.0/0",
                "from_port": 22,
                "icmp_code": 0,
                "icmp_type": 0,
                "ipv6_cidr_block": "",
                "protocol": "6",
                "rule_no": 110,
                "to_port": 22
              },
              {
                "action": "allow",
                "cidr_block": "0.0.0.0/0",
                "from_port": 5432,
                "icmp_code": 0,
                "icmp_type": 0,
                "ipv6_cidr_block": "",
                "protocol": "6",
                "rule_no": 140,
                "to_port": 5432
              },
              {
                "action": "allow",
                "cidr_block": "0.0.0.0/0",
                "from_port": 8080,
                "icmp_code": 0,
                "icmp_type": 0,
                "ipv6_cidr_block": "",
                "protocol": "6",
                "rule_no": 120,
                "to_port": 8080
              },
              {
                "action": "allow",
                "cidr_block": "0.0.0.0/0",
                "from_port": 80,
                "icmp_code": 0,
                "icmp_type": 0,
                "ipv6_cidr_block": "",
                "protocol": "6",
                "rule_no": 150,
                "to_port": 80
              },
              {
                "action": "allow",
                "cidr_block": "0.0.0.0/0",
                "from_port": 9000,
                "icmp_code": 0,
                "icmp_type": 0,
                "ipv6_cidr_block": "",
                "protocol": "6",
                "rule_no": 130,
                "to_port": 9000
              }
            ],
            "owner_id": "242201269239",
            "region": "us-east-1",
            "subnet_ids": [
              "subnet-03561d1e22e0f3e13",
              "subnet-0824b999ea774b33c"
            ],
            "tags": {
              "Name": "public-nacl",
              "access": "public",
              "attached_to": "public subnets a and b"
            },
            "tags_all": {
              "Name": "public-nacl",
              "access": "public",
              "attached_to": "public subnets a and b"
            },
            "vpc_id": "vpc-05715f14d5ad08678"
          },
          "sensitive_attributes": [],
          "identity_schema_version": 0,
          "private": "bnVsbA==",
          "dependencies": [
            "module.vpc.aws_vpc.sonarqube_vpc"
          ]
        }
      ]
    },
    {
      "module": "module.security",
      "mode": "managed",
      "type": "aws_network_acl_association",
      "name": "pri_subnet_a_association",
      "provider": "provider[\"registry.terraform.io/hashicorp/aws\"]",
      "instances": [
        {
          "schema_version": 0,
          "attributes": {
            "id": "aclassoc-0c4102d5e26591f70",
            "network_acl_id": "acl-0141d4a3f5fb8cd44",
            "region": "us-east-1",
            "subnet_id": "subnet-07cbb6226ba155472"
          },
          "sensitive_attributes": [],
          "identity_schema_version": 0,
          "private": "bnVsbA==",
          "dependencies": [
            "module.security.aws_network_acl.private_nacl",
            "module.vpc.aws_subnet.private_a",
            "module.vpc.aws_subnet.private_b",
            "module.vpc.aws_vpc.sonarqube_vpc"
          ]
        }
      ]
    },
    {
      "module": "module.security",
      "mode": "managed",
      "type": "aws_network_acl_association",
      "name": "pri_subnet_b_association",
      "provider": "provider[\"registry.terraform.io/hashicorp/aws\"]",
      "instances": [
        {
          "schema_version": 0,
          "attributes": {
            "id": "aclassoc-03a5f5ecd2104f311",
            "network_acl_id": "acl-0141d4a3f5fb8cd44",
            "region": "us-east-1",
            "subnet_id": "subnet-052b31136b90365fe"
          },
          "sensitive_attributes": [],
          "identity_schema_version": 0,
          "private": "bnVsbA==",
          "dependencies": [
            "module.security.aws_network_acl.private_nacl",
            "module.vpc.aws_subnet.private_a",
            "module.vpc.aws_subnet.private_b",
            "module.vpc.aws_vpc.sonarqube_vpc"
          ]
        }
      ]
    },
    {
      "module": "module.security",
      "mode": "managed",
      "type": "aws_network_acl_association",
      "name": "pub_subnet_a_association",
      "provider": "provider[\"registry.terraform.io/hashicorp/aws\"]",
      "instances": [
        {
          "schema_version": 0,
          "attributes": {
            "id": "aclassoc-097dc392efdae1d74",
            "network_acl_id": "acl-0cbdbc574500d877d",
            "region": "us-east-1",
            "subnet_id": "subnet-0824b999ea774b33c"
          },
          "sensitive_attributes": [],
          "identity_schema_version": 0,
          "private": "bnVsbA==",
          "dependencies": [
            "module.security.aws_network_acl.public_nacl",
            "module.vpc.aws_subnet.public_a",
            "module.vpc.aws_subnet.public_b",
            "module.vpc.aws_vpc.sonarqube_vpc"
          ]
        }
      ]
    },
    {
      "module": "module.security",
      "mode": "managed",
      "type": "aws_network_acl_association",
      "name": "pub_subnet_b_association",
      "provider": "provider[\"registry.terraform.io/hashicorp/aws\"]",
      "instances": [
        {
          "schema_version": 0,
          "attributes": {
            "id": "aclassoc-046a93185a5c7a762",
            "network_acl_id": "acl-0cbdbc574500d877d",
            "region": "us-east-1",
            "subnet_id": "subnet-03561d1e22e0f3e13"
          },
          "sensitive_attributes": [],
          "identity_schema_version": 0,
          "private": "bnVsbA==",
          "dependencies": [
            "module.security.aws_network_acl.public_nacl",
            "module.vpc.aws_subnet.public_a",
            "module.vpc.aws_subnet.public_b",
            "module.vpc.aws_vpc.sonarqube_vpc"
          ]
        }
      ]
    },
    {
      "module": "module.security",
      "mode": "managed",
      "type": "aws_security_group",
      "name": "postgres_sg",
      "provider": "provider[\"registry.terraform.io/hashicorp/aws\"]",
      "instances": [
        {
          "schema_version": 1,
          "attributes": {
            "arn": "arn:aws:ec2:us-east-1:242201269239:security-group/sg-059f08fce18a0fbdf",
            "description": "Managed by Terraform",
            "egress": [
              {
                "cidr_blocks": [
                  "0.0.0.0/0"
                ],
                "description": "",
                "from_port": 0,
                "ipv6_cidr_blocks": [],
                "prefix_list_ids": [],
                "protocol": "-1",
                "security_groups": [],
                "self": false,
                "to_port": 0
              }
            ],
            "id": "sg-059f08fce18a0fbdf",
            "ingress": [
              {
                "cidr_blocks": [],
                "description": "",
                "from_port": 5432,
                "ipv6_cidr_blocks": [],
                "prefix_list_ids": [],
                "protocol": "tcp",
                "security_groups": [
                  "sg-02345b83afd633b62"
                ],
                "self": false,
                "to_port": 5432
              }
            ],
            "name": "postgres-sg",
            "name_prefix": "",
            "owner_id": "242201269239",
            "region": "us-east-1",
            "revoke_rules_on_delete": false,
            "tags": {
              "Name": "sonarqube-db-sg",
              "attached_to": "pri-db-subnet-1 and pri-db-subnet-2",
              "availibility": "1a 1b"
            },
            "tags_all": {
              "Name": "sonarqube-db-sg",
              "attached_to": "pri-db-subnet-1 and pri-db-subnet-2",
              "availibility": "1a 1b"
            },
            "timeouts": null,
            "vpc_id": "vpc-05715f14d5ad08678"
          },
          "sensitive_attributes": [],
          "identity_schema_version": 0,
          "identity": {
            "account_id": "242201269239",
            "id": "sg-059f08fce18a0fbdf",
            "region": "us-east-1"
          },
          "private": "eyJlMmJmYjczMC1lY2FhLTExZTYtOGY4OC0zNDM2M2JjN2M0YzAiOnsiY3JlYXRlIjo2MDAwMDAwMDAwMDAsImRlbGV0ZSI6OTAwMDAwMDAwMDAwfSwic2NoZW1hX3ZlcnNpb24iOiIxIn0=",
          "dependencies": [
            "module.security.aws_security_group.public_sg",
            "module.vpc.aws_vpc.sonarqube_vpc"
          ]
        }
      ]
    },
    {
      "module": "module.security",
      "mode": "managed",
      "type": "aws_security_group",
      "name": "private_sg",
      "provider": "provider[\"registry.terraform.io/hashicorp/aws\"]",
      "instances": [
        {
          "schema_version": 1,
          "attributes": {
            "arn": "arn:aws:ec2:us-east-1:242201269239:security-group/sg-01ce4cedb7bdb4421",
            "description": "Allow ALB to EC2 traffic",
            "egress": [
              {
                "cidr_blocks": [
                  "0.0.0.0/0"
                ],
                "description": "",
                "from_port": 0,
                "ipv6_cidr_blocks": [],
                "prefix_list_ids": [],
                "protocol": "-1",
                "security_groups": [],
                "self": false,
                "to_port": 0
              }
            ],
            "id": "sg-01ce4cedb7bdb4421",
            "ingress": [
              {
                "cidr_blocks": [
                  "0.0.0.0/0"
                ],
                "description": "App traffic from ssh",
                "from_port": 22,
                "ipv6_cidr_blocks": [],
                "prefix_list_ids": [],
                "protocol": "tcp",
                "security_groups": [],
                "self": false,
                "to_port": 22
              },
              {
                "cidr_blocks": [
                  "0.0.0.0/0"
                ],
                "description": "HTTP",
                "from_port": 80,
                "ipv6_cidr_blocks": [],
                "prefix_list_ids": [],
                "protocol": "tcp",
                "security_groups": [],
                "self": false,
                "to_port": 80
              },
              {
                "cidr_blocks": [],
                "description": "App traffic from ALB",
                "from_port": 9000,
                "ipv6_cidr_blocks": [],
                "prefix_list_ids": [],
                "protocol": "tcp",
                "security_groups": [
                  "sg-02345b83afd633b62"
                ],
                "self": false,
                "to_port": 9000
              },
              {
                "cidr_blocks": [],
                "description": "App traffic from ssh",
                "from_port": 22,
                "ipv6_cidr_blocks": [],
                "prefix_list_ids": [],
                "protocol": "tcp",
                "security_groups": [
                  "sg-02345b83afd633b62"
                ],
                "self": false,
                "to_port": 22
              }
            ],
            "name": "private-sg",
            "name_prefix": "",
            "owner_id": "242201269239",
            "region": "us-east-1",
            "revoke_rules_on_delete": false,
            "tags": {
              "Name": "sonarqube-private-sg",
              "attached_to": "pri-subnet-1 and pri-subnet-2",
              "availibility": "1a 1b"
            },
            "tags_all": {
              "Name": "sonarqube-private-sg",
              "attached_to": "pri-subnet-1 and pri-subnet-2",
              "availibility": "1a 1b"
            },
            "timeouts": null,
            "vpc_id": "vpc-05715f14d5ad08678"
          },
          "sensitive_attributes": [],
          "identity_schema_version": 0,
          "identity": {
            "account_id": "242201269239",
            "id": "sg-01ce4cedb7bdb4421",
            "region": "us-east-1"
          },
          "private": "eyJlMmJmYjczMC1lY2FhLTExZTYtOGY4OC0zNDM2M2JjN2M0YzAiOnsiY3JlYXRlIjo2MDAwMDAwMDAwMDAsImRlbGV0ZSI6OTAwMDAwMDAwMDAwfSwic2NoZW1hX3ZlcnNpb24iOiIxIn0=",
          "dependencies": [
            "module.security.aws_security_group.public_sg",
            "module.vpc.aws_vpc.sonarqube_vpc"
          ]
        }
      ]
    },
    {
      "module": "module.security",
      "mode": "managed",
      "type": "aws_security_group",
      "name": "public_sg",
      "provider": "provider[\"registry.terraform.io/hashicorp/aws\"]",
      "instances": [
        {
          "schema_version": 1,
          "attributes": {
            "arn": "arn:aws:ec2:us-east-1:242201269239:security-group/sg-02345b83afd633b62",
            "description": "Allow HTTP, HTTPS, SSH",
            "egress": [
              {
                "cidr_blocks": [
                  "0.0.0.0/0"
                ],
                "description": "",
                "from_port": 0,
                "ipv6_cidr_blocks": [],
                "prefix_list_ids": [],
                "protocol": "-1",
                "security_groups": [],
                "self": false,
                "to_port": 0
              }
            ],
            "id": "sg-02345b83afd633b62",
            "ingress": [
              {
                "cidr_blocks": [
                  "0.0.0.0/0"
                ],
                "description": "HTTP",
                "from_port": 80,
                "ipv6_cidr_blocks": [],
                "prefix_list_ids": [],
                "protocol": "tcp",
                "security_groups": [],
                "self": false,
                "to_port": 80
              },
              {
                "cidr_blocks": [
                  "0.0.0.0/0"
                ],
                "description": "HTTPS",
                "from_port": 443,
                "ipv6_cidr_blocks": [],
                "prefix_list_ids": [],
                "protocol": "tcp",
                "security_groups": [],
                "self": false,
                "to_port": 443
              },
              {
                "cidr_blocks": [
                  "0.0.0.0/0"
                ],
                "description": "ephemeral ports",
                "from_port": 0,
                "ipv6_cidr_blocks": [],
                "prefix_list_ids": [],
                "protocol": "tcp",
                "security_groups": [],
                "self": false,
                "to_port": 65535
              },
              {
                "cidr_blocks": [
                  "103.87.45.36/32",
                  "0.0.0.0/0"
                ],
                "description": "SSH",
                "from_port": 22,
                "ipv6_cidr_blocks": [],
                "prefix_list_ids": [],
                "protocol": "tcp",
                "security_groups": [],
                "self": false,
                "to_port": 22
              }
            ],
            "name": "public-sg",
            "name_prefix": "",
            "owner_id": "242201269239",
            "region": "us-east-1",
            "revoke_rules_on_delete": false,
            "tags": {
              "Name": "sonarqube-public-sg",
              "attached_to": "pub-subnet-1 and pub-subnet-2",
              "availibility": "1a 1b"
            },
            "tags_all": {
              "Name": "sonarqube-public-sg",
              "attached_to": "pub-subnet-1 and pub-subnet-2",
              "availibility": "1a 1b"
            },
            "timeouts": null,
            "vpc_id": "vpc-05715f14d5ad08678"
          },
          "sensitive_attributes": [],
          "identity_schema_version": 0,
          "identity": {
            "account_id": "242201269239",
            "id": "sg-02345b83afd633b62",
            "region": "us-east-1"
          },
          "private": "eyJlMmJmYjczMC1lY2FhLTExZTYtOGY4OC0zNDM2M2JjN2M0YzAiOnsiY3JlYXRlIjo2MDAwMDAwMDAwMDAsImRlbGV0ZSI6OTAwMDAwMDAwMDAwfSwic2NoZW1hX3ZlcnNpb24iOiIxIn0=",
          "dependencies": [
            "module.vpc.aws_vpc.sonarqube_vpc"
          ]
        }
      ]
    },
    {
      "module": "module.vpc",
      "mode": "managed",
      "type": "aws_subnet",
      "name": "private_a",
      "provider": "provider[\"registry.terraform.io/hashicorp/aws\"]",
      "instances": [
        {
          "schema_version": 1,
          "attributes": {
            "arn": "arn:aws:ec2:us-east-1:242201269239:subnet/subnet-07cbb6226ba155472",
            "assign_ipv6_address_on_creation": false,
            "availability_zone": "us-east-1a",
            "availability_zone_id": "use1-az1",
            "cidr_block": "10.0.3.0/24",
            "customer_owned_ipv4_pool": "",
            "enable_dns64": false,
            "enable_lni_at_device_index": 0,
            "enable_resource_name_dns_a_record_on_launch": false,
            "enable_resource_name_dns_aaaa_record_on_launch": false,
            "id": "subnet-07cbb6226ba155472",
            "ipv6_cidr_block": "",
            "ipv6_cidr_block_association_id": "",
            "ipv6_native": false,
            "map_customer_owned_ip_on_launch": false,
            "map_public_ip_on_launch": false,
            "outpost_arn": "",
            "owner_id": "242201269239",
            "private_dns_hostname_type_on_launch": "ip-name",
            "region": "us-east-1",
            "tags": {
              "Name": "sonar-private-subnet-a",
              "access": "through-bastion-host",
              "attatched_to": "private-security-group",
              "az": "1a"
            },
            "tags_all": {
              "Name": "sonar-private-subnet-a",
              "access": "through-bastion-host",
              "attatched_to": "private-security-group",
              "az": "1a"
            },
            "timeouts": null,
            "vpc_id": "vpc-05715f14d5ad08678"
          },
          "sensitive_attributes": [],
          "identity_schema_version": 0,
          "identity": {
            "account_id": "242201269239",
            "id": "subnet-07cbb6226ba155472",
            "region": "us-east-1"
          },
          "private": "eyJlMmJmYjczMC1lY2FhLTExZTYtOGY4OC0zNDM2M2JjN2M0YzAiOnsiY3JlYXRlIjo2MDAwMDAwMDAwMDAsImRlbGV0ZSI6MTIwMDAwMDAwMDAwMH0sInNjaGVtYV92ZXJzaW9uIjoiMSJ9",
          "dependencies": [
            "module.vpc.aws_vpc.sonarqube_vpc"
          ]
        }
      ]
    },
    {
      "module": "module.vpc",
      "mode": "managed",
      "type": "aws_subnet",
      "name": "private_b",
      "provider": "provider[\"registry.terraform.io/hashicorp/aws\"]",
      "instances": [
        {
          "schema_version": 1,
          "attributes": {
            "arn": "arn:aws:ec2:us-east-1:242201269239:subnet/subnet-052b31136b90365fe",
            "assign_ipv6_address_on_creation": false,
            "availability_zone": "us-east-1b",
            "availability_zone_id": "use1-az2",
            "cidr_block": "10.0.4.0/24",
            "customer_owned_ipv4_pool": "",
            "enable_dns64": false,
            "enable_lni_at_device_index": 0,
            "enable_resource_name_dns_a_record_on_launch": false,
            "enable_resource_name_dns_aaaa_record_on_launch": false,
            "id": "subnet-052b31136b90365fe",
            "ipv6_cidr_block": "",
            "ipv6_cidr_block_association_id": "",
            "ipv6_native": false,
            "map_customer_owned_ip_on_launch": false,
            "map_public_ip_on_launch": false,
            "outpost_arn": "",
            "owner_id": "242201269239",
            "private_dns_hostname_type_on_launch": "ip-name",
            "region": "us-east-1",
            "tags": {
              "Name": "sonar-private-subnet-b",
              "access": "through-bastion-host",
              "attatched_to": "private-security-group",
              "az": "1b"
            },
            "tags_all": {
              "Name": "sonar-private-subnet-b",
              "access": "through-bastion-host",
              "attatched_to": "private-security-group",
              "az": "1b"
            },
            "timeouts": null,
            "vpc_id": "vpc-05715f14d5ad08678"
          },
          "sensitive_attributes": [],
          "identity_schema_version": 0,
          "identity": {
            "account_id": "242201269239",
            "id": "subnet-052b31136b90365fe",
            "region": "us-east-1"
          },
          "private": "eyJlMmJmYjczMC1lY2FhLTExZTYtOGY4OC0zNDM2M2JjN2M0YzAiOnsiY3JlYXRlIjo2MDAwMDAwMDAwMDAsImRlbGV0ZSI6MTIwMDAwMDAwMDAwMH0sInNjaGVtYV92ZXJzaW9uIjoiMSJ9",
          "dependencies": [
            "module.vpc.aws_vpc.sonarqube_vpc"
          ]
        }
      ]
    },
    {
      "module": "module.vpc",
      "mode": "managed",
      "type": "aws_subnet",
      "name": "public_a",
      "provider": "provider[\"registry.terraform.io/hashicorp/aws\"]",
      "instances": [
        {
          "schema_version": 1,
          "attributes": {
            "arn": "arn:aws:ec2:us-east-1:242201269239:subnet/subnet-0824b999ea774b33c",
            "assign_ipv6_address_on_creation": false,
            "availability_zone": "us-east-1a",
            "availability_zone_id": "use1-az1",
            "cidr_block": "10.0.1.0/24",
            "customer_owned_ipv4_pool": "",
            "enable_dns64": false,
            "enable_lni_at_device_index": 0,
            "enable_resource_name_dns_a_record_on_launch": false,
            "enable_resource_name_dns_aaaa_record_on_launch": false,
            "id": "subnet-0824b999ea774b33c",
            "ipv6_cidr_block": "",
            "ipv6_cidr_block_association_id": "",
            "ipv6_native": false,
            "map_customer_owned_ip_on_launch": false,
            "map_public_ip_on_launch": true,
            "outpost_arn": "",
            "owner_id": "242201269239",
            "private_dns_hostname_type_on_launch": "ip-name",
            "region": "us-east-1",
            "tags": {
              "Name": "sonar-public-subnet-a",
              "access": "public",
              "attatched_to": "public-security-group",
              "az": "1a"
            },
            "tags_all": {
              "Name": "sonar-public-subnet-a",
              "access": "public",
              "attatched_to": "public-security-group",
              "az": "1a"
            },
            "timeouts": null,
            "vpc_id": "vpc-05715f14d5ad08678"
          },
          "sensitive_attributes": [],
          "identity_schema_version": 0,
          "identity": {
            "account_id": "242201269239",
            "id": "subnet-0824b999ea774b33c",
            "region": "us-east-1"
          },
          "private": "eyJlMmJmYjczMC1lY2FhLTExZTYtOGY4OC0zNDM2M2JjN2M0YzAiOnsiY3JlYXRlIjo2MDAwMDAwMDAwMDAsImRlbGV0ZSI6MTIwMDAwMDAwMDAwMH0sInNjaGVtYV92ZXJzaW9uIjoiMSJ9",
          "dependencies": [
            "module.vpc.aws_vpc.sonarqube_vpc"
          ]
        }
      ]
    },
    {
      "module": "module.vpc",
      "mode": "managed",
      "type": "aws_subnet",
      "name": "public_b",
      "provider": "provider[\"registry.terraform.io/hashicorp/aws\"]",
      "instances": [
        {
          "schema_version": 1,
          "attributes": {
            "arn": "arn:aws:ec2:us-east-1:242201269239:subnet/subnet-03561d1e22e0f3e13",
            "assign_ipv6_address_on_creation": false,
            "availability_zone": "us-east-1b",
            "availability_zone_id": "use1-az2",
            "cidr_block": "10.0.2.0/24",
            "customer_owned_ipv4_pool": "",
            "enable_dns64": false,
            "enable_lni_at_device_index": 0,
            "enable_resource_name_dns_a_record_on_launch": false,
            "enable_resource_name_dns_aaaa_record_on_launch": false,
            "id": "subnet-03561d1e22e0f3e13",
            "ipv6_cidr_block": "",
            "ipv6_cidr_block_association_id": "",
            "ipv6_native": false,
            "map_customer_owned_ip_on_launch": false,
            "map_public_ip_on_launch": true,
            "outpost_arn": "",
            "owner_id": "242201269239",
            "private_dns_hostname_type_on_launch": "ip-name",
            "region": "us-east-1",
            "tags": {
              "Name": "sonar-public-subnet-b",
              "access": "public",
              "attatched_to": "public-security-group",
              "az": "1b"
            },
            "tags_all": {
              "Name": "sonar-public-subnet-b",
              "access": "public",
              "attatched_to": "public-security-group",
              "az": "1b"
            },
            "timeouts": null,
            "vpc_id": "vpc-05715f14d5ad08678"
          },
          "sensitive_attributes": [],
          "identity_schema_version": 0,
          "identity": {
            "account_id": "242201269239",
            "id": "subnet-03561d1e22e0f3e13",
            "region": "us-east-1"
          },
          "private": "eyJlMmJmYjczMC1lY2FhLTExZTYtOGY4OC0zNDM2M2JjN2M0YzAiOnsiY3JlYXRlIjo2MDAwMDAwMDAwMDAsImRlbGV0ZSI6MTIwMDAwMDAwMDAwMH0sInNjaGVtYV92ZXJzaW9uIjoiMSJ9",
          "dependencies": [
            "module.vpc.aws_vpc.sonarqube_vpc"
          ]
        }
      ]
    },
    {
      "module": "module.vpc",
      "mode": "managed",
      "type": "aws_vpc",
      "name": "sonarqube_vpc",
      "provider": "provider[\"registry.terraform.io/hashicorp/aws\"]",
      "instances": [
        {
          "schema_version": 1,
          "attributes": {
            "arn": "arn:aws:ec2:us-east-1:242201269239:vpc/vpc-05715f14d5ad08678",
            "assign_generated_ipv6_cidr_block": false,
            "cidr_block": "10.0.0.0/16",
            "default_network_acl_id": "acl-0fa3f08d6a16af12b",
            "default_route_table_id": "rtb-07cb4294c29afd8bf",
            "default_security_group_id": "sg-08166e9d3abf8cdba",
            "dhcp_options_id": "dopt-01911e6f2103d6b38",
            "enable_dns_hostnames": true,
            "enable_dns_support": true,
            "enable_network_address_usage_metrics": false,
            "id": "vpc-05715f14d5ad08678",
            "instance_tenancy": "default",
            "ipv4_ipam_pool_id": null,
            "ipv4_netmask_length": null,
            "ipv6_association_id": "",
            "ipv6_cidr_block": "",
            "ipv6_cidr_block_network_border_group": "",
            "ipv6_ipam_pool_id": "",
            "ipv6_netmask_length": 0,
            "main_route_table_id": "rtb-07cb4294c29afd8bf",
            "owner_id": "242201269239",
            "region": "us-east-1",
            "tags": {
              "Name": "sonarqube-vpc",
              "env": "sonarqube-env"
            },
            "tags_all": {
              "Name": "sonarqube-vpc",
              "env": "sonarqube-env"
            }
          },
          "sensitive_attributes": [],
          "identity_schema_version": 0,
          "identity": {
            "account_id": "242201269239",
            "id": "vpc-05715f14d5ad08678",
            "region": "us-east-1"
          },
          "private": "eyJzY2hlbWFfdmVyc2lvbiI6IjEifQ=="
        }
      ]
    }
  ],
  "check_results": null
}
